{
    "version": 3,
    "terraform_version": "0.11.8",
    "serial": 42,
    "lineage": "b6fe6b92-130b-c37c-aa7d-3e58168358b1",
    "modules": [
        {
            "path": [
                "root"
            ],
            "outputs": {},
            "resources": {
                "aws_subnet.SubnetPUB": {
                    "type": "aws_subnet",
                    "depends_on": [
                        "aws_vpc.docker"
                    ],
                    "primary": {
                        "id": "subnet-04e9a28f73538379c",
                        "attributes": {
                            "arn": "arn:aws:ec2:eu-west-1:343329120365:subnet/subnet-04e9a28f73538379c",
                            "assign_ipv6_address_on_creation": "false",
                            "availability_zone": "eu-west-1a",
                            "cidr_block": "172.30.16.0/25",
                            "id": "subnet-04e9a28f73538379c",
                            "map_public_ip_on_launch": "false",
                            "tags.%": "1",
                            "tags.Name": "meetup42-SubnetPUB",
                            "vpc_id": "vpc-051037669122b1723"
                        },
                        "meta": {
                            "e2bfb730-ecaa-11e6-8f88-34363bc7c4c0": {
                                "create": 600000000000,
                                "delete": 600000000000
                            },
                            "schema_version": "1"
                        },
                        "tainted": false
                    },
                    "deposed": [],
                    "provider": "provider.aws"
                },
                "aws_vpc.docker": {
                    "type": "aws_vpc",
                    "depends_on": [],
                    "primary": {
                        "id": "vpc-051037669122b1723",
                        "attributes": {
                            "arn": "arn:aws:ec2:eu-west-1:343329120365:vpc/vpc-051037669122b1723",
                            "assign_generated_ipv6_cidr_block": "false",
                            "cidr_block": "172.30.0.0/16",
                            "default_network_acl_id": "acl-02f013671dc580446",
                            "default_route_table_id": "rtb-0643fe71b1eb852cd",
                            "default_security_group_id": "sg-0c4619247f0504ced",
                            "dhcp_options_id": "dopt-cc4ea7a9",
                            "enable_classiclink": "false",
                            "enable_classiclink_dns_support": "false",
                            "enable_dns_hostnames": "true",
                            "enable_dns_support": "true",
                            "id": "vpc-051037669122b1723",
                            "instance_tenancy": "default",
                            "main_route_table_id": "rtb-0643fe71b1eb852cd",
                            "tags.%": "1",
                            "tags.Name": "meetup42-vpc"
                        },
                        "meta": {
                            "schema_version": "1"
                        },
                        "tainted": false
                    },
                    "deposed": [],
                    "provider": "provider.aws"
                }
            },
            "depends_on": []
        }
    ]
}
