{
    "version": 3,
    "terraform_version": "0.11.8",
    "serial": 32,
    "lineage": "f0f19ff5-c72b-5214-8a34-d609494159aa",
    "modules": [
        {
            "path": [
                "root"
            ],
            "outputs": {
                "AppDNSTarget": {
                    "sensitive": false,
                    "type": "string",
                    "value": "meetup42-apps-elb-1009489713.eu-west-1.elb.amazonaws.com"
                },
                "DTRDNSTarget": {
                    "sensitive": false,
                    "type": "string",
                    "value": "meetup42-dtr-elb-1917588128.eu-west-1.elb.amazonaws.com"
                },
                "UCPDNSTarget": {
                    "sensitive": false,
                    "type": "string",
                    "value": "meetup42-ucp-elb-953301250.eu-west-1.elb.amazonaws.com"
                }
            },
            "resources": {
                "aws_eip.natgw": {
                    "type": "aws_eip",
                    "depends_on": [
                        "aws_internet_gateway.igw"
                    ],
                    "primary": {
                        "id": "eipalloc-0a1b56e5022963497",
                        "attributes": {
                            "association_id": "",
                            "domain": "vpc",
                            "id": "eipalloc-0a1b56e5022963497",
                            "instance": "",
                            "network_interface": "",
                            "private_ip": "",
                            "public_ip": "52.49.162.182",
                            "tags.%": "1",
                            "tags.Name": "meetup42-ngw-eip",
                            "vpc": "true"
                        },
                        "meta": {
                            "e2bfb730-ecaa-11e6-8f88-34363bc7c4c0": {
                                "delete": 180000000000,
                                "read": 900000000000,
                                "update": 300000000000
                            }
                        },
                        "tainted": false
                    },
                    "deposed": [],
                    "provider": "provider.aws"
                },
                "aws_elb.apps-elb": {
                    "type": "aws_elb",
                    "depends_on": [
                        "aws_instance.ucp_worker_linux.*",
                        "aws_internet_gateway.igw",
                        "aws_security_group.apps",
                        "aws_subnet.SubnetExternal.*"
                    ],
                    "primary": {
                        "id": "meetup42-apps-elb",
                        "attributes": {
                            "access_logs.#": "0",
                            "arn": "arn:aws:elasticloadbalancing:eu-west-1:343329120365:loadbalancer/meetup42-apps-elb",
                            "availability_zones.#": "3",
                            "availability_zones.1924028850": "eu-west-1b",
                            "availability_zones.3953592328": "eu-west-1a",
                            "availability_zones.94988580": "eu-west-1c",
                            "connection_draining": "false",
                            "connection_draining_timeout": "300",
                            "cross_zone_load_balancing": "true",
                            "dns_name": "meetup42-apps-elb-1009489713.eu-west-1.elb.amazonaws.com",
                            "health_check.#": "1",
                            "health_check.0.healthy_threshold": "2",
                            "health_check.0.interval": "30",
                            "health_check.0.target": "TCP:8443",
                            "health_check.0.timeout": "5",
                            "health_check.0.unhealthy_threshold": "10",
                            "id": "meetup42-apps-elb",
                            "idle_timeout": "60",
                            "instances.#": "1",
                            "instances.2976386665": "i-0b2eca0674cb47b06",
                            "internal": "false",
                            "listener.#": "2",
                            "listener.1309130541.instance_port": "8000",
                            "listener.1309130541.instance_protocol": "tcp",
                            "listener.1309130541.lb_port": "80",
                            "listener.1309130541.lb_protocol": "tcp",
                            "listener.1309130541.ssl_certificate_id": "",
                            "listener.3994985537.instance_port": "8443",
                            "listener.3994985537.instance_protocol": "tcp",
                            "listener.3994985537.lb_port": "443",
                            "listener.3994985537.lb_protocol": "tcp",
                            "listener.3994985537.ssl_certificate_id": "",
                            "name": "meetup42-apps-elb",
                            "security_groups.#": "1",
                            "security_groups.814273664": "sg-0635a01a3aaff6629",
                            "source_security_group": "343329120365/meetup42_apps-default",
                            "source_security_group_id": "sg-0635a01a3aaff6629",
                            "subnets.#": "3",
                            "subnets.212410816": "subnet-0d3065a03ede8708e",
                            "subnets.4013668800": "subnet-0ffec08a3756319ec",
                            "subnets.678442316": "subnet-02b16b7ccbc728a84",
                            "tags.%": "0",
                            "zone_id": "Z32O12XQLNTSW2"
                        },
                        "meta": {},
                        "tainted": false
                    },
                    "deposed": [],
                    "provider": "provider.aws"
                },
                "aws_elb.dtr-elb": {
                    "type": "aws_elb",
                    "depends_on": [
                        "aws_instance.ucp_worker_dtr.*",
                        "aws_internet_gateway.igw",
                        "aws_security_group.dtr",
                        "aws_subnet.SubnetDTR.*"
                    ],
                    "primary": {
                        "id": "meetup42-dtr-elb",
                        "attributes": {
                            "access_logs.#": "0",
                            "arn": "arn:aws:elasticloadbalancing:eu-west-1:343329120365:loadbalancer/meetup42-dtr-elb",
                            "availability_zones.#": "3",
                            "availability_zones.1924028850": "eu-west-1b",
                            "availability_zones.3953592328": "eu-west-1a",
                            "availability_zones.94988580": "eu-west-1c",
                            "connection_draining": "false",
                            "connection_draining_timeout": "300",
                            "cross_zone_load_balancing": "true",
                            "dns_name": "meetup42-dtr-elb-1917588128.eu-west-1.elb.amazonaws.com",
                            "health_check.#": "1",
                            "health_check.0.healthy_threshold": "2",
                            "health_check.0.interval": "30",
                            "health_check.0.target": "TCP:443",
                            "health_check.0.timeout": "5",
                            "health_check.0.unhealthy_threshold": "10",
                            "id": "meetup42-dtr-elb",
                            "idle_timeout": "240",
                            "instances.#": "1",
                            "instances.2427403196": "i-05b62cc2be58cfb8b",
                            "internal": "false",
                            "listener.#": "2",
                            "listener.2974294026.instance_port": "80",
                            "listener.2974294026.instance_protocol": "tcp",
                            "listener.2974294026.lb_port": "80",
                            "listener.2974294026.lb_protocol": "tcp",
                            "listener.2974294026.ssl_certificate_id": "",
                            "listener.610193557.instance_port": "443",
                            "listener.610193557.instance_protocol": "tcp",
                            "listener.610193557.lb_port": "443",
                            "listener.610193557.lb_protocol": "tcp",
                            "listener.610193557.ssl_certificate_id": "",
                            "name": "meetup42-dtr-elb",
                            "security_groups.#": "1",
                            "security_groups.1496491738": "sg-039790dcbcb662330",
                            "source_security_group": "343329120365/meetup42_dtr-default",
                            "source_security_group_id": "sg-039790dcbcb662330",
                            "subnets.#": "3",
                            "subnets.1686841320": "subnet-05d3bc22669d6be54",
                            "subnets.3583956625": "subnet-05131ab6fb9ad5aaa",
                            "subnets.4180287559": "subnet-0828c4fb2ee6639ee",
                            "tags.%": "0",
                            "zone_id": "Z32O12XQLNTSW2"
                        },
                        "meta": {},
                        "tainted": false
                    },
                    "deposed": [],
                    "provider": "provider.aws"
                },
                "aws_elb.ucp-elb": {
                    "type": "aws_elb",
                    "depends_on": [
                        "aws_instance.ucp_manager_linux.*",
                        "aws_internet_gateway.igw",
                        "aws_security_group.elb",
                        "aws_subnet.SubnetUCP.*"
                    ],
                    "primary": {
                        "id": "meetup42-ucp-elb",
                        "attributes": {
                            "access_logs.#": "0",
                            "arn": "arn:aws:elasticloadbalancing:eu-west-1:343329120365:loadbalancer/meetup42-ucp-elb",
                            "availability_zones.#": "3",
                            "availability_zones.1924028850": "eu-west-1b",
                            "availability_zones.3953592328": "eu-west-1a",
                            "availability_zones.94988580": "eu-west-1c",
                            "connection_draining": "false",
                            "connection_draining_timeout": "300",
                            "cross_zone_load_balancing": "true",
                            "dns_name": "meetup42-ucp-elb-953301250.eu-west-1.elb.amazonaws.com",
                            "health_check.#": "1",
                            "health_check.0.healthy_threshold": "2",
                            "health_check.0.interval": "30",
                            "health_check.0.target": "TCP:443",
                            "health_check.0.timeout": "5",
                            "health_check.0.unhealthy_threshold": "10",
                            "id": "meetup42-ucp-elb",
                            "idle_timeout": "240",
                            "instances.#": "1",
                            "instances.4248122692": "i-0f1e8aa77e668a057",
                            "internal": "false",
                            "listener.#": "2",
                            "listener.3838681924.instance_port": "6443",
                            "listener.3838681924.instance_protocol": "tcp",
                            "listener.3838681924.lb_port": "6443",
                            "listener.3838681924.lb_protocol": "tcp",
                            "listener.3838681924.ssl_certificate_id": "",
                            "listener.610193557.instance_port": "443",
                            "listener.610193557.instance_protocol": "tcp",
                            "listener.610193557.lb_port": "443",
                            "listener.610193557.lb_protocol": "tcp",
                            "listener.610193557.ssl_certificate_id": "",
                            "name": "meetup42-ucp-elb",
                            "security_groups.#": "1",
                            "security_groups.2811034549": "sg-05b69d928f137bd57",
                            "source_security_group": "343329120365/meetup42_elb-default",
                            "source_security_group_id": "sg-05b69d928f137bd57",
                            "subnets.#": "3",
                            "subnets.1631556395": "subnet-0e23aab3f9b5b7a76",
                            "subnets.2063962070": "subnet-0ff0dd5a70706cb7e",
                            "subnets.267514133": "subnet-07f5ddebee06ba8f6",
                            "tags.%": "0",
                            "zone_id": "Z32O12XQLNTSW2"
                        },
                        "meta": {},
                        "tainted": false
                    },
                    "deposed": [],
                    "provider": "provider.aws"
                },
                "aws_iam_instance_profile.dtr_instance_profile": {
                    "type": "aws_iam_instance_profile",
                    "depends_on": [
                        "aws_iam_role.dtr_iam_role"
                    ],
                    "primary": {
                        "id": "meetup42_dtr_instance_profile",
                        "attributes": {
                            "arn": "arn:aws:iam::343329120365:instance-profile/meetup42_dtr_instance_profile",
                            "create_date": "2018-10-29T17:40:55Z",
                            "id": "meetup42_dtr_instance_profile",
                            "name": "meetup42_dtr_instance_profile",
                            "path": "/",
                            "role": "meetup42_dtr_iam_role",
                            "roles.#": "0",
                            "unique_id": "AIPAISNJQO3FKOUE2KW6E"
                        },
                        "meta": {},
                        "tainted": false
                    },
                    "deposed": [],
                    "provider": "provider.aws"
                },
                "aws_iam_role.dtr_iam_role": {
                    "type": "aws_iam_role",
                    "depends_on": [],
                    "primary": {
                        "id": "meetup42_dtr_iam_role",
                        "attributes": {
                            "arn": "arn:aws:iam::343329120365:role/meetup42_dtr_iam_role",
                            "assume_role_policy": "{\"Version\":\"2012-10-17\",\"Statement\":[{\"Sid\":\"\",\"Effect\":\"Allow\",\"Principal\":{\"Service\":\"ec2.amazonaws.com\"},\"Action\":\"sts:AssumeRole\"}]}",
                            "create_date": "2018-10-29T17:40:54Z",
                            "description": "",
                            "force_detach_policies": "false",
                            "id": "meetup42_dtr_iam_role",
                            "max_session_duration": "3600",
                            "name": "meetup42_dtr_iam_role",
                            "path": "/",
                            "unique_id": "AROAJRDAXF4C2Q6HGJBWM"
                        },
                        "meta": {},
                        "tainted": false
                    },
                    "deposed": [],
                    "provider": "provider.aws"
                },
                "aws_iam_role_policy.dtr_iam_role_policy": {
                    "type": "aws_iam_role_policy",
                    "depends_on": [
                        "aws_iam_role.dtr_iam_role",
                        "aws_s3_bucket.dtr_storage_bucket"
                    ],
                    "primary": {
                        "id": "meetup42_dtr_iam_role:meetup42_dtr_iam_role_policy",
                        "attributes": {
                            "id": "meetup42_dtr_iam_role:meetup42_dtr_iam_role_policy",
                            "name": "meetup42_dtr_iam_role_policy",
                            "policy": "{\n  \"Version\": \"2012-10-17\",\n  \"Statement\": [\n    {\n      \"Effect\": \"Allow\",\n      \"Action\": [\n        \"ec2:CreateTags\",\n        \"ec2:DescribeTags\",\n\n        \"ec2:CreateSnapshot\",\n        \"ec2:DeleteSnapshot\",\n        \"ec2:DescribeSnapshots\",\n\n        \"ec2:CreateVolume\",\n        \"ec2:DeleteVolume\",\n        \"ec2:DescribeVolumes\",\n        \"ec2:AttachVolume\",\n        \"ec2:DetachVolume\",\n\n        \"logs:CreateLogStream\",\n        \"logs:PutLogEvents\",\n        \"cloudwatch:PutMetricData\"\n      ],\n      \"Resource\": \"*\"\n    },\n    {\n      \"Effect\": \"Allow\",\n      \"Action\": [\n        \"s3:ListBucket\",\n        \"s3:GetBucketLocation\",\n        \"s3:ListAllMyBuckets\",\n        \"s3:ListBucketMultipartUploads\"\n       ],\n      \"Resource\": [\"arn:aws:s3:::dtr20181029174054206200000002\"]\n    },\n    {\n      \"Effect\": \"Allow\",\n      \"Action\": [\n        \"s3:GetObject\",\n        \"s3:PutObject\",\n        \"s3:DeleteObject\",\n        \"s3:ListMultipartUploadParts\",\n        \"s3:AbortMultipartUpload\"\n      ],\n      \"Resource\": [\"arn:aws:s3:::dtr20181029174054206200000002/*\"]\n    }\n  ]\n}\n",
                            "role": "meetup42_dtr_iam_role"
                        },
                        "meta": {},
                        "tainted": false
                    },
                    "deposed": [],
                    "provider": "provider.aws"
                },
                "aws_instance.ucp_manager_linux": {
                    "type": "aws_instance",
                    "depends_on": [
                        "aws_iam_instance_profile.dtr_instance_profile",
                        "aws_security_group.ddc",
                        "aws_subnet.SubnetSwarm.*"
                    ],
                    "primary": {
                        "id": "i-0f1e8aa77e668a057",
                        "attributes": {
                            "ami": "ami-0d063c6b",
                            "arn": "arn:aws:ec2:eu-west-1:343329120365:instance/i-0f1e8aa77e668a057",
                            "associate_public_ip_address": "true",
                            "availability_zone": "eu-west-1a",
                            "cpu_core_count": "1",
                            "cpu_threads_per_core": "2",
                            "credit_specification.#": "1",
                            "credit_specification.0.cpu_credits": "standard",
                            "disable_api_termination": "false",
                            "ebs_block_device.#": "1",
                            "ebs_block_device.4023988449.delete_on_termination": "true",
                            "ebs_block_device.4023988449.device_name": "/dev/xvdf",
                            "ebs_block_device.4023988449.encrypted": "false",
                            "ebs_block_device.4023988449.iops": "100",
                            "ebs_block_device.4023988449.snapshot_id": "",
                            "ebs_block_device.4023988449.volume_id": "vol-06e6c429190545a69",
                            "ebs_block_device.4023988449.volume_size": "8",
                            "ebs_block_device.4023988449.volume_type": "gp2",
                            "ebs_optimized": "false",
                            "ephemeral_block_device.#": "0",
                            "get_password_data": "false",
                            "iam_instance_profile": "meetup42_dtr_instance_profile",
                            "id": "i-0f1e8aa77e668a057",
                            "instance_state": "running",
                            "instance_type": "m4.large",
                            "ipv6_addresses.#": "0",
                            "key_name": "ydaniel",
                            "monitoring": "false",
                            "network_interface.#": "0",
                            "network_interface_id": "eni-02d2a62f927805b97",
                            "password_data": "",
                            "placement_group": "",
                            "primary_network_interface_id": "eni-02d2a62f927805b97",
                            "private_dns": "ip-172-30-0-10.eu-west-1.compute.internal",
                            "private_ip": "172.30.0.10",
                            "public_dns": "ec2-34-244-19-237.eu-west-1.compute.amazonaws.com",
                            "public_ip": "34.244.19.237",
                            "root_block_device.#": "1",
                            "root_block_device.0.delete_on_termination": "true",
                            "root_block_device.0.iops": "100",
                            "root_block_device.0.volume_id": "vol-097bfa34d5690dab4",
                            "root_block_device.0.volume_size": "8",
                            "root_block_device.0.volume_type": "gp2",
                            "security_groups.#": "0",
                            "source_dest_check": "true",
                            "subnet_id": "subnet-05d0b0646b3c99edc",
                            "tags.%": "1",
                            "tags.Name": "meetup42-Manager-Linux-1",
                            "tenancy": "default",
                            "user_data": "e42e4509e72b61a47ae49c2e7fc2719135ad7f0f",
                            "volume_tags.%": "0",
                            "vpc_security_group_ids.#": "1",
                            "vpc_security_group_ids.3485417784": "sg-0a212a2b254d9c347"
                        },
                        "meta": {
                            "e2bfb730-ecaa-11e6-8f88-34363bc7c4c0": {
                                "create": 600000000000,
                                "delete": 1200000000000,
                                "update": 600000000000
                            },
                            "schema_version": "1"
                        },
                        "tainted": false
                    },
                    "deposed": [],
                    "provider": "provider.aws"
                },
                "aws_instance.ucp_worker_dtr": {
                    "type": "aws_instance",
                    "depends_on": [
                        "aws_iam_instance_profile.dtr_instance_profile",
                        "aws_security_group.ddc",
                        "aws_subnet.SubnetSwarm.*"
                    ],
                    "primary": {
                        "id": "i-05b62cc2be58cfb8b",
                        "attributes": {
                            "ami": "ami-0d063c6b",
                            "arn": "arn:aws:ec2:eu-west-1:343329120365:instance/i-05b62cc2be58cfb8b",
                            "associate_public_ip_address": "true",
                            "availability_zone": "eu-west-1a",
                            "cpu_core_count": "1",
                            "cpu_threads_per_core": "2",
                            "credit_specification.#": "1",
                            "credit_specification.0.cpu_credits": "standard",
                            "disable_api_termination": "false",
                            "ebs_block_device.#": "1",
                            "ebs_block_device.4023988449.delete_on_termination": "true",
                            "ebs_block_device.4023988449.device_name": "/dev/xvdf",
                            "ebs_block_device.4023988449.encrypted": "false",
                            "ebs_block_device.4023988449.iops": "100",
                            "ebs_block_device.4023988449.snapshot_id": "",
                            "ebs_block_device.4023988449.volume_id": "vol-0d083a5000b0b2e53",
                            "ebs_block_device.4023988449.volume_size": "8",
                            "ebs_block_device.4023988449.volume_type": "gp2",
                            "ebs_optimized": "false",
                            "ephemeral_block_device.#": "0",
                            "get_password_data": "false",
                            "iam_instance_profile": "meetup42_dtr_instance_profile",
                            "id": "i-05b62cc2be58cfb8b",
                            "instance_state": "running",
                            "instance_type": "m4.large",
                            "ipv6_addresses.#": "0",
                            "key_name": "ydaniel",
                            "monitoring": "false",
                            "network_interface.#": "0",
                            "network_interface_id": "eni-0d3c3fb2fdc8e4a0f",
                            "password_data": "",
                            "placement_group": "",
                            "primary_network_interface_id": "eni-0d3c3fb2fdc8e4a0f",
                            "private_dns": "ip-172-30-0-238.eu-west-1.compute.internal",
                            "private_ip": "172.30.0.238",
                            "public_dns": "ec2-52-210-243-40.eu-west-1.compute.amazonaws.com",
                            "public_ip": "52.210.243.40",
                            "root_block_device.#": "1",
                            "root_block_device.0.delete_on_termination": "true",
                            "root_block_device.0.iops": "100",
                            "root_block_device.0.volume_id": "vol-07c56ffa2d793a14d",
                            "root_block_device.0.volume_size": "8",
                            "root_block_device.0.volume_type": "gp2",
                            "security_groups.#": "0",
                            "source_dest_check": "true",
                            "subnet_id": "subnet-05d0b0646b3c99edc",
                            "tags.%": "1",
                            "tags.Name": "meetup42-Worker-DTR-1",
                            "tenancy": "default",
                            "user_data": "e42e4509e72b61a47ae49c2e7fc2719135ad7f0f",
                            "volume_tags.%": "0",
                            "vpc_security_group_ids.#": "1",
                            "vpc_security_group_ids.3485417784": "sg-0a212a2b254d9c347"
                        },
                        "meta": {
                            "e2bfb730-ecaa-11e6-8f88-34363bc7c4c0": {
                                "create": 600000000000,
                                "delete": 1200000000000,
                                "update": 600000000000
                            },
                            "schema_version": "1"
                        },
                        "tainted": false
                    },
                    "deposed": [],
                    "provider": "provider.aws"
                },
                "aws_instance.ucp_worker_linux": {
                    "type": "aws_instance",
                    "depends_on": [
                        "aws_iam_instance_profile.dtr_instance_profile",
                        "aws_security_group.ddc",
                        "aws_subnet.SubnetSwarm.*"
                    ],
                    "primary": {
                        "id": "i-0b2eca0674cb47b06",
                        "attributes": {
                            "ami": "ami-0d063c6b",
                            "arn": "arn:aws:ec2:eu-west-1:343329120365:instance/i-0b2eca0674cb47b06",
                            "associate_public_ip_address": "true",
                            "availability_zone": "eu-west-1a",
                            "cpu_core_count": "1",
                            "cpu_threads_per_core": "2",
                            "credit_specification.#": "1",
                            "credit_specification.0.cpu_credits": "standard",
                            "disable_api_termination": "false",
                            "ebs_block_device.#": "1",
                            "ebs_block_device.4023988449.delete_on_termination": "true",
                            "ebs_block_device.4023988449.device_name": "/dev/xvdf",
                            "ebs_block_device.4023988449.encrypted": "false",
                            "ebs_block_device.4023988449.iops": "100",
                            "ebs_block_device.4023988449.snapshot_id": "",
                            "ebs_block_device.4023988449.volume_id": "vol-05abc3dafd1cfb022",
                            "ebs_block_device.4023988449.volume_size": "8",
                            "ebs_block_device.4023988449.volume_type": "gp2",
                            "ebs_optimized": "false",
                            "ephemeral_block_device.#": "0",
                            "get_password_data": "false",
                            "iam_instance_profile": "meetup42_dtr_instance_profile",
                            "id": "i-0b2eca0674cb47b06",
                            "instance_state": "running",
                            "instance_type": "m4.large",
                            "ipv6_addresses.#": "0",
                            "key_name": "ydaniel",
                            "monitoring": "false",
                            "network_interface.#": "0",
                            "network_interface_id": "eni-0c91f2539f2f7b761",
                            "password_data": "",
                            "placement_group": "",
                            "primary_network_interface_id": "eni-0c91f2539f2f7b761",
                            "private_dns": "ip-172-30-0-177.eu-west-1.compute.internal",
                            "private_ip": "172.30.0.177",
                            "public_dns": "ec2-18-203-136-230.eu-west-1.compute.amazonaws.com",
                            "public_ip": "18.203.136.230",
                            "root_block_device.#": "1",
                            "root_block_device.0.delete_on_termination": "true",
                            "root_block_device.0.iops": "100",
                            "root_block_device.0.volume_id": "vol-0b1d9d4860566cc2d",
                            "root_block_device.0.volume_size": "8",
                            "root_block_device.0.volume_type": "gp2",
                            "security_groups.#": "0",
                            "source_dest_check": "true",
                            "subnet_id": "subnet-05d0b0646b3c99edc",
                            "tags.%": "1",
                            "tags.Name": "meetup42-Worker-Linux-1",
                            "tenancy": "default",
                            "user_data": "e42e4509e72b61a47ae49c2e7fc2719135ad7f0f",
                            "volume_tags.%": "0",
                            "vpc_security_group_ids.#": "1",
                            "vpc_security_group_ids.3485417784": "sg-0a212a2b254d9c347"
                        },
                        "meta": {
                            "e2bfb730-ecaa-11e6-8f88-34363bc7c4c0": {
                                "create": 600000000000,
                                "delete": 1200000000000,
                                "update": 600000000000
                            },
                            "schema_version": "1"
                        },
                        "tainted": false
                    },
                    "deposed": [],
                    "provider": "provider.aws"
                },
                "aws_internet_gateway.igw": {
                    "type": "aws_internet_gateway",
                    "depends_on": [
                        "aws_vpc.docker"
                    ],
                    "primary": {
                        "id": "igw-0627babe47439e378",
                        "attributes": {
                            "id": "igw-0627babe47439e378",
                            "tags.%": "1",
                            "tags.Name": "meetup42-igw",
                            "vpc_id": "vpc-04f8cfe22abd71377"
                        },
                        "meta": {},
                        "tainted": false
                    },
                    "deposed": [],
                    "provider": "provider.aws"
                },
                "aws_main_route_table_association.main_route_table": {
                    "type": "aws_main_route_table_association",
                    "depends_on": [
                        "aws_route_table.public_route",
                        "aws_vpc.docker"
                    ],
                    "primary": {
                        "id": "rtbassoc-0af40cc1e426c2182",
                        "attributes": {
                            "id": "rtbassoc-0af40cc1e426c2182",
                            "original_route_table_id": "rtb-03124123d68b1688e",
                            "route_table_id": "rtb-0fc75909d8b33ad9f",
                            "vpc_id": "vpc-04f8cfe22abd71377"
                        },
                        "meta": {},
                        "tainted": false
                    },
                    "deposed": [],
                    "provider": "provider.aws"
                },
                "aws_route_table.public_route": {
                    "type": "aws_route_table",
                    "depends_on": [
                        "aws_internet_gateway.igw",
                        "aws_vpc.docker"
                    ],
                    "primary": {
                        "id": "rtb-0fc75909d8b33ad9f",
                        "attributes": {
                            "id": "rtb-0fc75909d8b33ad9f",
                            "propagating_vgws.#": "0",
                            "route.#": "1",
                            "route.243227974.cidr_block": "0.0.0.0/0",
                            "route.243227974.egress_only_gateway_id": "",
                            "route.243227974.gateway_id": "igw-0627babe47439e378",
                            "route.243227974.instance_id": "",
                            "route.243227974.ipv6_cidr_block": "",
                            "route.243227974.nat_gateway_id": "",
                            "route.243227974.network_interface_id": "",
                            "route.243227974.vpc_peering_connection_id": "",
                            "tags.%": "1",
                            "tags.Name": "meetup42-pub-route",
                            "vpc_id": "vpc-04f8cfe22abd71377"
                        },
                        "meta": {},
                        "tainted": false
                    },
                    "deposed": [],
                    "provider": "provider.aws"
                },
                "aws_route_table_association.rta_pub_subnetswarm.0": {
                    "type": "aws_route_table_association",
                    "depends_on": [
                        "aws_route_table.public_route",
                        "aws_subnet.SubnetSwarm.*",
                        "data.aws_availability_zones.available"
                    ],
                    "primary": {
                        "id": "rtbassoc-0808ceec02b129858",
                        "attributes": {
                            "id": "rtbassoc-0808ceec02b129858",
                            "route_table_id": "rtb-0fc75909d8b33ad9f",
                            "subnet_id": "subnet-05d0b0646b3c99edc"
                        },
                        "meta": {},
                        "tainted": false
                    },
                    "deposed": [],
                    "provider": "provider.aws"
                },
                "aws_route_table_association.rta_pub_subnetswarm.1": {
                    "type": "aws_route_table_association",
                    "depends_on": [
                        "aws_route_table.public_route",
                        "aws_subnet.SubnetSwarm.*",
                        "data.aws_availability_zones.available"
                    ],
                    "primary": {
                        "id": "rtbassoc-0d11c7f0e52f3fdb6",
                        "attributes": {
                            "id": "rtbassoc-0d11c7f0e52f3fdb6",
                            "route_table_id": "rtb-0fc75909d8b33ad9f",
                            "subnet_id": "subnet-024c89613bd8752af"
                        },
                        "meta": {},
                        "tainted": false
                    },
                    "deposed": [],
                    "provider": "provider.aws"
                },
                "aws_route_table_association.rta_pub_subnetswarm.2": {
                    "type": "aws_route_table_association",
                    "depends_on": [
                        "aws_route_table.public_route",
                        "aws_subnet.SubnetSwarm.*",
                        "data.aws_availability_zones.available"
                    ],
                    "primary": {
                        "id": "rtbassoc-08d8b62b9727bb120",
                        "attributes": {
                            "id": "rtbassoc-08d8b62b9727bb120",
                            "route_table_id": "rtb-0fc75909d8b33ad9f",
                            "subnet_id": "subnet-030662562bf984ca5"
                        },
                        "meta": {},
                        "tainted": false
                    },
                    "deposed": [],
                    "provider": "provider.aws"
                },
                "aws_route_table_association.rta_public_subnetdtr.0": {
                    "type": "aws_route_table_association",
                    "depends_on": [
                        "aws_route_table.public_route",
                        "aws_subnet.SubnetDTR.*",
                        "data.aws_availability_zones.available"
                    ],
                    "primary": {
                        "id": "rtbassoc-0d5664f61d61e52cb",
                        "attributes": {
                            "id": "rtbassoc-0d5664f61d61e52cb",
                            "route_table_id": "rtb-0fc75909d8b33ad9f",
                            "subnet_id": "subnet-0828c4fb2ee6639ee"
                        },
                        "meta": {},
                        "tainted": false
                    },
                    "deposed": [],
                    "provider": "provider.aws"
                },
                "aws_route_table_association.rta_public_subnetdtr.1": {
                    "type": "aws_route_table_association",
                    "depends_on": [
                        "aws_route_table.public_route",
                        "aws_subnet.SubnetDTR.*",
                        "data.aws_availability_zones.available"
                    ],
                    "primary": {
                        "id": "rtbassoc-0ff7e2f260c919caa",
                        "attributes": {
                            "id": "rtbassoc-0ff7e2f260c919caa",
                            "route_table_id": "rtb-0fc75909d8b33ad9f",
                            "subnet_id": "subnet-05131ab6fb9ad5aaa"
                        },
                        "meta": {},
                        "tainted": false
                    },
                    "deposed": [],
                    "provider": "provider.aws"
                },
                "aws_route_table_association.rta_public_subnetdtr.2": {
                    "type": "aws_route_table_association",
                    "depends_on": [
                        "aws_route_table.public_route",
                        "aws_subnet.SubnetDTR.*",
                        "data.aws_availability_zones.available"
                    ],
                    "primary": {
                        "id": "rtbassoc-02cf248c294bca119",
                        "attributes": {
                            "id": "rtbassoc-02cf248c294bca119",
                            "route_table_id": "rtb-0fc75909d8b33ad9f",
                            "subnet_id": "subnet-05d3bc22669d6be54"
                        },
                        "meta": {},
                        "tainted": false
                    },
                    "deposed": [],
                    "provider": "provider.aws"
                },
                "aws_route_table_association.rta_public_subnetexternal.0": {
                    "type": "aws_route_table_association",
                    "depends_on": [
                        "aws_route_table.public_route",
                        "aws_subnet.SubnetExternal.*",
                        "data.aws_availability_zones.available"
                    ],
                    "primary": {
                        "id": "rtbassoc-0c45c5abfddfdcbb4",
                        "attributes": {
                            "id": "rtbassoc-0c45c5abfddfdcbb4",
                            "route_table_id": "rtb-0fc75909d8b33ad9f",
                            "subnet_id": "subnet-02b16b7ccbc728a84"
                        },
                        "meta": {},
                        "tainted": false
                    },
                    "deposed": [],
                    "provider": "provider.aws"
                },
                "aws_route_table_association.rta_public_subnetexternal.1": {
                    "type": "aws_route_table_association",
                    "depends_on": [
                        "aws_route_table.public_route",
                        "aws_subnet.SubnetExternal.*",
                        "data.aws_availability_zones.available"
                    ],
                    "primary": {
                        "id": "rtbassoc-05a53381de2fe13ac",
                        "attributes": {
                            "id": "rtbassoc-05a53381de2fe13ac",
                            "route_table_id": "rtb-0fc75909d8b33ad9f",
                            "subnet_id": "subnet-0ffec08a3756319ec"
                        },
                        "meta": {},
                        "tainted": false
                    },
                    "deposed": [],
                    "provider": "provider.aws"
                },
                "aws_route_table_association.rta_public_subnetexternal.2": {
                    "type": "aws_route_table_association",
                    "depends_on": [
                        "aws_route_table.public_route",
                        "aws_subnet.SubnetExternal.*",
                        "data.aws_availability_zones.available"
                    ],
                    "primary": {
                        "id": "rtbassoc-001136c828c09fa27",
                        "attributes": {
                            "id": "rtbassoc-001136c828c09fa27",
                            "route_table_id": "rtb-0fc75909d8b33ad9f",
                            "subnet_id": "subnet-0d3065a03ede8708e"
                        },
                        "meta": {},
                        "tainted": false
                    },
                    "deposed": [],
                    "provider": "provider.aws"
                },
                "aws_route_table_association.rta_public_subnetucp.0": {
                    "type": "aws_route_table_association",
                    "depends_on": [
                        "aws_route_table.public_route",
                        "aws_subnet.SubnetUCP.*",
                        "data.aws_availability_zones.available"
                    ],
                    "primary": {
                        "id": "rtbassoc-093cf40d91a13e15e",
                        "attributes": {
                            "id": "rtbassoc-093cf40d91a13e15e",
                            "route_table_id": "rtb-0fc75909d8b33ad9f",
                            "subnet_id": "subnet-0e23aab3f9b5b7a76"
                        },
                        "meta": {},
                        "tainted": false
                    },
                    "deposed": [],
                    "provider": "provider.aws"
                },
                "aws_route_table_association.rta_public_subnetucp.1": {
                    "type": "aws_route_table_association",
                    "depends_on": [
                        "aws_route_table.public_route",
                        "aws_subnet.SubnetUCP.*",
                        "data.aws_availability_zones.available"
                    ],
                    "primary": {
                        "id": "rtbassoc-06b236168b167bb6f",
                        "attributes": {
                            "id": "rtbassoc-06b236168b167bb6f",
                            "route_table_id": "rtb-0fc75909d8b33ad9f",
                            "subnet_id": "subnet-0ff0dd5a70706cb7e"
                        },
                        "meta": {},
                        "tainted": false
                    },
                    "deposed": [],
                    "provider": "provider.aws"
                },
                "aws_route_table_association.rta_public_subnetucp.2": {
                    "type": "aws_route_table_association",
                    "depends_on": [
                        "aws_route_table.public_route",
                        "aws_subnet.SubnetUCP.*",
                        "data.aws_availability_zones.available"
                    ],
                    "primary": {
                        "id": "rtbassoc-0e1b4f2d3dca62b25",
                        "attributes": {
                            "id": "rtbassoc-0e1b4f2d3dca62b25",
                            "route_table_id": "rtb-0fc75909d8b33ad9f",
                            "subnet_id": "subnet-07f5ddebee06ba8f6"
                        },
                        "meta": {},
                        "tainted": false
                    },
                    "deposed": [],
                    "provider": "provider.aws"
                },
                "aws_s3_bucket.access-logs_storage_bucket": {
                    "type": "aws_s3_bucket",
                    "depends_on": [],
                    "primary": {
                        "id": "access-logs20181029174054206200000001",
                        "attributes": {
                            "acceleration_status": "",
                            "acl": "private",
                            "arn": "arn:aws:s3:::access-logs20181029174054206200000001",
                            "bucket": "access-logs20181029174054206200000001",
                            "bucket_domain_name": "access-logs20181029174054206200000001.s3.amazonaws.com",
                            "bucket_prefix": "access-logs",
                            "bucket_regional_domain_name": "access-logs20181029174054206200000001.s3.eu-west-1.amazonaws.com",
                            "cors_rule.#": "0",
                            "force_destroy": "false",
                            "hosted_zone_id": "Z1BKCTXD74EZPE",
                            "id": "access-logs20181029174054206200000001",
                            "lifecycle_rule.#": "0",
                            "logging.#": "0",
                            "region": "eu-west-1",
                            "replication_configuration.#": "0",
                            "request_payer": "BucketOwner",
                            "server_side_encryption_configuration.#": "0",
                            "tags.%": "2",
                            "tags.Environment": "meetup42",
                            "tags.Name": "meetup42-access-logs-bucket",
                            "versioning.#": "1",
                            "versioning.0.enabled": "false",
                            "versioning.0.mfa_delete": "false",
                            "website.#": "0"
                        },
                        "meta": {},
                        "tainted": false
                    },
                    "deposed": [],
                    "provider": "provider.aws"
                },
                "aws_s3_bucket.dtr_storage_bucket": {
                    "type": "aws_s3_bucket",
                    "depends_on": [],
                    "primary": {
                        "id": "dtr20181029174054206200000002",
                        "attributes": {
                            "acceleration_status": "",
                            "acl": "private",
                            "arn": "arn:aws:s3:::dtr20181029174054206200000002",
                            "bucket": "dtr20181029174054206200000002",
                            "bucket_domain_name": "dtr20181029174054206200000002.s3.amazonaws.com",
                            "bucket_prefix": "dtr",
                            "bucket_regional_domain_name": "dtr20181029174054206200000002.s3.eu-west-1.amazonaws.com",
                            "cors_rule.#": "0",
                            "force_destroy": "false",
                            "hosted_zone_id": "Z1BKCTXD74EZPE",
                            "id": "dtr20181029174054206200000002",
                            "lifecycle_rule.#": "0",
                            "logging.#": "0",
                            "region": "eu-west-1",
                            "replication_configuration.#": "0",
                            "request_payer": "BucketOwner",
                            "server_side_encryption_configuration.#": "0",
                            "tags.%": "2",
                            "tags.Environment": "meetup42",
                            "tags.Name": "meetup42-dtr-storage",
                            "versioning.#": "1",
                            "versioning.0.enabled": "false",
                            "versioning.0.mfa_delete": "false",
                            "website.#": "0"
                        },
                        "meta": {},
                        "tainted": false
                    },
                    "deposed": [],
                    "provider": "provider.aws"
                },
                "aws_security_group.apps": {
                    "type": "aws_security_group",
                    "depends_on": [
                        "aws_vpc.docker"
                    ],
                    "primary": {
                        "id": "sg-0635a01a3aaff6629",
                        "attributes": {
                            "arn": "arn:aws:ec2:eu-west-1:343329120365:security-group/sg-0635a01a3aaff6629",
                            "description": "Default Security Group for Docker EE applications",
                            "egress.#": "1",
                            "egress.482069346.cidr_blocks.#": "1",
                            "egress.482069346.cidr_blocks.0": "0.0.0.0/0",
                            "egress.482069346.description": "",
                            "egress.482069346.from_port": "0",
                            "egress.482069346.ipv6_cidr_blocks.#": "0",
                            "egress.482069346.prefix_list_ids.#": "0",
                            "egress.482069346.protocol": "-1",
                            "egress.482069346.security_groups.#": "0",
                            "egress.482069346.self": "false",
                            "egress.482069346.to_port": "0",
                            "id": "sg-0635a01a3aaff6629",
                            "ingress.#": "2",
                            "ingress.2617001939.cidr_blocks.#": "1",
                            "ingress.2617001939.cidr_blocks.0": "0.0.0.0/0",
                            "ingress.2617001939.description": "",
                            "ingress.2617001939.from_port": "443",
                            "ingress.2617001939.ipv6_cidr_blocks.#": "0",
                            "ingress.2617001939.prefix_list_ids.#": "0",
                            "ingress.2617001939.protocol": "tcp",
                            "ingress.2617001939.security_groups.#": "0",
                            "ingress.2617001939.self": "false",
                            "ingress.2617001939.to_port": "443",
                            "ingress.516175195.cidr_blocks.#": "1",
                            "ingress.516175195.cidr_blocks.0": "0.0.0.0/0",
                            "ingress.516175195.description": "",
                            "ingress.516175195.from_port": "8080",
                            "ingress.516175195.ipv6_cidr_blocks.#": "0",
                            "ingress.516175195.prefix_list_ids.#": "0",
                            "ingress.516175195.protocol": "tcp",
                            "ingress.516175195.security_groups.#": "0",
                            "ingress.516175195.self": "false",
                            "ingress.516175195.to_port": "8080",
                            "name": "meetup42_apps-default",
                            "owner_id": "343329120365",
                            "revoke_rules_on_delete": "false",
                            "tags.%": "1",
                            "tags.Name": "meetup42-apps-default-sg",
                            "vpc_id": "vpc-04f8cfe22abd71377"
                        },
                        "meta": {
                            "e2bfb730-ecaa-11e6-8f88-34363bc7c4c0": {
                                "create": 600000000000,
                                "delete": 3600000000000
                            },
                            "schema_version": "1"
                        },
                        "tainted": false
                    },
                    "deposed": [],
                    "provider": "provider.aws"
                },
                "aws_security_group.ddc": {
                    "type": "aws_security_group",
                    "depends_on": [
                        "aws_vpc.docker"
                    ],
                    "primary": {
                        "id": "sg-0a212a2b254d9c347",
                        "attributes": {
                            "arn": "arn:aws:ec2:eu-west-1:343329120365:security-group/sg-0a212a2b254d9c347",
                            "description": "Default Security Group for Docker EE",
                            "egress.#": "1",
                            "egress.482069346.cidr_blocks.#": "1",
                            "egress.482069346.cidr_blocks.0": "0.0.0.0/0",
                            "egress.482069346.description": "",
                            "egress.482069346.from_port": "0",
                            "egress.482069346.ipv6_cidr_blocks.#": "0",
                            "egress.482069346.prefix_list_ids.#": "0",
                            "egress.482069346.protocol": "-1",
                            "egress.482069346.security_groups.#": "0",
                            "egress.482069346.self": "false",
                            "egress.482069346.to_port": "0",
                            "id": "sg-0a212a2b254d9c347",
                            "ingress.#": "9",
                            "ingress.1138479083.cidr_blocks.#": "1",
                            "ingress.1138479083.cidr_blocks.0": "0.0.0.0/0",
                            "ingress.1138479083.description": "",
                            "ingress.1138479083.from_port": "5985",
                            "ingress.1138479083.ipv6_cidr_blocks.#": "0",
                            "ingress.1138479083.prefix_list_ids.#": "0",
                            "ingress.1138479083.protocol": "tcp",
                            "ingress.1138479083.security_groups.#": "0",
                            "ingress.1138479083.self": "false",
                            "ingress.1138479083.to_port": "5985",
                            "ingress.2223400681.cidr_blocks.#": "1",
                            "ingress.2223400681.cidr_blocks.0": "0.0.0.0/0",
                            "ingress.2223400681.description": "",
                            "ingress.2223400681.from_port": "3389",
                            "ingress.2223400681.ipv6_cidr_blocks.#": "0",
                            "ingress.2223400681.prefix_list_ids.#": "0",
                            "ingress.2223400681.protocol": "tcp",
                            "ingress.2223400681.security_groups.#": "0",
                            "ingress.2223400681.self": "false",
                            "ingress.2223400681.to_port": "3389",
                            "ingress.2541437006.cidr_blocks.#": "1",
                            "ingress.2541437006.cidr_blocks.0": "0.0.0.0/0",
                            "ingress.2541437006.description": "",
                            "ingress.2541437006.from_port": "22",
                            "ingress.2541437006.ipv6_cidr_blocks.#": "0",
                            "ingress.2541437006.prefix_list_ids.#": "0",
                            "ingress.2541437006.protocol": "tcp",
                            "ingress.2541437006.security_groups.#": "0",
                            "ingress.2541437006.self": "false",
                            "ingress.2541437006.to_port": "22",
                            "ingress.2617001939.cidr_blocks.#": "1",
                            "ingress.2617001939.cidr_blocks.0": "0.0.0.0/0",
                            "ingress.2617001939.description": "",
                            "ingress.2617001939.from_port": "443",
                            "ingress.2617001939.ipv6_cidr_blocks.#": "0",
                            "ingress.2617001939.prefix_list_ids.#": "0",
                            "ingress.2617001939.protocol": "tcp",
                            "ingress.2617001939.security_groups.#": "0",
                            "ingress.2617001939.self": "false",
                            "ingress.2617001939.to_port": "443",
                            "ingress.3375845224.cidr_blocks.#": "1",
                            "ingress.3375845224.cidr_blocks.0": "0.0.0.0/0",
                            "ingress.3375845224.description": "",
                            "ingress.3375845224.from_port": "5986",
                            "ingress.3375845224.ipv6_cidr_blocks.#": "0",
                            "ingress.3375845224.prefix_list_ids.#": "0",
                            "ingress.3375845224.protocol": "tcp",
                            "ingress.3375845224.security_groups.#": "0",
                            "ingress.3375845224.self": "false",
                            "ingress.3375845224.to_port": "5986",
                            "ingress.3644727299.cidr_blocks.#": "1",
                            "ingress.3644727299.cidr_blocks.0": "172.30.0.0/16",
                            "ingress.3644727299.description": "",
                            "ingress.3644727299.from_port": "6443",
                            "ingress.3644727299.ipv6_cidr_blocks.#": "0",
                            "ingress.3644727299.prefix_list_ids.#": "0",
                            "ingress.3644727299.protocol": "tcp",
                            "ingress.3644727299.security_groups.#": "0",
                            "ingress.3644727299.self": "false",
                            "ingress.3644727299.to_port": "6443",
                            "ingress.3956752459.cidr_blocks.#": "1",
                            "ingress.3956752459.cidr_blocks.0": "172.30.0.0/16",
                            "ingress.3956752459.description": "",
                            "ingress.3956752459.from_port": "2049",
                            "ingress.3956752459.ipv6_cidr_blocks.#": "0",
                            "ingress.3956752459.prefix_list_ids.#": "0",
                            "ingress.3956752459.protocol": "tcp",
                            "ingress.3956752459.security_groups.#": "0",
                            "ingress.3956752459.self": "false",
                            "ingress.3956752459.to_port": "2049",
                            "ingress.474725826.cidr_blocks.#": "1",
                            "ingress.474725826.cidr_blocks.0": "172.30.0.0/16",
                            "ingress.474725826.description": "",
                            "ingress.474725826.from_port": "2049",
                            "ingress.474725826.ipv6_cidr_blocks.#": "0",
                            "ingress.474725826.prefix_list_ids.#": "0",
                            "ingress.474725826.protocol": "udp",
                            "ingress.474725826.security_groups.#": "0",
                            "ingress.474725826.self": "false",
                            "ingress.474725826.to_port": "2049",
                            "ingress.753360330.cidr_blocks.#": "0",
                            "ingress.753360330.description": "",
                            "ingress.753360330.from_port": "0",
                            "ingress.753360330.ipv6_cidr_blocks.#": "0",
                            "ingress.753360330.prefix_list_ids.#": "0",
                            "ingress.753360330.protocol": "-1",
                            "ingress.753360330.security_groups.#": "0",
                            "ingress.753360330.self": "true",
                            "ingress.753360330.to_port": "0",
                            "name": "meetup42_ddc-default",
                            "owner_id": "343329120365",
                            "revoke_rules_on_delete": "false",
                            "tags.%": "1",
                            "tags.Name": "meetup42-ddc-default-sg",
                            "vpc_id": "vpc-04f8cfe22abd71377"
                        },
                        "meta": {
                            "e2bfb730-ecaa-11e6-8f88-34363bc7c4c0": {
                                "create": 600000000000,
                                "delete": 3600000000000
                            },
                            "schema_version": "1"
                        },
                        "tainted": false
                    },
                    "deposed": [],
                    "provider": "provider.aws"
                },
                "aws_security_group.dtr": {
                    "type": "aws_security_group",
                    "depends_on": [
                        "aws_vpc.docker"
                    ],
                    "primary": {
                        "id": "sg-039790dcbcb662330",
                        "attributes": {
                            "arn": "arn:aws:ec2:eu-west-1:343329120365:security-group/sg-039790dcbcb662330",
                            "description": "Default Security Group for Docker EE DTR ELB",
                            "egress.#": "1",
                            "egress.482069346.cidr_blocks.#": "1",
                            "egress.482069346.cidr_blocks.0": "0.0.0.0/0",
                            "egress.482069346.description": "",
                            "egress.482069346.from_port": "0",
                            "egress.482069346.ipv6_cidr_blocks.#": "0",
                            "egress.482069346.prefix_list_ids.#": "0",
                            "egress.482069346.protocol": "-1",
                            "egress.482069346.security_groups.#": "0",
                            "egress.482069346.self": "false",
                            "egress.482069346.to_port": "0",
                            "id": "sg-039790dcbcb662330",
                            "ingress.#": "2",
                            "ingress.2214680975.cidr_blocks.#": "1",
                            "ingress.2214680975.cidr_blocks.0": "0.0.0.0/0",
                            "ingress.2214680975.description": "",
                            "ingress.2214680975.from_port": "80",
                            "ingress.2214680975.ipv6_cidr_blocks.#": "0",
                            "ingress.2214680975.prefix_list_ids.#": "0",
                            "ingress.2214680975.protocol": "tcp",
                            "ingress.2214680975.security_groups.#": "0",
                            "ingress.2214680975.self": "false",
                            "ingress.2214680975.to_port": "80",
                            "ingress.2617001939.cidr_blocks.#": "1",
                            "ingress.2617001939.cidr_blocks.0": "0.0.0.0/0",
                            "ingress.2617001939.description": "",
                            "ingress.2617001939.from_port": "443",
                            "ingress.2617001939.ipv6_cidr_blocks.#": "0",
                            "ingress.2617001939.prefix_list_ids.#": "0",
                            "ingress.2617001939.protocol": "tcp",
                            "ingress.2617001939.security_groups.#": "0",
                            "ingress.2617001939.self": "false",
                            "ingress.2617001939.to_port": "443",
                            "name": "meetup42_dtr-default",
                            "owner_id": "343329120365",
                            "revoke_rules_on_delete": "false",
                            "tags.%": "1",
                            "tags.Name": "meetup42-dtr-default-sg",
                            "vpc_id": "vpc-04f8cfe22abd71377"
                        },
                        "meta": {
                            "e2bfb730-ecaa-11e6-8f88-34363bc7c4c0": {
                                "create": 600000000000,
                                "delete": 3600000000000
                            },
                            "schema_version": "1"
                        },
                        "tainted": false
                    },
                    "deposed": [],
                    "provider": "provider.aws"
                },
                "aws_security_group.elb": {
                    "type": "aws_security_group",
                    "depends_on": [
                        "aws_vpc.docker"
                    ],
                    "primary": {
                        "id": "sg-05b69d928f137bd57",
                        "attributes": {
                            "arn": "arn:aws:ec2:eu-west-1:343329120365:security-group/sg-05b69d928f137bd57",
                            "description": "Default Security Group for Docker EE ELBs",
                            "egress.#": "1",
                            "egress.482069346.cidr_blocks.#": "1",
                            "egress.482069346.cidr_blocks.0": "0.0.0.0/0",
                            "egress.482069346.description": "",
                            "egress.482069346.from_port": "0",
                            "egress.482069346.ipv6_cidr_blocks.#": "0",
                            "egress.482069346.prefix_list_ids.#": "0",
                            "egress.482069346.protocol": "-1",
                            "egress.482069346.security_groups.#": "0",
                            "egress.482069346.self": "false",
                            "egress.482069346.to_port": "0",
                            "id": "sg-05b69d928f137bd57",
                            "ingress.#": "2",
                            "ingress.1463360607.cidr_blocks.#": "1",
                            "ingress.1463360607.cidr_blocks.0": "0.0.0.0/0",
                            "ingress.1463360607.description": "",
                            "ingress.1463360607.from_port": "6443",
                            "ingress.1463360607.ipv6_cidr_blocks.#": "0",
                            "ingress.1463360607.prefix_list_ids.#": "0",
                            "ingress.1463360607.protocol": "tcp",
                            "ingress.1463360607.security_groups.#": "0",
                            "ingress.1463360607.self": "false",
                            "ingress.1463360607.to_port": "6443",
                            "ingress.2617001939.cidr_blocks.#": "1",
                            "ingress.2617001939.cidr_blocks.0": "0.0.0.0/0",
                            "ingress.2617001939.description": "",
                            "ingress.2617001939.from_port": "443",
                            "ingress.2617001939.ipv6_cidr_blocks.#": "0",
                            "ingress.2617001939.prefix_list_ids.#": "0",
                            "ingress.2617001939.protocol": "tcp",
                            "ingress.2617001939.security_groups.#": "0",
                            "ingress.2617001939.self": "false",
                            "ingress.2617001939.to_port": "443",
                            "name": "meetup42_elb-default",
                            "owner_id": "343329120365",
                            "revoke_rules_on_delete": "false",
                            "tags.%": "1",
                            "tags.Name": "meetup42-elb-default-sg",
                            "vpc_id": "vpc-04f8cfe22abd71377"
                        },
                        "meta": {
                            "e2bfb730-ecaa-11e6-8f88-34363bc7c4c0": {
                                "create": 600000000000,
                                "delete": 3600000000000
                            },
                            "schema_version": "1"
                        },
                        "tainted": false
                    },
                    "deposed": [],
                    "provider": "provider.aws"
                },
                "aws_subnet.SubnetDTR.0": {
                    "type": "aws_subnet",
                    "depends_on": [
                        "aws_vpc.docker",
                        "data.aws_availability_zones.available"
                    ],
                    "primary": {
                        "id": "subnet-0828c4fb2ee6639ee",
                        "attributes": {
                            "arn": "arn:aws:ec2:eu-west-1:343329120365:subnet/subnet-0828c4fb2ee6639ee",
                            "assign_ipv6_address_on_creation": "false",
                            "availability_zone": "eu-west-1a",
                            "cidr_block": "172.30.8.0/24",
                            "id": "subnet-0828c4fb2ee6639ee",
                            "map_public_ip_on_launch": "true",
                            "tags.%": "1",
                            "tags.Name": "meetup42-SubnetDTR-1",
                            "vpc_id": "vpc-04f8cfe22abd71377"
                        },
                        "meta": {
                            "e2bfb730-ecaa-11e6-8f88-34363bc7c4c0": {
                                "create": 600000000000,
                                "delete": 600000000000
                            },
                            "schema_version": "1"
                        },
                        "tainted": false
                    },
                    "deposed": [],
                    "provider": "provider.aws"
                },
                "aws_subnet.SubnetDTR.1": {
                    "type": "aws_subnet",
                    "depends_on": [
                        "aws_vpc.docker",
                        "data.aws_availability_zones.available"
                    ],
                    "primary": {
                        "id": "subnet-05131ab6fb9ad5aaa",
                        "attributes": {
                            "arn": "arn:aws:ec2:eu-west-1:343329120365:subnet/subnet-05131ab6fb9ad5aaa",
                            "assign_ipv6_address_on_creation": "false",
                            "availability_zone": "eu-west-1b",
                            "cidr_block": "172.30.9.0/24",
                            "id": "subnet-05131ab6fb9ad5aaa",
                            "map_public_ip_on_launch": "true",
                            "tags.%": "1",
                            "tags.Name": "meetup42-SubnetDTR-2",
                            "vpc_id": "vpc-04f8cfe22abd71377"
                        },
                        "meta": {
                            "e2bfb730-ecaa-11e6-8f88-34363bc7c4c0": {
                                "create": 600000000000,
                                "delete": 600000000000
                            },
                            "schema_version": "1"
                        },
                        "tainted": false
                    },
                    "deposed": [],
                    "provider": "provider.aws"
                },
                "aws_subnet.SubnetDTR.2": {
                    "type": "aws_subnet",
                    "depends_on": [
                        "aws_vpc.docker",
                        "data.aws_availability_zones.available"
                    ],
                    "primary": {
                        "id": "subnet-05d3bc22669d6be54",
                        "attributes": {
                            "arn": "arn:aws:ec2:eu-west-1:343329120365:subnet/subnet-05d3bc22669d6be54",
                            "assign_ipv6_address_on_creation": "false",
                            "availability_zone": "eu-west-1c",
                            "cidr_block": "172.30.10.0/24",
                            "id": "subnet-05d3bc22669d6be54",
                            "map_public_ip_on_launch": "true",
                            "tags.%": "1",
                            "tags.Name": "meetup42-SubnetDTR-3",
                            "vpc_id": "vpc-04f8cfe22abd71377"
                        },
                        "meta": {
                            "e2bfb730-ecaa-11e6-8f88-34363bc7c4c0": {
                                "create": 600000000000,
                                "delete": 600000000000
                            },
                            "schema_version": "1"
                        },
                        "tainted": false
                    },
                    "deposed": [],
                    "provider": "provider.aws"
                },
                "aws_subnet.SubnetExternal.0": {
                    "type": "aws_subnet",
                    "depends_on": [
                        "aws_vpc.docker",
                        "data.aws_availability_zones.available"
                    ],
                    "primary": {
                        "id": "subnet-02b16b7ccbc728a84",
                        "attributes": {
                            "arn": "arn:aws:ec2:eu-west-1:343329120365:subnet/subnet-02b16b7ccbc728a84",
                            "assign_ipv6_address_on_creation": "false",
                            "availability_zone": "eu-west-1a",
                            "cidr_block": "172.30.12.0/24",
                            "id": "subnet-02b16b7ccbc728a84",
                            "map_public_ip_on_launch": "true",
                            "tags.%": "1",
                            "tags.Name": "meetup42-SubnetExternal-1",
                            "vpc_id": "vpc-04f8cfe22abd71377"
                        },
                        "meta": {
                            "e2bfb730-ecaa-11e6-8f88-34363bc7c4c0": {
                                "create": 600000000000,
                                "delete": 600000000000
                            },
                            "schema_version": "1"
                        },
                        "tainted": false
                    },
                    "deposed": [],
                    "provider": "provider.aws"
                },
                "aws_subnet.SubnetExternal.1": {
                    "type": "aws_subnet",
                    "depends_on": [
                        "aws_vpc.docker",
                        "data.aws_availability_zones.available"
                    ],
                    "primary": {
                        "id": "subnet-0ffec08a3756319ec",
                        "attributes": {
                            "arn": "arn:aws:ec2:eu-west-1:343329120365:subnet/subnet-0ffec08a3756319ec",
                            "assign_ipv6_address_on_creation": "false",
                            "availability_zone": "eu-west-1b",
                            "cidr_block": "172.30.13.0/24",
                            "id": "subnet-0ffec08a3756319ec",
                            "map_public_ip_on_launch": "true",
                            "tags.%": "1",
                            "tags.Name": "meetup42-SubnetExternal-2",
                            "vpc_id": "vpc-04f8cfe22abd71377"
                        },
                        "meta": {
                            "e2bfb730-ecaa-11e6-8f88-34363bc7c4c0": {
                                "create": 600000000000,
                                "delete": 600000000000
                            },
                            "schema_version": "1"
                        },
                        "tainted": false
                    },
                    "deposed": [],
                    "provider": "provider.aws"
                },
                "aws_subnet.SubnetExternal.2": {
                    "type": "aws_subnet",
                    "depends_on": [
                        "aws_vpc.docker",
                        "data.aws_availability_zones.available"
                    ],
                    "primary": {
                        "id": "subnet-0d3065a03ede8708e",
                        "attributes": {
                            "arn": "arn:aws:ec2:eu-west-1:343329120365:subnet/subnet-0d3065a03ede8708e",
                            "assign_ipv6_address_on_creation": "false",
                            "availability_zone": "eu-west-1c",
                            "cidr_block": "172.30.14.0/24",
                            "id": "subnet-0d3065a03ede8708e",
                            "map_public_ip_on_launch": "true",
                            "tags.%": "1",
                            "tags.Name": "meetup42-SubnetExternal-3",
                            "vpc_id": "vpc-04f8cfe22abd71377"
                        },
                        "meta": {
                            "e2bfb730-ecaa-11e6-8f88-34363bc7c4c0": {
                                "create": 600000000000,
                                "delete": 600000000000
                            },
                            "schema_version": "1"
                        },
                        "tainted": false
                    },
                    "deposed": [],
                    "provider": "provider.aws"
                },
                "aws_subnet.SubnetSwarm.0": {
                    "type": "aws_subnet",
                    "depends_on": [
                        "aws_vpc.docker",
                        "data.aws_availability_zones.available"
                    ],
                    "primary": {
                        "id": "subnet-05d0b0646b3c99edc",
                        "attributes": {
                            "arn": "arn:aws:ec2:eu-west-1:343329120365:subnet/subnet-05d0b0646b3c99edc",
                            "assign_ipv6_address_on_creation": "false",
                            "availability_zone": "eu-west-1a",
                            "cidr_block": "172.30.0.0/24",
                            "id": "subnet-05d0b0646b3c99edc",
                            "map_public_ip_on_launch": "true",
                            "tags.%": "1",
                            "tags.Name": "meetup42-SubnetSwarm-1",
                            "vpc_id": "vpc-04f8cfe22abd71377"
                        },
                        "meta": {
                            "e2bfb730-ecaa-11e6-8f88-34363bc7c4c0": {
                                "create": 600000000000,
                                "delete": 600000000000
                            },
                            "schema_version": "1"
                        },
                        "tainted": false
                    },
                    "deposed": [],
                    "provider": "provider.aws"
                },
                "aws_subnet.SubnetSwarm.1": {
                    "type": "aws_subnet",
                    "depends_on": [
                        "aws_vpc.docker",
                        "data.aws_availability_zones.available"
                    ],
                    "primary": {
                        "id": "subnet-024c89613bd8752af",
                        "attributes": {
                            "arn": "arn:aws:ec2:eu-west-1:343329120365:subnet/subnet-024c89613bd8752af",
                            "assign_ipv6_address_on_creation": "false",
                            "availability_zone": "eu-west-1b",
                            "cidr_block": "172.30.1.0/24",
                            "id": "subnet-024c89613bd8752af",
                            "map_public_ip_on_launch": "true",
                            "tags.%": "1",
                            "tags.Name": "meetup42-SubnetSwarm-2",
                            "vpc_id": "vpc-04f8cfe22abd71377"
                        },
                        "meta": {
                            "e2bfb730-ecaa-11e6-8f88-34363bc7c4c0": {
                                "create": 600000000000,
                                "delete": 600000000000
                            },
                            "schema_version": "1"
                        },
                        "tainted": false
                    },
                    "deposed": [],
                    "provider": "provider.aws"
                },
                "aws_subnet.SubnetSwarm.2": {
                    "type": "aws_subnet",
                    "depends_on": [
                        "aws_vpc.docker",
                        "data.aws_availability_zones.available"
                    ],
                    "primary": {
                        "id": "subnet-030662562bf984ca5",
                        "attributes": {
                            "arn": "arn:aws:ec2:eu-west-1:343329120365:subnet/subnet-030662562bf984ca5",
                            "assign_ipv6_address_on_creation": "false",
                            "availability_zone": "eu-west-1c",
                            "cidr_block": "172.30.2.0/24",
                            "id": "subnet-030662562bf984ca5",
                            "map_public_ip_on_launch": "true",
                            "tags.%": "1",
                            "tags.Name": "meetup42-SubnetSwarm-3",
                            "vpc_id": "vpc-04f8cfe22abd71377"
                        },
                        "meta": {
                            "e2bfb730-ecaa-11e6-8f88-34363bc7c4c0": {
                                "create": 600000000000,
                                "delete": 600000000000
                            },
                            "schema_version": "1"
                        },
                        "tainted": false
                    },
                    "deposed": [],
                    "provider": "provider.aws"
                },
                "aws_subnet.SubnetUCP.0": {
                    "type": "aws_subnet",
                    "depends_on": [
                        "aws_vpc.docker",
                        "data.aws_availability_zones.available"
                    ],
                    "primary": {
                        "id": "subnet-0e23aab3f9b5b7a76",
                        "attributes": {
                            "arn": "arn:aws:ec2:eu-west-1:343329120365:subnet/subnet-0e23aab3f9b5b7a76",
                            "assign_ipv6_address_on_creation": "false",
                            "availability_zone": "eu-west-1a",
                            "cidr_block": "172.30.4.0/24",
                            "id": "subnet-0e23aab3f9b5b7a76",
                            "map_public_ip_on_launch": "true",
                            "tags.%": "1",
                            "tags.Name": "meetup42-SubnetUCP-1",
                            "vpc_id": "vpc-04f8cfe22abd71377"
                        },
                        "meta": {
                            "e2bfb730-ecaa-11e6-8f88-34363bc7c4c0": {
                                "create": 600000000000,
                                "delete": 600000000000
                            },
                            "schema_version": "1"
                        },
                        "tainted": false
                    },
                    "deposed": [],
                    "provider": "provider.aws"
                },
                "aws_subnet.SubnetUCP.1": {
                    "type": "aws_subnet",
                    "depends_on": [
                        "aws_vpc.docker",
                        "data.aws_availability_zones.available"
                    ],
                    "primary": {
                        "id": "subnet-0ff0dd5a70706cb7e",
                        "attributes": {
                            "arn": "arn:aws:ec2:eu-west-1:343329120365:subnet/subnet-0ff0dd5a70706cb7e",
                            "assign_ipv6_address_on_creation": "false",
                            "availability_zone": "eu-west-1b",
                            "cidr_block": "172.30.5.0/24",
                            "id": "subnet-0ff0dd5a70706cb7e",
                            "map_public_ip_on_launch": "true",
                            "tags.%": "1",
                            "tags.Name": "meetup42-SubnetUCP-2",
                            "vpc_id": "vpc-04f8cfe22abd71377"
                        },
                        "meta": {
                            "e2bfb730-ecaa-11e6-8f88-34363bc7c4c0": {
                                "create": 600000000000,
                                "delete": 600000000000
                            },
                            "schema_version": "1"
                        },
                        "tainted": false
                    },
                    "deposed": [],
                    "provider": "provider.aws"
                },
                "aws_subnet.SubnetUCP.2": {
                    "type": "aws_subnet",
                    "depends_on": [
                        "aws_vpc.docker",
                        "data.aws_availability_zones.available"
                    ],
                    "primary": {
                        "id": "subnet-07f5ddebee06ba8f6",
                        "attributes": {
                            "arn": "arn:aws:ec2:eu-west-1:343329120365:subnet/subnet-07f5ddebee06ba8f6",
                            "assign_ipv6_address_on_creation": "false",
                            "availability_zone": "eu-west-1c",
                            "cidr_block": "172.30.6.0/24",
                            "id": "subnet-07f5ddebee06ba8f6",
                            "map_public_ip_on_launch": "true",
                            "tags.%": "1",
                            "tags.Name": "meetup42-SubnetUCP-3",
                            "vpc_id": "vpc-04f8cfe22abd71377"
                        },
                        "meta": {
                            "e2bfb730-ecaa-11e6-8f88-34363bc7c4c0": {
                                "create": 600000000000,
                                "delete": 600000000000
                            },
                            "schema_version": "1"
                        },
                        "tainted": false
                    },
                    "deposed": [],
                    "provider": "provider.aws"
                },
                "aws_vpc.docker": {
                    "type": "aws_vpc",
                    "depends_on": [],
                    "primary": {
                        "id": "vpc-04f8cfe22abd71377",
                        "attributes": {
                            "arn": "arn:aws:ec2:eu-west-1:343329120365:vpc/vpc-04f8cfe22abd71377",
                            "assign_generated_ipv6_cidr_block": "false",
                            "cidr_block": "172.30.0.0/16",
                            "default_network_acl_id": "acl-01afbfc5275f9f786",
                            "default_route_table_id": "rtb-03124123d68b1688e",
                            "default_security_group_id": "sg-0c8fe43e2a1fec390",
                            "dhcp_options_id": "dopt-cc4ea7a9",
                            "enable_classiclink": "false",
                            "enable_classiclink_dns_support": "false",
                            "enable_dns_hostnames": "true",
                            "enable_dns_support": "true",
                            "id": "vpc-04f8cfe22abd71377",
                            "instance_tenancy": "default",
                            "main_route_table_id": "rtb-03124123d68b1688e",
                            "tags.%": "1",
                            "tags.Name": "meetup42-vpc"
                        },
                        "meta": {
                            "schema_version": "1"
                        },
                        "tainted": false
                    },
                    "deposed": [],
                    "provider": "provider.aws"
                },
                "data.aws_availability_zones.available": {
                    "type": "aws_availability_zones",
                    "depends_on": [],
                    "primary": {
                        "id": "2018-10-29 17:40:45.974614 +0000 UTC",
                        "attributes": {
                            "id": "2018-10-29 17:40:45.974614 +0000 UTC",
                            "names.#": "3",
                            "names.0": "eu-west-1a",
                            "names.1": "eu-west-1b",
                            "names.2": "eu-west-1c"
                        },
                        "meta": {},
                        "tainted": false
                    },
                    "deposed": [],
                    "provider": "provider.aws"
                },
                "data.template_file.extra_opts": {
                    "type": "template_file",
                    "depends_on": [
                        "aws_s3_bucket.dtr_storage_bucket",
                        "local.aws_efs_gp",
                        "local.ucp_admin_password",
                        "random_string.aws_stack_id"
                    ],
                    "primary": {
                        "id": "e51a91d34c009ec445a59137982ef411a9107e53326979b59c4ee243ba94245d",
                        "attributes": {
                            "id": "e51a91d34c009ec445a59137982ef411a9107e53326979b59c4ee243ba94245d",
                            "rendered": "aws_region=eu-west-1\naws_dtr_storage_bucket=dtr20181029174054206200000002\n\ndocker_ucp_license_path=\ndocker_ucp_admin_password=Admin123\n\ncloudstor_plugin_options=\"CLOUD_PLATFORM=AWS EFS_ID_REGULAR= EFS_SUPPORTED=0 AWS_STACK_ID=DuT7V90rOlZPCd3m AWS_REGION=eu-west-1\"\n\ndocker_storage_volume=\"/dev/xvdf\"\n",
                            "template": "aws_region=${region}\naws_dtr_storage_bucket=${dtr_storage_bucket}\n\ndocker_ucp_license_path=${ucp_license_path}\ndocker_ucp_admin_password=${ucp_admin_password}\n\ncloudstor_plugin_options=\"CLOUD_PLATFORM=AWS EFS_ID_REGULAR=${efs_gp} EFS_SUPPORTED=${efs_supported} AWS_STACK_ID=${stack_id} AWS_REGION=${region}\"\n\ndocker_storage_volume=\"/dev/xvdf\"\n",
                            "vars.%": "7",
                            "vars.dtr_storage_bucket": "dtr20181029174054206200000002",
                            "vars.efs_gp": "",
                            "vars.efs_supported": "0",
                            "vars.region": "eu-west-1",
                            "vars.stack_id": "DuT7V90rOlZPCd3m",
                            "vars.ucp_admin_password": "Admin123",
                            "vars.ucp_license_path": ""
                        },
                        "meta": {},
                        "tainted": false
                    },
                    "deposed": [],
                    "provider": "provider.template"
                },
                "random_string.aws_stack_id": {
                    "type": "random_string",
                    "depends_on": [],
                    "primary": {
                        "id": "none",
                        "attributes": {
                            "id": "none",
                            "length": "16",
                            "lower": "true",
                            "min_lower": "0",
                            "min_numeric": "0",
                            "min_special": "0",
                            "min_upper": "0",
                            "number": "true",
                            "result": "DuT7V90rOlZPCd3m",
                            "special": "false",
                            "upper": "true"
                        },
                        "meta": {
                            "schema_version": "1"
                        },
                        "tainted": false
                    },
                    "deposed": [],
                    "provider": "provider.random"
                },
                "random_string.ucp_password": {
                    "type": "random_string",
                    "depends_on": [],
                    "primary": {
                        "id": "none",
                        "attributes": {
                            "id": "none",
                            "keepers.%": "1",
                            "keepers.deployment": "meetup42",
                            "length": "12",
                            "lower": "true",
                            "min_lower": "0",
                            "min_numeric": "0",
                            "min_special": "0",
                            "min_upper": "0",
                            "number": "true",
                            "result": "aSS6NWDwEYtm",
                            "special": "false",
                            "upper": "true"
                        },
                        "meta": {
                            "schema_version": "1"
                        },
                        "tainted": false
                    },
                    "deposed": [],
                    "provider": "provider.random"
                },
                "random_string.windows_password": {
                    "type": "random_string",
                    "depends_on": [],
                    "primary": {
                        "id": "none",
                        "attributes": {
                            "id": "none",
                            "keepers.%": "1",
                            "keepers.deployment": "meetup42",
                            "length": "16",
                            "lower": "true",
                            "min_lower": "0",
                            "min_numeric": "0",
                            "min_special": "0",
                            "min_upper": "0",
                            "number": "true",
                            "result": "98EtIG2p0hAlDtC2",
                            "special": "false",
                            "upper": "true"
                        },
                        "meta": {
                            "schema_version": "1"
                        },
                        "tainted": false
                    },
                    "deposed": [],
                    "provider": "provider.random"
                }
            },
            "depends_on": []
        },
        {
            "path": [
                "root",
                "inventory"
            ],
            "outputs": {
                "hosts_content": {
                    "sensitive": false,
                    "type": "string",
                    "value": "# This hostfile has been generated by terraform.\n\n[linux-ucp-manager-primary]\ni-0f1e8aa77e668a057 ansible_user=centos ansible_host=34.244.19.237\n\n[linux-ucp-manager-replicas]\n\n\n[linux-dtr-worker-primary]\ni-05b62cc2be58cfb8b ansible_user=centos ansible_host=52.210.243.40\n\n[linux-dtr-worker-replicas]\n\n\n[linux-workers]\ni-0b2eca0674cb47b06 ansible_user=centos ansible_host=18.203.136.230\n\n[windows-workers]\n\n\n[linux-databases]\n\n\n[linux-build-servers]\n\n\n[windows-databases]\n\n\n[windows-build-servers]\n\n\n[all:vars]\ninfra_stack=aws\ndocker_ucp_lb=meetup42-ucp-elb-953301250.eu-west-1.elb.amazonaws.com\ndocker_dtr_lb=meetup42-dtr-elb-1917588128.eu-west-1.elb.amazonaws.com\naws_region=eu-west-1\naws_dtr_storage_bucket=dtr20181029174054206200000002\n\ndocker_ucp_license_path=\ndocker_ucp_admin_password=Admin123\n\ncloudstor_plugin_options=\"CLOUD_PLATFORM=AWS EFS_ID_REGULAR= EFS_SUPPORTED=0 AWS_STACK_ID=DuT7V90rOlZPCd3m AWS_REGION=eu-west-1\"\n\ndocker_storage_volume=\"/dev/xvdf\"\n\n\n[ucp-load-balancer]\n\n\n[dtr-load-balancer]\n\n"
                },
                "hosts_file": {
                    "sensitive": false,
                    "type": "string",
                    "value": "Ansible hosts file location: ./inventory/1.hosts"
                }
            },
            "resources": {
                "data.template_file.inventory": {
                    "type": "template_file",
                    "depends_on": [
                        "local.linux_dtr_worker_primary_ip",
                        "local.linux_dtr_worker_primary_name",
                        "local.linux_dtr_worker_replica_ips",
                        "local.linux_dtr_worker_replica_names",
                        "local.linux_ucp_manager_primary_ip",
                        "local.linux_ucp_manager_primary_name",
                        "local.linux_ucp_manager_replica_ips",
                        "local.linux_ucp_manager_replica_names",
                        "local.load_balancers"
                    ],
                    "primary": {
                        "id": "e3e94be4ee798084b87ae936a4f653869c4e92c1067c1c46a1553b7932c9df36",
                        "attributes": {
                            "id": "e3e94be4ee798084b87ae936a4f653869c4e92c1067c1c46a1553b7932c9df36",
                            "rendered": "# This hostfile has been generated by terraform.\n\n[linux-ucp-manager-primary]\ni-0f1e8aa77e668a057 ansible_user=centos ansible_host=34.244.19.237\n\n[linux-ucp-manager-replicas]\n\n\n[linux-dtr-worker-primary]\ni-05b62cc2be58cfb8b ansible_user=centos ansible_host=52.210.243.40\n\n[linux-dtr-worker-replicas]\n\n\n[linux-workers]\ni-0b2eca0674cb47b06 ansible_user=centos ansible_host=18.203.136.230\n\n[windows-workers]\n\n\n[linux-databases]\n\n\n[linux-build-servers]\n\n\n[windows-databases]\n\n\n[windows-build-servers]\n\n\n[all:vars]\ninfra_stack=aws\ndocker_ucp_lb=meetup42-ucp-elb-953301250.eu-west-1.elb.amazonaws.com\ndocker_dtr_lb=meetup42-dtr-elb-1917588128.eu-west-1.elb.amazonaws.com\naws_region=eu-west-1\naws_dtr_storage_bucket=dtr20181029174054206200000002\n\ndocker_ucp_license_path=\ndocker_ucp_admin_password=Admin123\n\ncloudstor_plugin_options=\"CLOUD_PLATFORM=AWS EFS_ID_REGULAR= EFS_SUPPORTED=0 AWS_STACK_ID=DuT7V90rOlZPCd3m AWS_REGION=eu-west-1\"\n\ndocker_storage_volume=\"/dev/xvdf\"\n\n\n[ucp-load-balancer]\n\n\n[dtr-load-balancer]\n\n",
                            "template": "# This hostfile has been generated by terraform.\n\n[linux-ucp-manager-primary]\n${linux_manager_primary}\n\n[linux-ucp-manager-replicas]\n${linux_manager_replicas}\n\n[linux-dtr-worker-primary]\n${linux_dtr_primary}\n\n[linux-dtr-worker-replicas]\n${linux_dtr_replicas}\n\n[linux-workers]\n${linux_workers}\n\n[windows-workers]\n${windows_workers}\n\n[linux-databases]\n${linux_databases}\n\n[linux-build-servers]\n${linux_build}\n\n[windows-databases]\n${windows_databases}\n\n[windows-build-servers]\n${windows_build}\n\n[all:vars]\ninfra_stack=${infra_stack}\n${load_balancers}\n${extra_vars}\n\n[ucp-load-balancer]\n${linux_ucp_lbs}\n\n[dtr-load-balancer]\n${linux_dtr_lbs}\n",
                            "vars.%": "15",
                            "vars.extra_vars": "aws_region=eu-west-1\naws_dtr_storage_bucket=dtr20181029174054206200000002\n\ndocker_ucp_license_path=\ndocker_ucp_admin_password=Admin123\n\ncloudstor_plugin_options=\"CLOUD_PLATFORM=AWS EFS_ID_REGULAR= EFS_SUPPORTED=0 AWS_STACK_ID=DuT7V90rOlZPCd3m AWS_REGION=eu-west-1\"\n\ndocker_storage_volume=\"/dev/xvdf\"\n",
                            "vars.infra_stack": "aws",
                            "vars.linux_build": "",
                            "vars.linux_databases": "",
                            "vars.linux_dtr_lbs": "",
                            "vars.linux_dtr_primary": "i-05b62cc2be58cfb8b ansible_user=centos ansible_host=52.210.243.40",
                            "vars.linux_dtr_replicas": "",
                            "vars.linux_manager_primary": "i-0f1e8aa77e668a057 ansible_user=centos ansible_host=34.244.19.237",
                            "vars.linux_manager_replicas": "",
                            "vars.linux_ucp_lbs": "",
                            "vars.linux_workers": "i-0b2eca0674cb47b06 ansible_user=centos ansible_host=18.203.136.230",
                            "vars.load_balancers": "docker_ucp_lb=meetup42-ucp-elb-953301250.eu-west-1.elb.amazonaws.com\ndocker_dtr_lb=meetup42-dtr-elb-1917588128.eu-west-1.elb.amazonaws.com",
                            "vars.windows_build": "",
                            "vars.windows_databases": "",
                            "vars.windows_workers": ""
                        },
                        "meta": {},
                        "tainted": false
                    },
                    "deposed": [],
                    "provider": "module.inventory.provider.template"
                },
                "local_file.ansible_inventory": {
                    "type": "local_file",
                    "depends_on": [
                        "data.template_file.inventory"
                    ],
                    "primary": {
                        "id": "2193aa20f0eb0ced793dab5c9548b7649ede8b93",
                        "attributes": {
                            "content": "# This hostfile has been generated by terraform.\n\n[linux-ucp-manager-primary]\ni-0f1e8aa77e668a057 ansible_user=centos ansible_host=34.244.19.237\n\n[linux-ucp-manager-replicas]\n\n\n[linux-dtr-worker-primary]\ni-05b62cc2be58cfb8b ansible_user=centos ansible_host=52.210.243.40\n\n[linux-dtr-worker-replicas]\n\n\n[linux-workers]\ni-0b2eca0674cb47b06 ansible_user=centos ansible_host=18.203.136.230\n\n[windows-workers]\n\n\n[linux-databases]\n\n\n[linux-build-servers]\n\n\n[windows-databases]\n\n\n[windows-build-servers]\n\n\n[all:vars]\ninfra_stack=aws\ndocker_ucp_lb=meetup42-ucp-elb-953301250.eu-west-1.elb.amazonaws.com\ndocker_dtr_lb=meetup42-dtr-elb-1917588128.eu-west-1.elb.amazonaws.com\naws_region=eu-west-1\naws_dtr_storage_bucket=dtr20181029174054206200000002\n\ndocker_ucp_license_path=\ndocker_ucp_admin_password=Admin123\n\ncloudstor_plugin_options=\"CLOUD_PLATFORM=AWS EFS_ID_REGULAR= EFS_SUPPORTED=0 AWS_STACK_ID=DuT7V90rOlZPCd3m AWS_REGION=eu-west-1\"\n\ndocker_storage_volume=\"/dev/xvdf\"\n\n\n[ucp-load-balancer]\n\n\n[dtr-load-balancer]\n\n",
                            "filename": "./inventory/1.hosts",
                            "id": "2193aa20f0eb0ced793dab5c9548b7649ede8b93"
                        },
                        "meta": {},
                        "tainted": false
                    },
                    "deposed": [],
                    "provider": "module.inventory.provider.local"
                }
            },
            "depends_on": []
        }
    ]
}
