{
    "version": 3,
    "terraform_version": "0.11.8",
    "serial": 47,
    "lineage": "b6fe6b92-130b-c37c-aa7d-3e58168358b1",
    "modules": [
        {
            "path": [
                "root"
            ],
            "outputs": {
                "AppDNSTarget": {
                    "sensitive": false,
                    "type": "string",
                    "value": "meetup42-apps-elb-60559791.eu-west-1.elb.amazonaws.com"
                },
                "DTRDNSTarget": {
                    "sensitive": false,
                    "type": "string",
                    "value": "meetup42-dtr-elb-1609878128.eu-west-1.elb.amazonaws.com"
                },
                "UCPDNSTarget": {
                    "sensitive": false,
                    "type": "string",
                    "value": "meetup42-ucp-elb-727570436.eu-west-1.elb.amazonaws.com"
                }
            },
            "resources": {
                "aws_autoscaling_group.asg_dtr_workers": {
                    "type": "aws_autoscaling_group",
                    "depends_on": [
                        "aws_elb.apps-elb",
                        "aws_elb.dtr-elb",
                        "aws_elb.ucp-elb",
                        "aws_launch_configuration.dtr_workers_asg_lc",
                        "aws_placement_group.dtr_workers",
                        "aws_subnet.SubnetSwarm.*"
                    ],
                    "primary": {
                        "id": "meetup42-dtr-workers-asg",
                        "attributes": {
                            "arn": "arn:aws:autoscaling:eu-west-1:343329120365:autoScalingGroup:4bd40c0a-d904-40c6-9511-b756d396cc20:autoScalingGroupName/meetup42-dtr-workers-asg",
                            "availability_zones.#": "3",
                            "availability_zones.1924028850": "eu-west-1b",
                            "availability_zones.3953592328": "eu-west-1a",
                            "availability_zones.94988580": "eu-west-1c",
                            "default_cooldown": "300",
                            "desired_capacity": "1",
                            "enabled_metrics.#": "0",
                            "force_delete": "false",
                            "health_check_grace_period": "300",
                            "health_check_type": "ELB",
                            "id": "meetup42-dtr-workers-asg",
                            "launch_configuration": "meetup42-dtr-workers-launchconfig",
                            "launch_template.#": "0",
                            "load_balancers.#": "1",
                            "load_balancers.2226478922": "meetup42-dtr-elb",
                            "max_size": "1",
                            "metrics_granularity": "1Minute",
                            "min_size": "1",
                            "name": "meetup42-dtr-workers-asg",
                            "placement_group": "dtr_workers",
                            "protect_from_scale_in": "false",
                            "service_linked_role_arn": "arn:aws:iam::343329120365:role/aws-service-role/autoscaling.amazonaws.com/AWSServiceRoleForAutoScaling",
                            "suspended_processes.#": "0",
                            "tags.#": "1",
                            "tags.0.%": "3",
                            "tags.0.key": "Name",
                            "tags.0.propagate_at_launch": "true",
                            "tags.0.value": "meetup42-dtr-worker",
                            "target_group_arns.#": "0",
                            "termination_policies.#": "0",
                            "vpc_zone_identifier.#": "3",
                            "vpc_zone_identifier.1000242699": "subnet-0b613e2e2fd739f72",
                            "vpc_zone_identifier.1943321987": "subnet-056afe70c3f349af2",
                            "vpc_zone_identifier.3849213213": "subnet-0c8c5e430a8937b0e",
                            "wait_for_capacity_timeout": "10m"
                        },
                        "meta": {
                            "e2bfb730-ecaa-11e6-8f88-34363bc7c4c0": {
                                "delete": 600000000000
                            }
                        },
                        "tainted": false
                    },
                    "deposed": [],
                    "provider": "provider.aws"
                },
                "aws_autoscaling_group.asg_managers": {
                    "type": "aws_autoscaling_group",
                    "depends_on": [
                        "aws_elb.apps-elb",
                        "aws_elb.dtr-elb",
                        "aws_elb.ucp-elb",
                        "aws_launch_configuration.managers_asg_lc",
                        "aws_placement_group.managers",
                        "aws_subnet.SubnetSwarm.*"
                    ],
                    "primary": {
                        "id": "meetup42-managers-asg",
                        "attributes": {
                            "arn": "arn:aws:autoscaling:eu-west-1:343329120365:autoScalingGroup:beda1f01-6589-4a6c-bd6f-a2b589aa4e22:autoScalingGroupName/meetup42-managers-asg",
                            "availability_zones.#": "3",
                            "availability_zones.1924028850": "eu-west-1b",
                            "availability_zones.3953592328": "eu-west-1a",
                            "availability_zones.94988580": "eu-west-1c",
                            "default_cooldown": "300",
                            "desired_capacity": "1",
                            "enabled_metrics.#": "0",
                            "force_delete": "false",
                            "health_check_grace_period": "300",
                            "health_check_type": "ELB",
                            "id": "meetup42-managers-asg",
                            "launch_configuration": "meetup42-managers-launchconfig",
                            "launch_template.#": "0",
                            "load_balancers.#": "1",
                            "load_balancers.554674547": "meetup42-ucp-elb",
                            "max_size": "1",
                            "metrics_granularity": "1Minute",
                            "min_size": "1",
                            "name": "meetup42-managers-asg",
                            "placement_group": "managers",
                            "protect_from_scale_in": "false",
                            "service_linked_role_arn": "arn:aws:iam::343329120365:role/aws-service-role/autoscaling.amazonaws.com/AWSServiceRoleForAutoScaling",
                            "suspended_processes.#": "0",
                            "tags.#": "1",
                            "tags.0.%": "3",
                            "tags.0.key": "Name",
                            "tags.0.propagate_at_launch": "true",
                            "tags.0.value": "meetup42-manager",
                            "target_group_arns.#": "0",
                            "termination_policies.#": "0",
                            "vpc_zone_identifier.#": "3",
                            "vpc_zone_identifier.1000242699": "subnet-0b613e2e2fd739f72",
                            "vpc_zone_identifier.1943321987": "subnet-056afe70c3f349af2",
                            "vpc_zone_identifier.3849213213": "subnet-0c8c5e430a8937b0e",
                            "wait_for_capacity_timeout": "10m"
                        },
                        "meta": {
                            "e2bfb730-ecaa-11e6-8f88-34363bc7c4c0": {
                                "delete": 600000000000
                            }
                        },
                        "tainted": false
                    },
                    "deposed": [],
                    "provider": "provider.aws"
                },
                "aws_autoscaling_group.asg_workers": {
                    "type": "aws_autoscaling_group",
                    "depends_on": [
                        "aws_elb.apps-elb",
                        "aws_elb.dtr-elb",
                        "aws_elb.ucp-elb",
                        "aws_launch_configuration.workers_asg_lc",
                        "aws_placement_group.workers",
                        "aws_subnet.SubnetSwarm.*"
                    ],
                    "primary": {
                        "id": "meetup42-workers-asg",
                        "attributes": {
                            "arn": "arn:aws:autoscaling:eu-west-1:343329120365:autoScalingGroup:9e92f3fa-fba5-4324-a108-8774cba140ae:autoScalingGroupName/meetup42-workers-asg",
                            "availability_zones.#": "3",
                            "availability_zones.1924028850": "eu-west-1b",
                            "availability_zones.3953592328": "eu-west-1a",
                            "availability_zones.94988580": "eu-west-1c",
                            "default_cooldown": "300",
                            "desired_capacity": "1",
                            "enabled_metrics.#": "0",
                            "force_delete": "false",
                            "health_check_grace_period": "300",
                            "health_check_type": "ELB",
                            "id": "meetup42-workers-asg",
                            "launch_configuration": "meetup42-workers-launchconfig",
                            "launch_template.#": "0",
                            "load_balancers.#": "1",
                            "load_balancers.1585802797": "meetup42-apps-elb",
                            "max_size": "1",
                            "metrics_granularity": "1Minute",
                            "min_size": "1",
                            "name": "meetup42-workers-asg",
                            "placement_group": "workers",
                            "protect_from_scale_in": "false",
                            "service_linked_role_arn": "arn:aws:iam::343329120365:role/aws-service-role/autoscaling.amazonaws.com/AWSServiceRoleForAutoScaling",
                            "suspended_processes.#": "0",
                            "tags.#": "1",
                            "tags.0.%": "3",
                            "tags.0.key": "Name",
                            "tags.0.propagate_at_launch": "true",
                            "tags.0.value": "meetup42-worker",
                            "target_group_arns.#": "0",
                            "termination_policies.#": "0",
                            "vpc_zone_identifier.#": "3",
                            "vpc_zone_identifier.1000242699": "subnet-0b613e2e2fd739f72",
                            "vpc_zone_identifier.1943321987": "subnet-056afe70c3f349af2",
                            "vpc_zone_identifier.3849213213": "subnet-0c8c5e430a8937b0e",
                            "wait_for_capacity_timeout": "10m"
                        },
                        "meta": {
                            "e2bfb730-ecaa-11e6-8f88-34363bc7c4c0": {
                                "delete": 600000000000
                            }
                        },
                        "tainted": false
                    },
                    "deposed": [],
                    "provider": "provider.aws"
                },
                "aws_autoscaling_policy.as_policy_dtr_workers": {
                    "type": "aws_autoscaling_policy",
                    "depends_on": [
                        "aws_autoscaling_group.asg_dtr_workers"
                    ],
                    "primary": {
                        "id": "as_policy_dtr_workers",
                        "attributes": {
                            "adjustment_type": "ChangeInCapacity",
                            "arn": "arn:aws:autoscaling:eu-west-1:343329120365:scalingPolicy:f75bedd5-2486-4dfc-a0cb-3826388581e4:autoScalingGroupName/meetup42-dtr-workers-asg:policyName/as_policy_dtr_workers",
                            "autoscaling_group_name": "meetup42-dtr-workers-asg",
                            "cooldown": "300",
                            "estimated_instance_warmup": "0",
                            "id": "as_policy_dtr_workers",
                            "metric_aggregation_type": "",
                            "min_adjustment_step": "0",
                            "name": "as_policy_dtr_workers",
                            "policy_type": "SimpleScaling",
                            "scaling_adjustment": "1",
                            "step_adjustment.#": "0",
                            "target_tracking_configuration.#": "0"
                        },
                        "meta": {},
                        "tainted": false
                    },
                    "deposed": [],
                    "provider": "provider.aws"
                },
                "aws_autoscaling_policy.as_policy_managers": {
                    "type": "aws_autoscaling_policy",
                    "depends_on": [
                        "aws_autoscaling_group.asg_managers"
                    ],
                    "primary": {
                        "id": "as_policy_managers",
                        "attributes": {
                            "adjustment_type": "ChangeInCapacity",
                            "arn": "arn:aws:autoscaling:eu-west-1:343329120365:scalingPolicy:2be48022-5c9a-4f45-a719-07036a6621bf:autoScalingGroupName/meetup42-managers-asg:policyName/as_policy_managers",
                            "autoscaling_group_name": "meetup42-managers-asg",
                            "cooldown": "300",
                            "estimated_instance_warmup": "0",
                            "id": "as_policy_managers",
                            "metric_aggregation_type": "",
                            "min_adjustment_step": "0",
                            "name": "as_policy_managers",
                            "policy_type": "SimpleScaling",
                            "scaling_adjustment": "1",
                            "step_adjustment.#": "0",
                            "target_tracking_configuration.#": "0"
                        },
                        "meta": {},
                        "tainted": false
                    },
                    "deposed": [],
                    "provider": "provider.aws"
                },
                "aws_autoscaling_policy.as_policy_workers": {
                    "type": "aws_autoscaling_policy",
                    "depends_on": [
                        "aws_autoscaling_group.asg_workers"
                    ],
                    "primary": {
                        "id": "as_policy_workers",
                        "attributes": {
                            "adjustment_type": "ChangeInCapacity",
                            "arn": "arn:aws:autoscaling:eu-west-1:343329120365:scalingPolicy:8d7ac518-376a-43f6-8293-bee1fa7bfadf:autoScalingGroupName/meetup42-workers-asg:policyName/as_policy_workers",
                            "autoscaling_group_name": "meetup42-workers-asg",
                            "cooldown": "300",
                            "estimated_instance_warmup": "0",
                            "id": "as_policy_workers",
                            "metric_aggregation_type": "",
                            "min_adjustment_step": "0",
                            "name": "as_policy_workers",
                            "policy_type": "SimpleScaling",
                            "scaling_adjustment": "1",
                            "step_adjustment.#": "0",
                            "target_tracking_configuration.#": "0"
                        },
                        "meta": {},
                        "tainted": false
                    },
                    "deposed": [],
                    "provider": "provider.aws"
                },
                "aws_eip.natgw": {
                    "type": "aws_eip",
                    "depends_on": [
                        "aws_internet_gateway.igw"
                    ],
                    "primary": {
                        "id": "eipalloc-0169af182acc9a492",
                        "attributes": {
                            "association_id": "eipassoc-4e11c994",
                            "domain": "vpc",
                            "id": "eipalloc-0169af182acc9a492",
                            "instance": "",
                            "network_interface": "eni-0b7c0fe9821e2f2fe",
                            "private_ip": "172.30.16.88",
                            "public_ip": "63.32.5.84",
                            "tags.%": "1",
                            "tags.Name": "meetup42-ngw-eip",
                            "vpc": "true"
                        },
                        "meta": {
                            "e2bfb730-ecaa-11e6-8f88-34363bc7c4c0": {
                                "delete": 180000000000,
                                "read": 900000000000,
                                "update": 300000000000
                            }
                        },
                        "tainted": false
                    },
                    "deposed": [],
                    "provider": "provider.aws"
                },
                "aws_elb.apps-elb": {
                    "type": "aws_elb",
                    "depends_on": [
                        "aws_internet_gateway.igw",
                        "aws_security_group.apps",
                        "aws_subnet.SubnetExternal.*"
                    ],
                    "primary": {
                        "id": "meetup42-apps-elb",
                        "attributes": {
                            "access_logs.#": "0",
                            "arn": "arn:aws:elasticloadbalancing:eu-west-1:343329120365:loadbalancer/meetup42-apps-elb",
                            "availability_zones.#": "3",
                            "availability_zones.1924028850": "eu-west-1b",
                            "availability_zones.3953592328": "eu-west-1a",
                            "availability_zones.94988580": "eu-west-1c",
                            "connection_draining": "false",
                            "connection_draining_timeout": "300",
                            "cross_zone_load_balancing": "true",
                            "dns_name": "meetup42-apps-elb-60559791.eu-west-1.elb.amazonaws.com",
                            "health_check.#": "1",
                            "health_check.0.healthy_threshold": "2",
                            "health_check.0.interval": "30",
                            "health_check.0.target": "TCP:8443",
                            "health_check.0.timeout": "5",
                            "health_check.0.unhealthy_threshold": "10",
                            "id": "meetup42-apps-elb",
                            "idle_timeout": "60",
                            "instances.#": "0",
                            "internal": "false",
                            "listener.#": "2",
                            "listener.1309130541.instance_port": "8000",
                            "listener.1309130541.instance_protocol": "tcp",
                            "listener.1309130541.lb_port": "80",
                            "listener.1309130541.lb_protocol": "tcp",
                            "listener.1309130541.ssl_certificate_id": "",
                            "listener.3994985537.instance_port": "8443",
                            "listener.3994985537.instance_protocol": "tcp",
                            "listener.3994985537.lb_port": "443",
                            "listener.3994985537.lb_protocol": "tcp",
                            "listener.3994985537.ssl_certificate_id": "",
                            "name": "meetup42-apps-elb",
                            "security_groups.#": "1",
                            "security_groups.2830438394": "sg-0103b3bd5f389d986",
                            "source_security_group": "343329120365/meetup42_apps-default",
                            "source_security_group_id": "sg-0103b3bd5f389d986",
                            "subnets.#": "3",
                            "subnets.1983348661": "subnet-058e81a2dbda0f65c",
                            "subnets.2571875789": "subnet-04e7b77d8791fe9f4",
                            "subnets.966506955": "subnet-0a025e1fc7e55b1f4",
                            "tags.%": "0",
                            "zone_id": "Z32O12XQLNTSW2"
                        },
                        "meta": {},
                        "tainted": false
                    },
                    "deposed": [],
                    "provider": "provider.aws"
                },
                "aws_elb.dtr-elb": {
                    "type": "aws_elb",
                    "depends_on": [
                        "aws_internet_gateway.igw",
                        "aws_security_group.dtr",
                        "aws_subnet.SubnetDTR.*"
                    ],
                    "primary": {
                        "id": "meetup42-dtr-elb",
                        "attributes": {
                            "access_logs.#": "0",
                            "arn": "arn:aws:elasticloadbalancing:eu-west-1:343329120365:loadbalancer/meetup42-dtr-elb",
                            "availability_zones.#": "3",
                            "availability_zones.1924028850": "eu-west-1b",
                            "availability_zones.3953592328": "eu-west-1a",
                            "availability_zones.94988580": "eu-west-1c",
                            "connection_draining": "false",
                            "connection_draining_timeout": "300",
                            "cross_zone_load_balancing": "true",
                            "dns_name": "meetup42-dtr-elb-1609878128.eu-west-1.elb.amazonaws.com",
                            "health_check.#": "1",
                            "health_check.0.healthy_threshold": "2",
                            "health_check.0.interval": "30",
                            "health_check.0.target": "TCP:443",
                            "health_check.0.timeout": "5",
                            "health_check.0.unhealthy_threshold": "10",
                            "id": "meetup42-dtr-elb",
                            "idle_timeout": "240",
                            "instances.#": "0",
                            "internal": "false",
                            "listener.#": "2",
                            "listener.2974294026.instance_port": "80",
                            "listener.2974294026.instance_protocol": "tcp",
                            "listener.2974294026.lb_port": "80",
                            "listener.2974294026.lb_protocol": "tcp",
                            "listener.2974294026.ssl_certificate_id": "",
                            "listener.610193557.instance_port": "443",
                            "listener.610193557.instance_protocol": "tcp",
                            "listener.610193557.lb_port": "443",
                            "listener.610193557.lb_protocol": "tcp",
                            "listener.610193557.ssl_certificate_id": "",
                            "name": "meetup42-dtr-elb",
                            "security_groups.#": "1",
                            "security_groups.245856661": "sg-044f3d596d1dd11fa",
                            "source_security_group": "343329120365/meetup42_dtr-default",
                            "source_security_group_id": "sg-044f3d596d1dd11fa",
                            "subnets.#": "3",
                            "subnets.3077498626": "subnet-00a29ac4df5642107",
                            "subnets.3303235361": "subnet-09582e6554f8396d0",
                            "subnets.4066256045": "subnet-08385d59fc25976a1",
                            "tags.%": "0",
                            "zone_id": "Z32O12XQLNTSW2"
                        },
                        "meta": {},
                        "tainted": false
                    },
                    "deposed": [],
                    "provider": "provider.aws"
                },
                "aws_elb.ucp-elb": {
                    "type": "aws_elb",
                    "depends_on": [
                        "aws_internet_gateway.igw",
                        "aws_security_group.elb",
                        "aws_subnet.SubnetUCP.*"
                    ],
                    "primary": {
                        "id": "meetup42-ucp-elb",
                        "attributes": {
                            "access_logs.#": "0",
                            "arn": "arn:aws:elasticloadbalancing:eu-west-1:343329120365:loadbalancer/meetup42-ucp-elb",
                            "availability_zones.#": "3",
                            "availability_zones.1924028850": "eu-west-1b",
                            "availability_zones.3953592328": "eu-west-1a",
                            "availability_zones.94988580": "eu-west-1c",
                            "connection_draining": "false",
                            "connection_draining_timeout": "300",
                            "cross_zone_load_balancing": "true",
                            "dns_name": "meetup42-ucp-elb-727570436.eu-west-1.elb.amazonaws.com",
                            "health_check.#": "1",
                            "health_check.0.healthy_threshold": "2",
                            "health_check.0.interval": "30",
                            "health_check.0.target": "TCP:443",
                            "health_check.0.timeout": "5",
                            "health_check.0.unhealthy_threshold": "10",
                            "id": "meetup42-ucp-elb",
                            "idle_timeout": "240",
                            "instances.#": "0",
                            "internal": "false",
                            "listener.#": "2",
                            "listener.3838681924.instance_port": "6443",
                            "listener.3838681924.instance_protocol": "tcp",
                            "listener.3838681924.lb_port": "6443",
                            "listener.3838681924.lb_protocol": "tcp",
                            "listener.3838681924.ssl_certificate_id": "",
                            "listener.610193557.instance_port": "443",
                            "listener.610193557.instance_protocol": "tcp",
                            "listener.610193557.lb_port": "443",
                            "listener.610193557.lb_protocol": "tcp",
                            "listener.610193557.ssl_certificate_id": "",
                            "name": "meetup42-ucp-elb",
                            "security_groups.#": "1",
                            "security_groups.3021554573": "sg-019353cc8d8636ed4",
                            "source_security_group": "343329120365/meetup42_elb-default",
                            "source_security_group_id": "sg-019353cc8d8636ed4",
                            "subnets.#": "3",
                            "subnets.1342078262": "subnet-0404f8f11b4305478",
                            "subnets.2852541532": "subnet-06c304edcd03d1b12",
                            "subnets.3043935327": "subnet-018a4c8b7fc446bf7",
                            "tags.%": "0",
                            "zone_id": "Z32O12XQLNTSW2"
                        },
                        "meta": {},
                        "tainted": false
                    },
                    "deposed": [],
                    "provider": "provider.aws"
                },
                "aws_iam_instance_profile.dtr_instance_profile": {
                    "type": "aws_iam_instance_profile",
                    "depends_on": [
                        "aws_iam_role.dtr_iam_role"
                    ],
                    "primary": {
                        "id": "meetup42_dtr_instance_profile",
                        "attributes": {
                            "arn": "arn:aws:iam::343329120365:instance-profile/meetup42_dtr_instance_profile",
                            "create_date": "2018-10-29T11:54:13Z",
                            "id": "meetup42_dtr_instance_profile",
                            "name": "meetup42_dtr_instance_profile",
                            "path": "/",
                            "role": "meetup42_dtr_iam_role",
                            "roles.#": "1",
                            "roles.3569885215": "meetup42_dtr_iam_role",
                            "unique_id": "AIPAINRDACEFDHX7LOYP6"
                        },
                        "meta": {},
                        "tainted": false
                    },
                    "deposed": [],
                    "provider": "provider.aws"
                },
                "aws_iam_role.dtr_iam_role": {
                    "type": "aws_iam_role",
                    "depends_on": [],
                    "primary": {
                        "id": "meetup42_dtr_iam_role",
                        "attributes": {
                            "arn": "arn:aws:iam::343329120365:role/meetup42_dtr_iam_role",
                            "assume_role_policy": "{\"Version\":\"2012-10-17\",\"Statement\":[{\"Sid\":\"\",\"Effect\":\"Allow\",\"Principal\":{\"Service\":\"ec2.amazonaws.com\"},\"Action\":\"sts:AssumeRole\"}]}",
                            "create_date": "2018-10-29T11:54:11Z",
                            "description": "",
                            "force_detach_policies": "false",
                            "id": "meetup42_dtr_iam_role",
                            "max_session_duration": "3600",
                            "name": "meetup42_dtr_iam_role",
                            "path": "/",
                            "unique_id": "AROAJODZQTR2YF4C6B42W"
                        },
                        "meta": {},
                        "tainted": false
                    },
                    "deposed": [],
                    "provider": "provider.aws"
                },
                "aws_iam_role_policy.dtr_iam_role_policy": {
                    "type": "aws_iam_role_policy",
                    "depends_on": [
                        "aws_iam_role.dtr_iam_role",
                        "aws_s3_bucket.dtr_storage_bucket"
                    ],
                    "primary": {
                        "id": "meetup42_dtr_iam_role:meetup42_dtr_iam_role_policy",
                        "attributes": {
                            "id": "meetup42_dtr_iam_role:meetup42_dtr_iam_role_policy",
                            "name": "meetup42_dtr_iam_role_policy",
                            "policy": "{\n  \"Version\": \"2012-10-17\",\n  \"Statement\": [\n    {\n      \"Effect\": \"Allow\",\n      \"Action\": [\n        \"ec2:CreateTags\",\n        \"ec2:DescribeTags\",\n\n        \"ec2:CreateSnapshot\",\n        \"ec2:DeleteSnapshot\",\n        \"ec2:DescribeSnapshots\",\n\n        \"ec2:CreateVolume\",\n        \"ec2:DeleteVolume\",\n        \"ec2:DescribeVolumes\",\n        \"ec2:AttachVolume\",\n        \"ec2:DetachVolume\",\n\n        \"logs:CreateLogStream\",\n        \"logs:PutLogEvents\",\n        \"cloudwatch:PutMetricData\"\n      ],\n      \"Resource\": \"*\"\n    },\n    {\n      \"Effect\": \"Allow\",\n      \"Action\": [\n        \"s3:ListBucket\",\n        \"s3:GetBucketLocation\",\n        \"s3:ListAllMyBuckets\",\n        \"s3:ListBucketMultipartUploads\"\n       ],\n      \"Resource\": [\"arn:aws:s3:::dtr20181029115411078800000002\"]\n    },\n    {\n      \"Effect\": \"Allow\",\n      \"Action\": [\n        \"s3:GetObject\",\n        \"s3:PutObject\",\n        \"s3:DeleteObject\",\n        \"s3:ListMultipartUploadParts\",\n        \"s3:AbortMultipartUpload\"\n      ],\n      \"Resource\": [\"arn:aws:s3:::dtr20181029115411078800000002/*\"]\n    }\n  ]\n}\n",
                            "role": "meetup42_dtr_iam_role"
                        },
                        "meta": {},
                        "tainted": false
                    },
                    "deposed": [],
                    "provider": "provider.aws"
                },
                "aws_internet_gateway.igw": {
                    "type": "aws_internet_gateway",
                    "depends_on": [
                        "aws_vpc.docker"
                    ],
                    "primary": {
                        "id": "igw-042bc97aaccb4a239",
                        "attributes": {
                            "id": "igw-042bc97aaccb4a239",
                            "tags.%": "1",
                            "tags.Name": "meetup42-igw",
                            "vpc_id": "vpc-0e87d576abcc9c0f6"
                        },
                        "meta": {},
                        "tainted": false
                    },
                    "deposed": [],
                    "provider": "provider.aws"
                },
                "aws_launch_configuration.dtr_workers_asg_lc": {
                    "type": "aws_launch_configuration",
                    "depends_on": [
                        "aws_iam_instance_profile.dtr_instance_profile",
                        "aws_security_group.ddc"
                    ],
                    "primary": {
                        "id": "meetup42-dtr-workers-launchconfig",
                        "attributes": {
                            "associate_public_ip_address": "false",
                            "ebs_block_device.#": "1",
                            "ebs_block_device.543519189.delete_on_termination": "true",
                            "ebs_block_device.543519189.device_name": "/dev/xvdf",
                            "ebs_block_device.543519189.encrypted": "false",
                            "ebs_block_device.543519189.iops": "0",
                            "ebs_block_device.543519189.no_device": "false",
                            "ebs_block_device.543519189.snapshot_id": "",
                            "ebs_block_device.543519189.volume_size": "8",
                            "ebs_block_device.543519189.volume_type": "gp2",
                            "ebs_optimized": "false",
                            "enable_monitoring": "true",
                            "ephemeral_block_device.#": "0",
                            "iam_instance_profile": "meetup42_dtr_instance_profile",
                            "id": "meetup42-dtr-workers-launchconfig",
                            "image_id": "ami-0d063c6b",
                            "instance_type": "m4.large",
                            "key_name": "ydaniel",
                            "name": "meetup42-dtr-workers-launchconfig",
                            "root_block_device.#": "1",
                            "root_block_device.0.delete_on_termination": "true",
                            "root_block_device.0.iops": "0",
                            "root_block_device.0.volume_size": "8",
                            "root_block_device.0.volume_type": "gp2",
                            "security_groups.#": "1",
                            "security_groups.4087821771": "sg-05f626a8e8634e1fb",
                            "spot_price": "",
                            "user_data": "e42e4509e72b61a47ae49c2e7fc2719135ad7f0f",
                            "vpc_classic_link_id": "",
                            "vpc_classic_link_security_groups.#": "0"
                        },
                        "meta": {},
                        "tainted": false
                    },
                    "deposed": [],
                    "provider": "provider.aws"
                },
                "aws_launch_configuration.managers_asg_lc": {
                    "type": "aws_launch_configuration",
                    "depends_on": [
                        "aws_iam_instance_profile.dtr_instance_profile",
                        "aws_security_group.ddc"
                    ],
                    "primary": {
                        "id": "meetup42-managers-launchconfig",
                        "attributes": {
                            "associate_public_ip_address": "false",
                            "ebs_block_device.#": "1",
                            "ebs_block_device.543519189.delete_on_termination": "true",
                            "ebs_block_device.543519189.device_name": "/dev/xvdf",
                            "ebs_block_device.543519189.encrypted": "false",
                            "ebs_block_device.543519189.iops": "0",
                            "ebs_block_device.543519189.no_device": "false",
                            "ebs_block_device.543519189.snapshot_id": "",
                            "ebs_block_device.543519189.volume_size": "8",
                            "ebs_block_device.543519189.volume_type": "gp2",
                            "ebs_optimized": "false",
                            "enable_monitoring": "true",
                            "ephemeral_block_device.#": "0",
                            "iam_instance_profile": "meetup42_dtr_instance_profile",
                            "id": "meetup42-managers-launchconfig",
                            "image_id": "ami-0d063c6b",
                            "instance_type": "m4.large",
                            "key_name": "ydaniel",
                            "name": "meetup42-managers-launchconfig",
                            "root_block_device.#": "1",
                            "root_block_device.0.delete_on_termination": "true",
                            "root_block_device.0.iops": "0",
                            "root_block_device.0.volume_size": "8",
                            "root_block_device.0.volume_type": "gp2",
                            "security_groups.#": "1",
                            "security_groups.4087821771": "sg-05f626a8e8634e1fb",
                            "spot_price": "",
                            "user_data": "e42e4509e72b61a47ae49c2e7fc2719135ad7f0f",
                            "vpc_classic_link_id": "",
                            "vpc_classic_link_security_groups.#": "0"
                        },
                        "meta": {},
                        "tainted": false
                    },
                    "deposed": [],
                    "provider": "provider.aws"
                },
                "aws_launch_configuration.workers_asg_lc": {
                    "type": "aws_launch_configuration",
                    "depends_on": [
                        "aws_iam_instance_profile.dtr_instance_profile",
                        "aws_security_group.ddc"
                    ],
                    "primary": {
                        "id": "meetup42-workers-launchconfig",
                        "attributes": {
                            "associate_public_ip_address": "false",
                            "ebs_block_device.#": "1",
                            "ebs_block_device.543519189.delete_on_termination": "true",
                            "ebs_block_device.543519189.device_name": "/dev/xvdf",
                            "ebs_block_device.543519189.encrypted": "false",
                            "ebs_block_device.543519189.iops": "0",
                            "ebs_block_device.543519189.no_device": "false",
                            "ebs_block_device.543519189.snapshot_id": "",
                            "ebs_block_device.543519189.volume_size": "8",
                            "ebs_block_device.543519189.volume_type": "gp2",
                            "ebs_optimized": "false",
                            "enable_monitoring": "true",
                            "ephemeral_block_device.#": "0",
                            "iam_instance_profile": "meetup42_dtr_instance_profile",
                            "id": "meetup42-workers-launchconfig",
                            "image_id": "ami-0d063c6b",
                            "instance_type": "m4.large",
                            "key_name": "ydaniel",
                            "name": "meetup42-workers-launchconfig",
                            "root_block_device.#": "1",
                            "root_block_device.0.delete_on_termination": "true",
                            "root_block_device.0.iops": "0",
                            "root_block_device.0.volume_size": "8",
                            "root_block_device.0.volume_type": "gp2",
                            "security_groups.#": "1",
                            "security_groups.4087821771": "sg-05f626a8e8634e1fb",
                            "spot_price": "",
                            "user_data": "e42e4509e72b61a47ae49c2e7fc2719135ad7f0f",
                            "vpc_classic_link_id": "",
                            "vpc_classic_link_security_groups.#": "0"
                        },
                        "meta": {},
                        "tainted": false
                    },
                    "deposed": [],
                    "provider": "provider.aws"
                },
                "aws_main_route_table_association.main_route_table": {
                    "type": "aws_main_route_table_association",
                    "depends_on": [
                        "aws_route_table.public_route",
                        "aws_vpc.docker"
                    ],
                    "primary": {
                        "id": "rtbassoc-01337b18b09a486e5",
                        "attributes": {
                            "id": "rtbassoc-01337b18b09a486e5",
                            "original_route_table_id": "rtb-07908f68b20a213e3",
                            "route_table_id": "rtb-0519910f642ca51da",
                            "vpc_id": "vpc-0e87d576abcc9c0f6"
                        },
                        "meta": {},
                        "tainted": false
                    },
                    "deposed": [],
                    "provider": "provider.aws"
                },
                "aws_nat_gateway.natgw": {
                    "type": "aws_nat_gateway",
                    "depends_on": [
                        "aws_eip.natgw",
                        "aws_internet_gateway.igw",
                        "aws_subnet.SubnetPUB"
                    ],
                    "primary": {
                        "id": "nat-0abe5ae28d0cb9dc4",
                        "attributes": {
                            "allocation_id": "eipalloc-0169af182acc9a492",
                            "id": "nat-0abe5ae28d0cb9dc4",
                            "network_interface_id": "eni-0b7c0fe9821e2f2fe",
                            "private_ip": "172.30.16.88",
                            "public_ip": "63.32.5.84",
                            "subnet_id": "subnet-08f099743a2d613b4",
                            "tags.%": "1",
                            "tags.Name": "meetup42-natgw"
                        },
                        "meta": {},
                        "tainted": false
                    },
                    "deposed": [],
                    "provider": "provider.aws"
                },
                "aws_placement_group.dtr_workers": {
                    "type": "aws_placement_group",
                    "depends_on": [],
                    "primary": {
                        "id": "dtr_workers",
                        "attributes": {
                            "id": "dtr_workers",
                            "name": "dtr_workers",
                            "strategy": "cluster"
                        },
                        "meta": {},
                        "tainted": false
                    },
                    "deposed": [],
                    "provider": "provider.aws"
                },
                "aws_placement_group.managers": {
                    "type": "aws_placement_group",
                    "depends_on": [],
                    "primary": {
                        "id": "managers",
                        "attributes": {
                            "id": "managers",
                            "name": "managers",
                            "strategy": "cluster"
                        },
                        "meta": {},
                        "tainted": false
                    },
                    "deposed": [],
                    "provider": "provider.aws"
                },
                "aws_placement_group.windows_workers": {
                    "type": "aws_placement_group",
                    "depends_on": [],
                    "primary": {
                        "id": "windows_workers",
                        "attributes": {
                            "id": "windows_workers",
                            "name": "windows_workers",
                            "strategy": "cluster"
                        },
                        "meta": {},
                        "tainted": false
                    },
                    "deposed": [],
                    "provider": "provider.aws"
                },
                "aws_placement_group.workers": {
                    "type": "aws_placement_group",
                    "depends_on": [],
                    "primary": {
                        "id": "workers",
                        "attributes": {
                            "id": "workers",
                            "name": "workers",
                            "strategy": "cluster"
                        },
                        "meta": {},
                        "tainted": false
                    },
                    "deposed": [],
                    "provider": "provider.aws"
                },
                "aws_route_table.private_route": {
                    "type": "aws_route_table",
                    "depends_on": [
                        "aws_nat_gateway.natgw",
                        "aws_vpc.docker"
                    ],
                    "primary": {
                        "id": "rtb-063a2dfd8da3480e8",
                        "attributes": {
                            "id": "rtb-063a2dfd8da3480e8",
                            "propagating_vgws.#": "0",
                            "route.#": "1",
                            "route.691013464.cidr_block": "0.0.0.0/0",
                            "route.691013464.egress_only_gateway_id": "",
                            "route.691013464.gateway_id": "",
                            "route.691013464.instance_id": "",
                            "route.691013464.ipv6_cidr_block": "",
                            "route.691013464.nat_gateway_id": "nat-0abe5ae28d0cb9dc4",
                            "route.691013464.network_interface_id": "",
                            "route.691013464.vpc_peering_connection_id": "",
                            "tags.%": "1",
                            "tags.Name": "meetup42-priv-route",
                            "vpc_id": "vpc-0e87d576abcc9c0f6"
                        },
                        "meta": {},
                        "tainted": false
                    },
                    "deposed": [],
                    "provider": "provider.aws"
                },
                "aws_route_table.public_route": {
                    "type": "aws_route_table",
                    "depends_on": [
                        "aws_internet_gateway.igw",
                        "aws_vpc.docker"
                    ],
                    "primary": {
                        "id": "rtb-0519910f642ca51da",
                        "attributes": {
                            "id": "rtb-0519910f642ca51da",
                            "propagating_vgws.#": "0",
                            "route.#": "1",
                            "route.1193923649.cidr_block": "0.0.0.0/0",
                            "route.1193923649.egress_only_gateway_id": "",
                            "route.1193923649.gateway_id": "igw-042bc97aaccb4a239",
                            "route.1193923649.instance_id": "",
                            "route.1193923649.ipv6_cidr_block": "",
                            "route.1193923649.nat_gateway_id": "",
                            "route.1193923649.network_interface_id": "",
                            "route.1193923649.vpc_peering_connection_id": "",
                            "tags.%": "1",
                            "tags.Name": "meetup42-pub-route",
                            "vpc_id": "vpc-0e87d576abcc9c0f6"
                        },
                        "meta": {},
                        "tainted": false
                    },
                    "deposed": [],
                    "provider": "provider.aws"
                },
                "aws_route_table_association.rta_priv_subnetdtr.0": {
                    "type": "aws_route_table_association",
                    "depends_on": [
                        "aws_route_table.private_route",
                        "aws_subnet.SubnetDTR.*",
                        "data.aws_availability_zones.available"
                    ],
                    "primary": {
                        "id": "rtbassoc-03b80696eb0e11028",
                        "attributes": {
                            "id": "rtbassoc-03b80696eb0e11028",
                            "route_table_id": "rtb-063a2dfd8da3480e8",
                            "subnet_id": "subnet-08385d59fc25976a1"
                        },
                        "meta": {},
                        "tainted": false
                    },
                    "deposed": [],
                    "provider": "provider.aws"
                },
                "aws_route_table_association.rta_priv_subnetdtr.1": {
                    "type": "aws_route_table_association",
                    "depends_on": [
                        "aws_route_table.private_route",
                        "aws_subnet.SubnetDTR.*",
                        "data.aws_availability_zones.available"
                    ],
                    "primary": {
                        "id": "rtbassoc-037027a63d3aaf6d3",
                        "attributes": {
                            "id": "rtbassoc-037027a63d3aaf6d3",
                            "route_table_id": "rtb-063a2dfd8da3480e8",
                            "subnet_id": "subnet-00a29ac4df5642107"
                        },
                        "meta": {},
                        "tainted": false
                    },
                    "deposed": [],
                    "provider": "provider.aws"
                },
                "aws_route_table_association.rta_priv_subnetdtr.2": {
                    "type": "aws_route_table_association",
                    "depends_on": [
                        "aws_route_table.private_route",
                        "aws_subnet.SubnetDTR.*",
                        "data.aws_availability_zones.available"
                    ],
                    "primary": {
                        "id": "rtbassoc-0fca4dc8ca5e1e7b6",
                        "attributes": {
                            "id": "rtbassoc-0fca4dc8ca5e1e7b6",
                            "route_table_id": "rtb-063a2dfd8da3480e8",
                            "subnet_id": "subnet-09582e6554f8396d0"
                        },
                        "meta": {},
                        "tainted": false
                    },
                    "deposed": [],
                    "provider": "provider.aws"
                },
                "aws_route_table_association.rta_priv_subnetexternal.0": {
                    "type": "aws_route_table_association",
                    "depends_on": [
                        "aws_route_table.private_route",
                        "aws_subnet.SubnetExternal.*",
                        "data.aws_availability_zones.available"
                    ],
                    "primary": {
                        "id": "rtbassoc-0652e8b50ac7e7044",
                        "attributes": {
                            "id": "rtbassoc-0652e8b50ac7e7044",
                            "route_table_id": "rtb-063a2dfd8da3480e8",
                            "subnet_id": "subnet-058e81a2dbda0f65c"
                        },
                        "meta": {},
                        "tainted": false
                    },
                    "deposed": [],
                    "provider": "provider.aws"
                },
                "aws_route_table_association.rta_priv_subnetexternal.1": {
                    "type": "aws_route_table_association",
                    "depends_on": [
                        "aws_route_table.private_route",
                        "aws_subnet.SubnetExternal.*",
                        "data.aws_availability_zones.available"
                    ],
                    "primary": {
                        "id": "rtbassoc-0190e128f6b8e70e3",
                        "attributes": {
                            "id": "rtbassoc-0190e128f6b8e70e3",
                            "route_table_id": "rtb-063a2dfd8da3480e8",
                            "subnet_id": "subnet-04e7b77d8791fe9f4"
                        },
                        "meta": {},
                        "tainted": false
                    },
                    "deposed": [],
                    "provider": "provider.aws"
                },
                "aws_route_table_association.rta_priv_subnetexternal.2": {
                    "type": "aws_route_table_association",
                    "depends_on": [
                        "aws_route_table.private_route",
                        "aws_subnet.SubnetExternal.*",
                        "data.aws_availability_zones.available"
                    ],
                    "primary": {
                        "id": "rtbassoc-0c6d72b9f40dd5826",
                        "attributes": {
                            "id": "rtbassoc-0c6d72b9f40dd5826",
                            "route_table_id": "rtb-063a2dfd8da3480e8",
                            "subnet_id": "subnet-0a025e1fc7e55b1f4"
                        },
                        "meta": {},
                        "tainted": false
                    },
                    "deposed": [],
                    "provider": "provider.aws"
                },
                "aws_route_table_association.rta_priv_subnetswarm.0": {
                    "type": "aws_route_table_association",
                    "depends_on": [
                        "aws_route_table.private_route",
                        "aws_subnet.SubnetSwarm.*",
                        "data.aws_availability_zones.available"
                    ],
                    "primary": {
                        "id": "rtbassoc-002e1a9f76aa713fa",
                        "attributes": {
                            "id": "rtbassoc-002e1a9f76aa713fa",
                            "route_table_id": "rtb-063a2dfd8da3480e8",
                            "subnet_id": "subnet-056afe70c3f349af2"
                        },
                        "meta": {},
                        "tainted": false
                    },
                    "deposed": [],
                    "provider": "provider.aws"
                },
                "aws_route_table_association.rta_priv_subnetswarm.1": {
                    "type": "aws_route_table_association",
                    "depends_on": [
                        "aws_route_table.private_route",
                        "aws_subnet.SubnetSwarm.*",
                        "data.aws_availability_zones.available"
                    ],
                    "primary": {
                        "id": "rtbassoc-0297d68f939c4d95c",
                        "attributes": {
                            "id": "rtbassoc-0297d68f939c4d95c",
                            "route_table_id": "rtb-063a2dfd8da3480e8",
                            "subnet_id": "subnet-0c8c5e430a8937b0e"
                        },
                        "meta": {},
                        "tainted": false
                    },
                    "deposed": [],
                    "provider": "provider.aws"
                },
                "aws_route_table_association.rta_priv_subnetswarm.2": {
                    "type": "aws_route_table_association",
                    "depends_on": [
                        "aws_route_table.private_route",
                        "aws_subnet.SubnetSwarm.*",
                        "data.aws_availability_zones.available"
                    ],
                    "primary": {
                        "id": "rtbassoc-09f63b37d9b6c9464",
                        "attributes": {
                            "id": "rtbassoc-09f63b37d9b6c9464",
                            "route_table_id": "rtb-063a2dfd8da3480e8",
                            "subnet_id": "subnet-0b613e2e2fd739f72"
                        },
                        "meta": {},
                        "tainted": false
                    },
                    "deposed": [],
                    "provider": "provider.aws"
                },
                "aws_route_table_association.rta_priv_subnetucp.0": {
                    "type": "aws_route_table_association",
                    "depends_on": [
                        "aws_route_table.private_route",
                        "aws_subnet.SubnetUCP.*",
                        "data.aws_availability_zones.available"
                    ],
                    "primary": {
                        "id": "rtbassoc-0d6afc72bfbfa27da",
                        "attributes": {
                            "id": "rtbassoc-0d6afc72bfbfa27da",
                            "route_table_id": "rtb-063a2dfd8da3480e8",
                            "subnet_id": "subnet-0404f8f11b4305478"
                        },
                        "meta": {},
                        "tainted": false
                    },
                    "deposed": [],
                    "provider": "provider.aws"
                },
                "aws_route_table_association.rta_priv_subnetucp.1": {
                    "type": "aws_route_table_association",
                    "depends_on": [
                        "aws_route_table.private_route",
                        "aws_subnet.SubnetUCP.*",
                        "data.aws_availability_zones.available"
                    ],
                    "primary": {
                        "id": "rtbassoc-04814474ceb42a449",
                        "attributes": {
                            "id": "rtbassoc-04814474ceb42a449",
                            "route_table_id": "rtb-063a2dfd8da3480e8",
                            "subnet_id": "subnet-06c304edcd03d1b12"
                        },
                        "meta": {},
                        "tainted": false
                    },
                    "deposed": [],
                    "provider": "provider.aws"
                },
                "aws_route_table_association.rta_priv_subnetucp.2": {
                    "type": "aws_route_table_association",
                    "depends_on": [
                        "aws_route_table.private_route",
                        "aws_subnet.SubnetUCP.*",
                        "data.aws_availability_zones.available"
                    ],
                    "primary": {
                        "id": "rtbassoc-0fbc60386032d4627",
                        "attributes": {
                            "id": "rtbassoc-0fbc60386032d4627",
                            "route_table_id": "rtb-063a2dfd8da3480e8",
                            "subnet_id": "subnet-018a4c8b7fc446bf7"
                        },
                        "meta": {},
                        "tainted": false
                    },
                    "deposed": [],
                    "provider": "provider.aws"
                },
                "aws_route_table_association.rta_pub_subnetpub": {
                    "type": "aws_route_table_association",
                    "depends_on": [
                        "aws_route_table.public_route",
                        "aws_subnet.SubnetPUB"
                    ],
                    "primary": {
                        "id": "rtbassoc-091289ef18ea34f2c",
                        "attributes": {
                            "id": "rtbassoc-091289ef18ea34f2c",
                            "route_table_id": "rtb-0519910f642ca51da",
                            "subnet_id": "subnet-08f099743a2d613b4"
                        },
                        "meta": {},
                        "tainted": false
                    },
                    "deposed": [],
                    "provider": "provider.aws"
                },
                "aws_s3_bucket.access-logs_storage_bucket": {
                    "type": "aws_s3_bucket",
                    "depends_on": [],
                    "primary": {
                        "id": "access-logs20181029115411078500000001",
                        "attributes": {
                            "acceleration_status": "",
                            "acl": "private",
                            "arn": "arn:aws:s3:::access-logs20181029115411078500000001",
                            "bucket": "access-logs20181029115411078500000001",
                            "bucket_domain_name": "access-logs20181029115411078500000001.s3.amazonaws.com",
                            "bucket_prefix": "access-logs",
                            "bucket_regional_domain_name": "access-logs20181029115411078500000001.s3.eu-west-1.amazonaws.com",
                            "cors_rule.#": "0",
                            "force_destroy": "false",
                            "hosted_zone_id": "Z1BKCTXD74EZPE",
                            "id": "access-logs20181029115411078500000001",
                            "lifecycle_rule.#": "0",
                            "logging.#": "0",
                            "region": "eu-west-1",
                            "replication_configuration.#": "0",
                            "request_payer": "BucketOwner",
                            "server_side_encryption_configuration.#": "0",
                            "tags.%": "2",
                            "tags.Environment": "meetup42",
                            "tags.Name": "meetup42-access-logs-bucket",
                            "versioning.#": "1",
                            "versioning.0.enabled": "false",
                            "versioning.0.mfa_delete": "false",
                            "website.#": "0"
                        },
                        "meta": {},
                        "tainted": false
                    },
                    "deposed": [],
                    "provider": "provider.aws"
                },
                "aws_s3_bucket.dtr_storage_bucket": {
                    "type": "aws_s3_bucket",
                    "depends_on": [],
                    "primary": {
                        "id": "dtr20181029115411078800000002",
                        "attributes": {
                            "acceleration_status": "",
                            "acl": "private",
                            "arn": "arn:aws:s3:::dtr20181029115411078800000002",
                            "bucket": "dtr20181029115411078800000002",
                            "bucket_domain_name": "dtr20181029115411078800000002.s3.amazonaws.com",
                            "bucket_prefix": "dtr",
                            "bucket_regional_domain_name": "dtr20181029115411078800000002.s3.eu-west-1.amazonaws.com",
                            "cors_rule.#": "0",
                            "force_destroy": "false",
                            "hosted_zone_id": "Z1BKCTXD74EZPE",
                            "id": "dtr20181029115411078800000002",
                            "lifecycle_rule.#": "0",
                            "logging.#": "0",
                            "region": "eu-west-1",
                            "replication_configuration.#": "0",
                            "request_payer": "BucketOwner",
                            "server_side_encryption_configuration.#": "0",
                            "tags.%": "2",
                            "tags.Environment": "meetup42",
                            "tags.Name": "meetup42-dtr-storage",
                            "versioning.#": "1",
                            "versioning.0.enabled": "false",
                            "versioning.0.mfa_delete": "false",
                            "website.#": "0"
                        },
                        "meta": {},
                        "tainted": false
                    },
                    "deposed": [],
                    "provider": "provider.aws"
                },
                "aws_security_group.apps": {
                    "type": "aws_security_group",
                    "depends_on": [
                        "aws_vpc.docker"
                    ],
                    "primary": {
                        "id": "sg-0103b3bd5f389d986",
                        "attributes": {
                            "arn": "arn:aws:ec2:eu-west-1:343329120365:security-group/sg-0103b3bd5f389d986",
                            "description": "Default Security Group for Docker EE applications",
                            "egress.#": "1",
                            "egress.482069346.cidr_blocks.#": "1",
                            "egress.482069346.cidr_blocks.0": "0.0.0.0/0",
                            "egress.482069346.description": "",
                            "egress.482069346.from_port": "0",
                            "egress.482069346.ipv6_cidr_blocks.#": "0",
                            "egress.482069346.prefix_list_ids.#": "0",
                            "egress.482069346.protocol": "-1",
                            "egress.482069346.security_groups.#": "0",
                            "egress.482069346.self": "false",
                            "egress.482069346.to_port": "0",
                            "id": "sg-0103b3bd5f389d986",
                            "ingress.#": "2",
                            "ingress.2617001939.cidr_blocks.#": "1",
                            "ingress.2617001939.cidr_blocks.0": "0.0.0.0/0",
                            "ingress.2617001939.description": "",
                            "ingress.2617001939.from_port": "443",
                            "ingress.2617001939.ipv6_cidr_blocks.#": "0",
                            "ingress.2617001939.prefix_list_ids.#": "0",
                            "ingress.2617001939.protocol": "tcp",
                            "ingress.2617001939.security_groups.#": "0",
                            "ingress.2617001939.self": "false",
                            "ingress.2617001939.to_port": "443",
                            "ingress.516175195.cidr_blocks.#": "1",
                            "ingress.516175195.cidr_blocks.0": "0.0.0.0/0",
                            "ingress.516175195.description": "",
                            "ingress.516175195.from_port": "8080",
                            "ingress.516175195.ipv6_cidr_blocks.#": "0",
                            "ingress.516175195.prefix_list_ids.#": "0",
                            "ingress.516175195.protocol": "tcp",
                            "ingress.516175195.security_groups.#": "0",
                            "ingress.516175195.self": "false",
                            "ingress.516175195.to_port": "8080",
                            "name": "meetup42_apps-default",
                            "owner_id": "343329120365",
                            "revoke_rules_on_delete": "false",
                            "tags.%": "1",
                            "tags.Name": "meetup42-apps-default-sg",
                            "vpc_id": "vpc-0e87d576abcc9c0f6"
                        },
                        "meta": {
                            "e2bfb730-ecaa-11e6-8f88-34363bc7c4c0": {
                                "create": 600000000000,
                                "delete": 3600000000000
                            },
                            "schema_version": "1"
                        },
                        "tainted": false
                    },
                    "deposed": [],
                    "provider": "provider.aws"
                },
                "aws_security_group.ddc": {
                    "type": "aws_security_group",
                    "depends_on": [
                        "aws_vpc.docker"
                    ],
                    "primary": {
                        "id": "sg-05f626a8e8634e1fb",
                        "attributes": {
                            "arn": "arn:aws:ec2:eu-west-1:343329120365:security-group/sg-05f626a8e8634e1fb",
                            "description": "Default Security Group for Docker EE",
                            "egress.#": "1",
                            "egress.482069346.cidr_blocks.#": "1",
                            "egress.482069346.cidr_blocks.0": "0.0.0.0/0",
                            "egress.482069346.description": "",
                            "egress.482069346.from_port": "0",
                            "egress.482069346.ipv6_cidr_blocks.#": "0",
                            "egress.482069346.prefix_list_ids.#": "0",
                            "egress.482069346.protocol": "-1",
                            "egress.482069346.security_groups.#": "0",
                            "egress.482069346.self": "false",
                            "egress.482069346.to_port": "0",
                            "id": "sg-05f626a8e8634e1fb",
                            "ingress.#": "9",
                            "ingress.1138479083.cidr_blocks.#": "1",
                            "ingress.1138479083.cidr_blocks.0": "0.0.0.0/0",
                            "ingress.1138479083.description": "",
                            "ingress.1138479083.from_port": "5985",
                            "ingress.1138479083.ipv6_cidr_blocks.#": "0",
                            "ingress.1138479083.prefix_list_ids.#": "0",
                            "ingress.1138479083.protocol": "tcp",
                            "ingress.1138479083.security_groups.#": "0",
                            "ingress.1138479083.self": "false",
                            "ingress.1138479083.to_port": "5985",
                            "ingress.2223400681.cidr_blocks.#": "1",
                            "ingress.2223400681.cidr_blocks.0": "0.0.0.0/0",
                            "ingress.2223400681.description": "",
                            "ingress.2223400681.from_port": "3389",
                            "ingress.2223400681.ipv6_cidr_blocks.#": "0",
                            "ingress.2223400681.prefix_list_ids.#": "0",
                            "ingress.2223400681.protocol": "tcp",
                            "ingress.2223400681.security_groups.#": "0",
                            "ingress.2223400681.self": "false",
                            "ingress.2223400681.to_port": "3389",
                            "ingress.2541437006.cidr_blocks.#": "1",
                            "ingress.2541437006.cidr_blocks.0": "0.0.0.0/0",
                            "ingress.2541437006.description": "",
                            "ingress.2541437006.from_port": "22",
                            "ingress.2541437006.ipv6_cidr_blocks.#": "0",
                            "ingress.2541437006.prefix_list_ids.#": "0",
                            "ingress.2541437006.protocol": "tcp",
                            "ingress.2541437006.security_groups.#": "0",
                            "ingress.2541437006.self": "false",
                            "ingress.2541437006.to_port": "22",
                            "ingress.3375845224.cidr_blocks.#": "1",
                            "ingress.3375845224.cidr_blocks.0": "0.0.0.0/0",
                            "ingress.3375845224.description": "",
                            "ingress.3375845224.from_port": "5986",
                            "ingress.3375845224.ipv6_cidr_blocks.#": "0",
                            "ingress.3375845224.prefix_list_ids.#": "0",
                            "ingress.3375845224.protocol": "tcp",
                            "ingress.3375845224.security_groups.#": "0",
                            "ingress.3375845224.self": "false",
                            "ingress.3375845224.to_port": "5986",
                            "ingress.3644727299.cidr_blocks.#": "1",
                            "ingress.3644727299.cidr_blocks.0": "172.30.0.0/16",
                            "ingress.3644727299.description": "",
                            "ingress.3644727299.from_port": "6443",
                            "ingress.3644727299.ipv6_cidr_blocks.#": "0",
                            "ingress.3644727299.prefix_list_ids.#": "0",
                            "ingress.3644727299.protocol": "tcp",
                            "ingress.3644727299.security_groups.#": "0",
                            "ingress.3644727299.self": "false",
                            "ingress.3644727299.to_port": "6443",
                            "ingress.3956752459.cidr_blocks.#": "1",
                            "ingress.3956752459.cidr_blocks.0": "172.30.0.0/16",
                            "ingress.3956752459.description": "",
                            "ingress.3956752459.from_port": "2049",
                            "ingress.3956752459.ipv6_cidr_blocks.#": "0",
                            "ingress.3956752459.prefix_list_ids.#": "0",
                            "ingress.3956752459.protocol": "tcp",
                            "ingress.3956752459.security_groups.#": "0",
                            "ingress.3956752459.self": "false",
                            "ingress.3956752459.to_port": "2049",
                            "ingress.474725826.cidr_blocks.#": "1",
                            "ingress.474725826.cidr_blocks.0": "172.30.0.0/16",
                            "ingress.474725826.description": "",
                            "ingress.474725826.from_port": "2049",
                            "ingress.474725826.ipv6_cidr_blocks.#": "0",
                            "ingress.474725826.prefix_list_ids.#": "0",
                            "ingress.474725826.protocol": "udp",
                            "ingress.474725826.security_groups.#": "0",
                            "ingress.474725826.self": "false",
                            "ingress.474725826.to_port": "2049",
                            "ingress.753360330.cidr_blocks.#": "0",
                            "ingress.753360330.description": "",
                            "ingress.753360330.from_port": "0",
                            "ingress.753360330.ipv6_cidr_blocks.#": "0",
                            "ingress.753360330.prefix_list_ids.#": "0",
                            "ingress.753360330.protocol": "-1",
                            "ingress.753360330.security_groups.#": "0",
                            "ingress.753360330.self": "true",
                            "ingress.753360330.to_port": "0",
                            "ingress.973555009.cidr_blocks.#": "1",
                            "ingress.973555009.cidr_blocks.0": "172.30.0.0/16",
                            "ingress.973555009.description": "",
                            "ingress.973555009.from_port": "443",
                            "ingress.973555009.ipv6_cidr_blocks.#": "0",
                            "ingress.973555009.prefix_list_ids.#": "0",
                            "ingress.973555009.protocol": "tcp",
                            "ingress.973555009.security_groups.#": "0",
                            "ingress.973555009.self": "false",
                            "ingress.973555009.to_port": "443",
                            "name": "meetup42_ddc-default",
                            "owner_id": "343329120365",
                            "revoke_rules_on_delete": "false",
                            "tags.%": "1",
                            "tags.Name": "meetup42-ddc-default-sg",
                            "vpc_id": "vpc-0e87d576abcc9c0f6"
                        },
                        "meta": {
                            "e2bfb730-ecaa-11e6-8f88-34363bc7c4c0": {
                                "create": 600000000000,
                                "delete": 3600000000000
                            },
                            "schema_version": "1"
                        },
                        "tainted": false
                    },
                    "deposed": [],
                    "provider": "provider.aws"
                },
                "aws_security_group.dtr": {
                    "type": "aws_security_group",
                    "depends_on": [
                        "aws_vpc.docker"
                    ],
                    "primary": {
                        "id": "sg-044f3d596d1dd11fa",
                        "attributes": {
                            "arn": "arn:aws:ec2:eu-west-1:343329120365:security-group/sg-044f3d596d1dd11fa",
                            "description": "Default Security Group for Docker EE DTR ELB",
                            "egress.#": "1",
                            "egress.482069346.cidr_blocks.#": "1",
                            "egress.482069346.cidr_blocks.0": "0.0.0.0/0",
                            "egress.482069346.description": "",
                            "egress.482069346.from_port": "0",
                            "egress.482069346.ipv6_cidr_blocks.#": "0",
                            "egress.482069346.prefix_list_ids.#": "0",
                            "egress.482069346.protocol": "-1",
                            "egress.482069346.security_groups.#": "0",
                            "egress.482069346.self": "false",
                            "egress.482069346.to_port": "0",
                            "id": "sg-044f3d596d1dd11fa",
                            "ingress.#": "2",
                            "ingress.2214680975.cidr_blocks.#": "1",
                            "ingress.2214680975.cidr_blocks.0": "0.0.0.0/0",
                            "ingress.2214680975.description": "",
                            "ingress.2214680975.from_port": "80",
                            "ingress.2214680975.ipv6_cidr_blocks.#": "0",
                            "ingress.2214680975.prefix_list_ids.#": "0",
                            "ingress.2214680975.protocol": "tcp",
                            "ingress.2214680975.security_groups.#": "0",
                            "ingress.2214680975.self": "false",
                            "ingress.2214680975.to_port": "80",
                            "ingress.2617001939.cidr_blocks.#": "1",
                            "ingress.2617001939.cidr_blocks.0": "0.0.0.0/0",
                            "ingress.2617001939.description": "",
                            "ingress.2617001939.from_port": "443",
                            "ingress.2617001939.ipv6_cidr_blocks.#": "0",
                            "ingress.2617001939.prefix_list_ids.#": "0",
                            "ingress.2617001939.protocol": "tcp",
                            "ingress.2617001939.security_groups.#": "0",
                            "ingress.2617001939.self": "false",
                            "ingress.2617001939.to_port": "443",
                            "name": "meetup42_dtr-default",
                            "owner_id": "343329120365",
                            "revoke_rules_on_delete": "false",
                            "tags.%": "1",
                            "tags.Name": "meetup42-dtr-default-sg",
                            "vpc_id": "vpc-0e87d576abcc9c0f6"
                        },
                        "meta": {
                            "e2bfb730-ecaa-11e6-8f88-34363bc7c4c0": {
                                "create": 600000000000,
                                "delete": 3600000000000
                            },
                            "schema_version": "1"
                        },
                        "tainted": false
                    },
                    "deposed": [],
                    "provider": "provider.aws"
                },
                "aws_security_group.elb": {
                    "type": "aws_security_group",
                    "depends_on": [
                        "aws_vpc.docker"
                    ],
                    "primary": {
                        "id": "sg-019353cc8d8636ed4",
                        "attributes": {
                            "arn": "arn:aws:ec2:eu-west-1:343329120365:security-group/sg-019353cc8d8636ed4",
                            "description": "Default Security Group for Docker EE ELBs",
                            "egress.#": "1",
                            "egress.482069346.cidr_blocks.#": "1",
                            "egress.482069346.cidr_blocks.0": "0.0.0.0/0",
                            "egress.482069346.description": "",
                            "egress.482069346.from_port": "0",
                            "egress.482069346.ipv6_cidr_blocks.#": "0",
                            "egress.482069346.prefix_list_ids.#": "0",
                            "egress.482069346.protocol": "-1",
                            "egress.482069346.security_groups.#": "0",
                            "egress.482069346.self": "false",
                            "egress.482069346.to_port": "0",
                            "id": "sg-019353cc8d8636ed4",
                            "ingress.#": "2",
                            "ingress.1463360607.cidr_blocks.#": "1",
                            "ingress.1463360607.cidr_blocks.0": "0.0.0.0/0",
                            "ingress.1463360607.description": "",
                            "ingress.1463360607.from_port": "6443",
                            "ingress.1463360607.ipv6_cidr_blocks.#": "0",
                            "ingress.1463360607.prefix_list_ids.#": "0",
                            "ingress.1463360607.protocol": "tcp",
                            "ingress.1463360607.security_groups.#": "0",
                            "ingress.1463360607.self": "false",
                            "ingress.1463360607.to_port": "6443",
                            "ingress.2617001939.cidr_blocks.#": "1",
                            "ingress.2617001939.cidr_blocks.0": "0.0.0.0/0",
                            "ingress.2617001939.description": "",
                            "ingress.2617001939.from_port": "443",
                            "ingress.2617001939.ipv6_cidr_blocks.#": "0",
                            "ingress.2617001939.prefix_list_ids.#": "0",
                            "ingress.2617001939.protocol": "tcp",
                            "ingress.2617001939.security_groups.#": "0",
                            "ingress.2617001939.self": "false",
                            "ingress.2617001939.to_port": "443",
                            "name": "meetup42_elb-default",
                            "owner_id": "343329120365",
                            "revoke_rules_on_delete": "false",
                            "tags.%": "1",
                            "tags.Name": "meetup42-elb-default-sg",
                            "vpc_id": "vpc-0e87d576abcc9c0f6"
                        },
                        "meta": {
                            "e2bfb730-ecaa-11e6-8f88-34363bc7c4c0": {
                                "create": 600000000000,
                                "delete": 3600000000000
                            },
                            "schema_version": "1"
                        },
                        "tainted": false
                    },
                    "deposed": [],
                    "provider": "provider.aws"
                },
                "aws_subnet.SubnetDTR.0": {
                    "type": "aws_subnet",
                    "depends_on": [
                        "aws_vpc.docker",
                        "data.aws_availability_zones.available"
                    ],
                    "primary": {
                        "id": "subnet-08385d59fc25976a1",
                        "attributes": {
                            "arn": "arn:aws:ec2:eu-west-1:343329120365:subnet/subnet-08385d59fc25976a1",
                            "assign_ipv6_address_on_creation": "false",
                            "availability_zone": "eu-west-1a",
                            "cidr_block": "172.30.8.0/24",
                            "id": "subnet-08385d59fc25976a1",
                            "map_public_ip_on_launch": "true",
                            "tags.%": "1",
                            "tags.Name": "meetup42-SubnetDTR-1",
                            "vpc_id": "vpc-0e87d576abcc9c0f6"
                        },
                        "meta": {
                            "e2bfb730-ecaa-11e6-8f88-34363bc7c4c0": {
                                "create": 600000000000,
                                "delete": 600000000000
                            },
                            "schema_version": "1"
                        },
                        "tainted": false
                    },
                    "deposed": [],
                    "provider": "provider.aws"
                },
                "aws_subnet.SubnetDTR.1": {
                    "type": "aws_subnet",
                    "depends_on": [
                        "aws_vpc.docker",
                        "data.aws_availability_zones.available"
                    ],
                    "primary": {
                        "id": "subnet-00a29ac4df5642107",
                        "attributes": {
                            "arn": "arn:aws:ec2:eu-west-1:343329120365:subnet/subnet-00a29ac4df5642107",
                            "assign_ipv6_address_on_creation": "false",
                            "availability_zone": "eu-west-1b",
                            "cidr_block": "172.30.9.0/24",
                            "id": "subnet-00a29ac4df5642107",
                            "map_public_ip_on_launch": "true",
                            "tags.%": "1",
                            "tags.Name": "meetup42-SubnetDTR-2",
                            "vpc_id": "vpc-0e87d576abcc9c0f6"
                        },
                        "meta": {
                            "e2bfb730-ecaa-11e6-8f88-34363bc7c4c0": {
                                "create": 600000000000,
                                "delete": 600000000000
                            },
                            "schema_version": "1"
                        },
                        "tainted": false
                    },
                    "deposed": [],
                    "provider": "provider.aws"
                },
                "aws_subnet.SubnetDTR.2": {
                    "type": "aws_subnet",
                    "depends_on": [
                        "aws_vpc.docker",
                        "data.aws_availability_zones.available"
                    ],
                    "primary": {
                        "id": "subnet-09582e6554f8396d0",
                        "attributes": {
                            "arn": "arn:aws:ec2:eu-west-1:343329120365:subnet/subnet-09582e6554f8396d0",
                            "assign_ipv6_address_on_creation": "false",
                            "availability_zone": "eu-west-1c",
                            "cidr_block": "172.30.10.0/24",
                            "id": "subnet-09582e6554f8396d0",
                            "map_public_ip_on_launch": "true",
                            "tags.%": "1",
                            "tags.Name": "meetup42-SubnetDTR-3",
                            "vpc_id": "vpc-0e87d576abcc9c0f6"
                        },
                        "meta": {
                            "e2bfb730-ecaa-11e6-8f88-34363bc7c4c0": {
                                "create": 600000000000,
                                "delete": 600000000000
                            },
                            "schema_version": "1"
                        },
                        "tainted": false
                    },
                    "deposed": [],
                    "provider": "provider.aws"
                },
                "aws_subnet.SubnetExternal.0": {
                    "type": "aws_subnet",
                    "depends_on": [
                        "aws_vpc.docker",
                        "data.aws_availability_zones.available"
                    ],
                    "primary": {
                        "id": "subnet-058e81a2dbda0f65c",
                        "attributes": {
                            "arn": "arn:aws:ec2:eu-west-1:343329120365:subnet/subnet-058e81a2dbda0f65c",
                            "assign_ipv6_address_on_creation": "false",
                            "availability_zone": "eu-west-1a",
                            "cidr_block": "172.30.12.0/24",
                            "id": "subnet-058e81a2dbda0f65c",
                            "map_public_ip_on_launch": "true",
                            "tags.%": "1",
                            "tags.Name": "meetup42-SubnetExternal-1",
                            "vpc_id": "vpc-0e87d576abcc9c0f6"
                        },
                        "meta": {
                            "e2bfb730-ecaa-11e6-8f88-34363bc7c4c0": {
                                "create": 600000000000,
                                "delete": 600000000000
                            },
                            "schema_version": "1"
                        },
                        "tainted": false
                    },
                    "deposed": [],
                    "provider": "provider.aws"
                },
                "aws_subnet.SubnetExternal.1": {
                    "type": "aws_subnet",
                    "depends_on": [
                        "aws_vpc.docker",
                        "data.aws_availability_zones.available"
                    ],
                    "primary": {
                        "id": "subnet-04e7b77d8791fe9f4",
                        "attributes": {
                            "arn": "arn:aws:ec2:eu-west-1:343329120365:subnet/subnet-04e7b77d8791fe9f4",
                            "assign_ipv6_address_on_creation": "false",
                            "availability_zone": "eu-west-1b",
                            "cidr_block": "172.30.13.0/24",
                            "id": "subnet-04e7b77d8791fe9f4",
                            "map_public_ip_on_launch": "true",
                            "tags.%": "1",
                            "tags.Name": "meetup42-SubnetExternal-2",
                            "vpc_id": "vpc-0e87d576abcc9c0f6"
                        },
                        "meta": {
                            "e2bfb730-ecaa-11e6-8f88-34363bc7c4c0": {
                                "create": 600000000000,
                                "delete": 600000000000
                            },
                            "schema_version": "1"
                        },
                        "tainted": false
                    },
                    "deposed": [],
                    "provider": "provider.aws"
                },
                "aws_subnet.SubnetExternal.2": {
                    "type": "aws_subnet",
                    "depends_on": [
                        "aws_vpc.docker",
                        "data.aws_availability_zones.available"
                    ],
                    "primary": {
                        "id": "subnet-0a025e1fc7e55b1f4",
                        "attributes": {
                            "arn": "arn:aws:ec2:eu-west-1:343329120365:subnet/subnet-0a025e1fc7e55b1f4",
                            "assign_ipv6_address_on_creation": "false",
                            "availability_zone": "eu-west-1c",
                            "cidr_block": "172.30.14.0/24",
                            "id": "subnet-0a025e1fc7e55b1f4",
                            "map_public_ip_on_launch": "true",
                            "tags.%": "1",
                            "tags.Name": "meetup42-SubnetExternal-3",
                            "vpc_id": "vpc-0e87d576abcc9c0f6"
                        },
                        "meta": {
                            "e2bfb730-ecaa-11e6-8f88-34363bc7c4c0": {
                                "create": 600000000000,
                                "delete": 600000000000
                            },
                            "schema_version": "1"
                        },
                        "tainted": false
                    },
                    "deposed": [],
                    "provider": "provider.aws"
                },
                "aws_subnet.SubnetPUB": {
                    "type": "aws_subnet",
                    "depends_on": [
                        "aws_vpc.docker"
                    ],
                    "primary": {
                        "id": "subnet-08f099743a2d613b4",
                        "attributes": {
                            "arn": "arn:aws:ec2:eu-west-1:343329120365:subnet/subnet-08f099743a2d613b4",
                            "assign_ipv6_address_on_creation": "false",
                            "availability_zone": "eu-west-1c",
                            "cidr_block": "172.30.16.0/25",
                            "id": "subnet-08f099743a2d613b4",
                            "map_public_ip_on_launch": "true",
                            "tags.%": "1",
                            "tags.Name": "meetup42-SubnetPUB",
                            "vpc_id": "vpc-0e87d576abcc9c0f6"
                        },
                        "meta": {
                            "e2bfb730-ecaa-11e6-8f88-34363bc7c4c0": {
                                "create": 600000000000,
                                "delete": 600000000000
                            },
                            "schema_version": "1"
                        },
                        "tainted": false
                    },
                    "deposed": [],
                    "provider": "provider.aws"
                },
                "aws_subnet.SubnetSwarm.0": {
                    "type": "aws_subnet",
                    "depends_on": [
                        "aws_vpc.docker",
                        "data.aws_availability_zones.available"
                    ],
                    "primary": {
                        "id": "subnet-056afe70c3f349af2",
                        "attributes": {
                            "arn": "arn:aws:ec2:eu-west-1:343329120365:subnet/subnet-056afe70c3f349af2",
                            "assign_ipv6_address_on_creation": "false",
                            "availability_zone": "eu-west-1a",
                            "cidr_block": "172.30.0.0/24",
                            "id": "subnet-056afe70c3f349af2",
                            "map_public_ip_on_launch": "true",
                            "tags.%": "1",
                            "tags.Name": "meetup42-SubnetSwarm-1",
                            "vpc_id": "vpc-0e87d576abcc9c0f6"
                        },
                        "meta": {
                            "e2bfb730-ecaa-11e6-8f88-34363bc7c4c0": {
                                "create": 600000000000,
                                "delete": 600000000000
                            },
                            "schema_version": "1"
                        },
                        "tainted": false
                    },
                    "deposed": [],
                    "provider": "provider.aws"
                },
                "aws_subnet.SubnetSwarm.1": {
                    "type": "aws_subnet",
                    "depends_on": [
                        "aws_vpc.docker",
                        "data.aws_availability_zones.available"
                    ],
                    "primary": {
                        "id": "subnet-0c8c5e430a8937b0e",
                        "attributes": {
                            "arn": "arn:aws:ec2:eu-west-1:343329120365:subnet/subnet-0c8c5e430a8937b0e",
                            "assign_ipv6_address_on_creation": "false",
                            "availability_zone": "eu-west-1b",
                            "cidr_block": "172.30.1.0/24",
                            "id": "subnet-0c8c5e430a8937b0e",
                            "map_public_ip_on_launch": "true",
                            "tags.%": "1",
                            "tags.Name": "meetup42-SubnetSwarm-2",
                            "vpc_id": "vpc-0e87d576abcc9c0f6"
                        },
                        "meta": {
                            "e2bfb730-ecaa-11e6-8f88-34363bc7c4c0": {
                                "create": 600000000000,
                                "delete": 600000000000
                            },
                            "schema_version": "1"
                        },
                        "tainted": false
                    },
                    "deposed": [],
                    "provider": "provider.aws"
                },
                "aws_subnet.SubnetSwarm.2": {
                    "type": "aws_subnet",
                    "depends_on": [
                        "aws_vpc.docker",
                        "data.aws_availability_zones.available"
                    ],
                    "primary": {
                        "id": "subnet-0b613e2e2fd739f72",
                        "attributes": {
                            "arn": "arn:aws:ec2:eu-west-1:343329120365:subnet/subnet-0b613e2e2fd739f72",
                            "assign_ipv6_address_on_creation": "false",
                            "availability_zone": "eu-west-1c",
                            "cidr_block": "172.30.2.0/24",
                            "id": "subnet-0b613e2e2fd739f72",
                            "map_public_ip_on_launch": "true",
                            "tags.%": "1",
                            "tags.Name": "meetup42-SubnetSwarm-3",
                            "vpc_id": "vpc-0e87d576abcc9c0f6"
                        },
                        "meta": {
                            "e2bfb730-ecaa-11e6-8f88-34363bc7c4c0": {
                                "create": 600000000000,
                                "delete": 600000000000
                            },
                            "schema_version": "1"
                        },
                        "tainted": false
                    },
                    "deposed": [],
                    "provider": "provider.aws"
                },
                "aws_subnet.SubnetUCP.0": {
                    "type": "aws_subnet",
                    "depends_on": [
                        "aws_vpc.docker",
                        "data.aws_availability_zones.available"
                    ],
                    "primary": {
                        "id": "subnet-0404f8f11b4305478",
                        "attributes": {
                            "arn": "arn:aws:ec2:eu-west-1:343329120365:subnet/subnet-0404f8f11b4305478",
                            "assign_ipv6_address_on_creation": "false",
                            "availability_zone": "eu-west-1a",
                            "cidr_block": "172.30.4.0/24",
                            "id": "subnet-0404f8f11b4305478",
                            "map_public_ip_on_launch": "true",
                            "tags.%": "1",
                            "tags.Name": "meetup42-SubnetUCP-1",
                            "vpc_id": "vpc-0e87d576abcc9c0f6"
                        },
                        "meta": {
                            "e2bfb730-ecaa-11e6-8f88-34363bc7c4c0": {
                                "create": 600000000000,
                                "delete": 600000000000
                            },
                            "schema_version": "1"
                        },
                        "tainted": false
                    },
                    "deposed": [],
                    "provider": "provider.aws"
                },
                "aws_subnet.SubnetUCP.1": {
                    "type": "aws_subnet",
                    "depends_on": [
                        "aws_vpc.docker",
                        "data.aws_availability_zones.available"
                    ],
                    "primary": {
                        "id": "subnet-06c304edcd03d1b12",
                        "attributes": {
                            "arn": "arn:aws:ec2:eu-west-1:343329120365:subnet/subnet-06c304edcd03d1b12",
                            "assign_ipv6_address_on_creation": "false",
                            "availability_zone": "eu-west-1b",
                            "cidr_block": "172.30.5.0/24",
                            "id": "subnet-06c304edcd03d1b12",
                            "map_public_ip_on_launch": "true",
                            "tags.%": "1",
                            "tags.Name": "meetup42-SubnetUCP-2",
                            "vpc_id": "vpc-0e87d576abcc9c0f6"
                        },
                        "meta": {
                            "e2bfb730-ecaa-11e6-8f88-34363bc7c4c0": {
                                "create": 600000000000,
                                "delete": 600000000000
                            },
                            "schema_version": "1"
                        },
                        "tainted": false
                    },
                    "deposed": [],
                    "provider": "provider.aws"
                },
                "aws_subnet.SubnetUCP.2": {
                    "type": "aws_subnet",
                    "depends_on": [
                        "aws_vpc.docker",
                        "data.aws_availability_zones.available"
                    ],
                    "primary": {
                        "id": "subnet-018a4c8b7fc446bf7",
                        "attributes": {
                            "arn": "arn:aws:ec2:eu-west-1:343329120365:subnet/subnet-018a4c8b7fc446bf7",
                            "assign_ipv6_address_on_creation": "false",
                            "availability_zone": "eu-west-1c",
                            "cidr_block": "172.30.6.0/24",
                            "id": "subnet-018a4c8b7fc446bf7",
                            "map_public_ip_on_launch": "true",
                            "tags.%": "1",
                            "tags.Name": "meetup42-SubnetUCP-3",
                            "vpc_id": "vpc-0e87d576abcc9c0f6"
                        },
                        "meta": {
                            "e2bfb730-ecaa-11e6-8f88-34363bc7c4c0": {
                                "create": 600000000000,
                                "delete": 600000000000
                            },
                            "schema_version": "1"
                        },
                        "tainted": false
                    },
                    "deposed": [],
                    "provider": "provider.aws"
                },
                "aws_vpc.docker": {
                    "type": "aws_vpc",
                    "depends_on": [],
                    "primary": {
                        "id": "vpc-0e87d576abcc9c0f6",
                        "attributes": {
                            "arn": "arn:aws:ec2:eu-west-1:343329120365:vpc/vpc-0e87d576abcc9c0f6",
                            "assign_generated_ipv6_cidr_block": "false",
                            "cidr_block": "172.30.0.0/16",
                            "default_network_acl_id": "acl-0c102a90a4665f260",
                            "default_route_table_id": "rtb-0519910f642ca51da",
                            "default_security_group_id": "sg-08c1ad8b358945e9c",
                            "dhcp_options_id": "dopt-cc4ea7a9",
                            "enable_classiclink": "false",
                            "enable_classiclink_dns_support": "false",
                            "enable_dns_hostnames": "true",
                            "enable_dns_support": "true",
                            "id": "vpc-0e87d576abcc9c0f6",
                            "instance_tenancy": "default",
                            "main_route_table_id": "rtb-0519910f642ca51da",
                            "tags.%": "1",
                            "tags.Name": "meetup42-vpc"
                        },
                        "meta": {
                            "schema_version": "1"
                        },
                        "tainted": false
                    },
                    "deposed": [],
                    "provider": "provider.aws"
                },
                "data.aws_availability_zones.available": {
                    "type": "aws_availability_zones",
                    "depends_on": [],
                    "primary": {
                        "id": "2018-10-29 12:02:58.215757 +0000 UTC",
                        "attributes": {
                            "id": "2018-10-29 12:02:58.215757 +0000 UTC",
                            "names.#": "3",
                            "names.0": "eu-west-1a",
                            "names.1": "eu-west-1b",
                            "names.2": "eu-west-1c"
                        },
                        "meta": {},
                        "tainted": false
                    },
                    "deposed": [],
                    "provider": "provider.aws"
                },
                "random_string.ucp_password": {
                    "type": "random_string",
                    "depends_on": [],
                    "primary": {
                        "id": "none",
                        "attributes": {
                            "id": "none",
                            "keepers.%": "1",
                            "keepers.deployment": "meetup42",
                            "length": "12",
                            "lower": "true",
                            "min_lower": "0",
                            "min_numeric": "0",
                            "min_special": "0",
                            "min_upper": "0",
                            "number": "true",
                            "result": "0YtR6n2jblDK",
                            "special": "false",
                            "upper": "true"
                        },
                        "meta": {
                            "schema_version": "1"
                        },
                        "tainted": false
                    },
                    "deposed": [],
                    "provider": "provider.random"
                },
                "random_string.windows_password": {
                    "type": "random_string",
                    "depends_on": [],
                    "primary": {
                        "id": "none",
                        "attributes": {
                            "id": "none",
                            "keepers.%": "1",
                            "keepers.deployment": "meetup42",
                            "length": "16",
                            "lower": "true",
                            "min_lower": "0",
                            "min_numeric": "0",
                            "min_special": "0",
                            "min_upper": "0",
                            "number": "true",
                            "result": "eW2McobZ6j0BA8fi",
                            "special": "false",
                            "upper": "true"
                        },
                        "meta": {
                            "schema_version": "1"
                        },
                        "tainted": false
                    },
                    "deposed": [],
                    "provider": "provider.random"
                }
            },
            "depends_on": []
        }
    ]
}
