{
    "version": 3,
    "terraform_version": "0.11.8",
    "serial": 10,
    "lineage": "f0f19ff5-c72b-5214-8a34-d609494159aa",
    "modules": [
        {
            "path": [
                "root"
            ],
            "outputs": {
                "AppDNSTarget": {
                    "sensitive": false,
                    "type": "string",
                    "value": "meetup42-apps-elb-1830592193.eu-west-1.elb.amazonaws.com"
                },
                "DTRDNSTarget": {
                    "sensitive": false,
                    "type": "string",
                    "value": "meetup42-dtr-elb-717066795.eu-west-1.elb.amazonaws.com"
                },
                "UCPDNSTarget": {
                    "sensitive": false,
                    "type": "string",
                    "value": "meetup42-ucp-elb-683820464.eu-west-1.elb.amazonaws.com"
                }
            },
            "resources": {
                "aws_eip.natgw": {
                    "type": "aws_eip",
                    "depends_on": [
                        "aws_internet_gateway.igw"
                    ],
                    "primary": {
                        "id": "eipalloc-0780167df45f34574",
                        "attributes": {
                            "association_id": "",
                            "domain": "vpc",
                            "id": "eipalloc-0780167df45f34574",
                            "instance": "",
                            "network_interface": "",
                            "private_ip": "",
                            "public_ip": "63.32.36.25",
                            "tags.%": "1",
                            "tags.Name": "meetup42-ngw-eip",
                            "vpc": "true"
                        },
                        "meta": {
                            "e2bfb730-ecaa-11e6-8f88-34363bc7c4c0": {
                                "delete": 180000000000,
                                "read": 900000000000,
                                "update": 300000000000
                            }
                        },
                        "tainted": false
                    },
                    "deposed": [],
                    "provider": "provider.aws"
                },
                "aws_elb.apps-elb": {
                    "type": "aws_elb",
                    "depends_on": [
                        "aws_instance.ucp_worker_linux.*",
                        "aws_internet_gateway.igw",
                        "aws_security_group.apps",
                        "aws_subnet.SubnetExternal.*"
                    ],
                    "primary": {
                        "id": "meetup42-apps-elb",
                        "attributes": {
                            "access_logs.#": "0",
                            "arn": "arn:aws:elasticloadbalancing:eu-west-1:343329120365:loadbalancer/meetup42-apps-elb",
                            "availability_zones.#": "3",
                            "availability_zones.1924028850": "eu-west-1b",
                            "availability_zones.3953592328": "eu-west-1a",
                            "availability_zones.94988580": "eu-west-1c",
                            "connection_draining": "false",
                            "connection_draining_timeout": "300",
                            "cross_zone_load_balancing": "true",
                            "dns_name": "meetup42-apps-elb-1830592193.eu-west-1.elb.amazonaws.com",
                            "health_check.#": "1",
                            "health_check.0.healthy_threshold": "2",
                            "health_check.0.interval": "30",
                            "health_check.0.target": "TCP:8443",
                            "health_check.0.timeout": "5",
                            "health_check.0.unhealthy_threshold": "10",
                            "id": "meetup42-apps-elb",
                            "idle_timeout": "60",
                            "instances.#": "1",
                            "instances.3610058247": "i-091303e3b6417ad57",
                            "internal": "false",
                            "listener.#": "2",
                            "listener.1309130541.instance_port": "8000",
                            "listener.1309130541.instance_protocol": "tcp",
                            "listener.1309130541.lb_port": "80",
                            "listener.1309130541.lb_protocol": "tcp",
                            "listener.1309130541.ssl_certificate_id": "",
                            "listener.3994985537.instance_port": "8443",
                            "listener.3994985537.instance_protocol": "tcp",
                            "listener.3994985537.lb_port": "443",
                            "listener.3994985537.lb_protocol": "tcp",
                            "listener.3994985537.ssl_certificate_id": "",
                            "name": "meetup42-apps-elb",
                            "security_groups.#": "1",
                            "security_groups.857629194": "sg-0c60d2948934be5b8",
                            "source_security_group": "343329120365/meetup42_apps-default",
                            "source_security_group_id": "sg-0c60d2948934be5b8",
                            "subnets.#": "3",
                            "subnets.1820647085": "subnet-04e04ba4c0b1231d1",
                            "subnets.207433197": "subnet-099ce2b3a2f5f2fee",
                            "subnets.4032961150": "subnet-005b59838020c4168",
                            "tags.%": "0",
                            "zone_id": "Z32O12XQLNTSW2"
                        },
                        "meta": {},
                        "tainted": false
                    },
                    "deposed": [],
                    "provider": "provider.aws"
                },
                "aws_elb.dtr-elb": {
                    "type": "aws_elb",
                    "depends_on": [
                        "aws_instance.ucp_worker_dtr.*",
                        "aws_internet_gateway.igw",
                        "aws_security_group.dtr",
                        "aws_subnet.SubnetDTR.*"
                    ],
                    "primary": {
                        "id": "meetup42-dtr-elb",
                        "attributes": {
                            "access_logs.#": "0",
                            "arn": "arn:aws:elasticloadbalancing:eu-west-1:343329120365:loadbalancer/meetup42-dtr-elb",
                            "availability_zones.#": "3",
                            "availability_zones.1924028850": "eu-west-1b",
                            "availability_zones.3953592328": "eu-west-1a",
                            "availability_zones.94988580": "eu-west-1c",
                            "connection_draining": "false",
                            "connection_draining_timeout": "300",
                            "cross_zone_load_balancing": "true",
                            "dns_name": "meetup42-dtr-elb-717066795.eu-west-1.elb.amazonaws.com",
                            "health_check.#": "1",
                            "health_check.0.healthy_threshold": "2",
                            "health_check.0.interval": "30",
                            "health_check.0.target": "TCP:443",
                            "health_check.0.timeout": "5",
                            "health_check.0.unhealthy_threshold": "10",
                            "id": "meetup42-dtr-elb",
                            "idle_timeout": "240",
                            "instances.#": "1",
                            "instances.559159073": "i-0b7d918dcdb5d67b5",
                            "internal": "false",
                            "listener.#": "2",
                            "listener.2974294026.instance_port": "80",
                            "listener.2974294026.instance_protocol": "tcp",
                            "listener.2974294026.lb_port": "80",
                            "listener.2974294026.lb_protocol": "tcp",
                            "listener.2974294026.ssl_certificate_id": "",
                            "listener.610193557.instance_port": "443",
                            "listener.610193557.instance_protocol": "tcp",
                            "listener.610193557.lb_port": "443",
                            "listener.610193557.lb_protocol": "tcp",
                            "listener.610193557.ssl_certificate_id": "",
                            "name": "meetup42-dtr-elb",
                            "security_groups.#": "1",
                            "security_groups.3251172542": "sg-0926556556e7eb0af",
                            "source_security_group": "343329120365/meetup42_dtr-default",
                            "source_security_group_id": "sg-0926556556e7eb0af",
                            "subnets.#": "3",
                            "subnets.1241226398": "subnet-018d7a90eba47b059",
                            "subnets.1465430069": "subnet-0298025cecc2ecbb9",
                            "subnets.742613283": "subnet-05d1499b89a6c2aa6",
                            "tags.%": "0",
                            "zone_id": "Z32O12XQLNTSW2"
                        },
                        "meta": {},
                        "tainted": false
                    },
                    "deposed": [],
                    "provider": "provider.aws"
                },
                "aws_elb.ucp-elb": {
                    "type": "aws_elb",
                    "depends_on": [
                        "aws_instance.ucp_manager_linux.*",
                        "aws_internet_gateway.igw",
                        "aws_security_group.elb",
                        "aws_subnet.SubnetUCP.*"
                    ],
                    "primary": {
                        "id": "meetup42-ucp-elb",
                        "attributes": {
                            "access_logs.#": "0",
                            "arn": "arn:aws:elasticloadbalancing:eu-west-1:343329120365:loadbalancer/meetup42-ucp-elb",
                            "availability_zones.#": "3",
                            "availability_zones.1924028850": "eu-west-1b",
                            "availability_zones.3953592328": "eu-west-1a",
                            "availability_zones.94988580": "eu-west-1c",
                            "connection_draining": "false",
                            "connection_draining_timeout": "300",
                            "cross_zone_load_balancing": "true",
                            "dns_name": "meetup42-ucp-elb-683820464.eu-west-1.elb.amazonaws.com",
                            "health_check.#": "1",
                            "health_check.0.healthy_threshold": "2",
                            "health_check.0.interval": "30",
                            "health_check.0.target": "TCP:443",
                            "health_check.0.timeout": "5",
                            "health_check.0.unhealthy_threshold": "10",
                            "id": "meetup42-ucp-elb",
                            "idle_timeout": "240",
                            "instances.#": "1",
                            "instances.3580983341": "i-01876970f7715373f",
                            "internal": "false",
                            "listener.#": "2",
                            "listener.3838681924.instance_port": "6443",
                            "listener.3838681924.instance_protocol": "tcp",
                            "listener.3838681924.lb_port": "6443",
                            "listener.3838681924.lb_protocol": "tcp",
                            "listener.3838681924.ssl_certificate_id": "",
                            "listener.610193557.instance_port": "443",
                            "listener.610193557.instance_protocol": "tcp",
                            "listener.610193557.lb_port": "443",
                            "listener.610193557.lb_protocol": "tcp",
                            "listener.610193557.ssl_certificate_id": "",
                            "name": "meetup42-ucp-elb",
                            "security_groups.#": "1",
                            "security_groups.3257481433": "sg-00b56f8ab70a552f6",
                            "source_security_group": "343329120365/meetup42_elb-default",
                            "source_security_group_id": "sg-00b56f8ab70a552f6",
                            "subnets.#": "3",
                            "subnets.2503786766": "subnet-021dfc7bacbc40d27",
                            "subnets.3661263652": "subnet-01f2ada10f21b8a16",
                            "subnets.4099208371": "subnet-0de09dfbd1b46cf44",
                            "tags.%": "0",
                            "zone_id": "Z32O12XQLNTSW2"
                        },
                        "meta": {},
                        "tainted": false
                    },
                    "deposed": [],
                    "provider": "provider.aws"
                },
                "aws_iam_instance_profile.dtr_instance_profile": {
                    "type": "aws_iam_instance_profile",
                    "depends_on": [
                        "aws_iam_role.dtr_iam_role"
                    ],
                    "primary": {
                        "id": "meetup42_dtr_instance_profile",
                        "attributes": {
                            "arn": "arn:aws:iam::343329120365:instance-profile/meetup42_dtr_instance_profile",
                            "create_date": "2018-10-29T15:02:06Z",
                            "id": "meetup42_dtr_instance_profile",
                            "name": "meetup42_dtr_instance_profile",
                            "path": "/",
                            "role": "meetup42_dtr_iam_role",
                            "roles.#": "0",
                            "unique_id": "AIPAJD5SMRH3VNBV32ST6"
                        },
                        "meta": {},
                        "tainted": false
                    },
                    "deposed": [],
                    "provider": "provider.aws"
                },
                "aws_iam_role.dtr_iam_role": {
                    "type": "aws_iam_role",
                    "depends_on": [],
                    "primary": {
                        "id": "meetup42_dtr_iam_role",
                        "attributes": {
                            "arn": "arn:aws:iam::343329120365:role/meetup42_dtr_iam_role",
                            "assume_role_policy": "{\"Version\":\"2012-10-17\",\"Statement\":[{\"Sid\":\"\",\"Effect\":\"Allow\",\"Principal\":{\"Service\":\"ec2.amazonaws.com\"},\"Action\":\"sts:AssumeRole\"}]}",
                            "create_date": "2018-10-29T15:02:05Z",
                            "description": "",
                            "force_detach_policies": "false",
                            "id": "meetup42_dtr_iam_role",
                            "max_session_duration": "3600",
                            "name": "meetup42_dtr_iam_role",
                            "path": "/",
                            "unique_id": "AROAJZG7BGPSJ5LAQDV3I"
                        },
                        "meta": {},
                        "tainted": false
                    },
                    "deposed": [],
                    "provider": "provider.aws"
                },
                "aws_iam_role_policy.dtr_iam_role_policy": {
                    "type": "aws_iam_role_policy",
                    "depends_on": [
                        "aws_iam_role.dtr_iam_role",
                        "aws_s3_bucket.dtr_storage_bucket"
                    ],
                    "primary": {
                        "id": "meetup42_dtr_iam_role:meetup42_dtr_iam_role_policy",
                        "attributes": {
                            "id": "meetup42_dtr_iam_role:meetup42_dtr_iam_role_policy",
                            "name": "meetup42_dtr_iam_role_policy",
                            "policy": "{\n  \"Version\": \"2012-10-17\",\n  \"Statement\": [\n    {\n      \"Effect\": \"Allow\",\n      \"Action\": [\n        \"ec2:CreateTags\",\n        \"ec2:DescribeTags\",\n\n        \"ec2:CreateSnapshot\",\n        \"ec2:DeleteSnapshot\",\n        \"ec2:DescribeSnapshots\",\n\n        \"ec2:CreateVolume\",\n        \"ec2:DeleteVolume\",\n        \"ec2:DescribeVolumes\",\n        \"ec2:AttachVolume\",\n        \"ec2:DetachVolume\",\n\n        \"logs:CreateLogStream\",\n        \"logs:PutLogEvents\",\n        \"cloudwatch:PutMetricData\"\n      ],\n      \"Resource\": \"*\"\n    },\n    {\n      \"Effect\": \"Allow\",\n      \"Action\": [\n        \"s3:ListBucket\",\n        \"s3:GetBucketLocation\",\n        \"s3:ListAllMyBuckets\",\n        \"s3:ListBucketMultipartUploads\"\n       ],\n      \"Resource\": [\"arn:aws:s3:::dtr20181029150205312700000001\"]\n    },\n    {\n      \"Effect\": \"Allow\",\n      \"Action\": [\n        \"s3:GetObject\",\n        \"s3:PutObject\",\n        \"s3:DeleteObject\",\n        \"s3:ListMultipartUploadParts\",\n        \"s3:AbortMultipartUpload\"\n      ],\n      \"Resource\": [\"arn:aws:s3:::dtr20181029150205312700000001/*\"]\n    }\n  ]\n}\n",
                            "role": "meetup42_dtr_iam_role"
                        },
                        "meta": {},
                        "tainted": false
                    },
                    "deposed": [],
                    "provider": "provider.aws"
                },
                "aws_instance.ucp_manager_linux": {
                    "type": "aws_instance",
                    "depends_on": [
                        "aws_iam_instance_profile.dtr_instance_profile",
                        "aws_security_group.ddc",
                        "aws_subnet.SubnetSwarm.*"
                    ],
                    "primary": {
                        "id": "i-01876970f7715373f",
                        "attributes": {
                            "ami": "ami-0d063c6b",
                            "arn": "arn:aws:ec2:eu-west-1:343329120365:instance/i-01876970f7715373f",
                            "associate_public_ip_address": "true",
                            "availability_zone": "eu-west-1a",
                            "cpu_core_count": "2",
                            "cpu_threads_per_core": "1",
                            "credit_specification.#": "1",
                            "credit_specification.0.cpu_credits": "standard",
                            "disable_api_termination": "false",
                            "ebs_block_device.#": "1",
                            "ebs_block_device.4023988449.delete_on_termination": "true",
                            "ebs_block_device.4023988449.device_name": "/dev/xvdf",
                            "ebs_block_device.4023988449.encrypted": "false",
                            "ebs_block_device.4023988449.iops": "100",
                            "ebs_block_device.4023988449.snapshot_id": "",
                            "ebs_block_device.4023988449.volume_id": "vol-08ac8846caf51c0e2",
                            "ebs_block_device.4023988449.volume_size": "8",
                            "ebs_block_device.4023988449.volume_type": "gp2",
                            "ebs_optimized": "false",
                            "ephemeral_block_device.#": "0",
                            "get_password_data": "false",
                            "iam_instance_profile": "meetup42_dtr_instance_profile",
                            "id": "i-01876970f7715373f",
                            "instance_state": "running",
                            "instance_type": "t2.medium",
                            "ipv6_addresses.#": "0",
                            "key_name": "ydaniel",
                            "monitoring": "false",
                            "network_interface.#": "0",
                            "network_interface_id": "eni-071911eed0d81451a",
                            "password_data": "",
                            "placement_group": "",
                            "primary_network_interface_id": "eni-071911eed0d81451a",
                            "private_dns": "ip-172-30-0-83.eu-west-1.compute.internal",
                            "private_ip": "172.30.0.83",
                            "public_dns": "ec2-34-252-252-176.eu-west-1.compute.amazonaws.com",
                            "public_ip": "34.252.252.176",
                            "root_block_device.#": "1",
                            "root_block_device.0.delete_on_termination": "true",
                            "root_block_device.0.iops": "100",
                            "root_block_device.0.volume_id": "vol-0f3e87cd513eb1335",
                            "root_block_device.0.volume_size": "8",
                            "root_block_device.0.volume_type": "gp2",
                            "security_groups.#": "0",
                            "source_dest_check": "true",
                            "subnet_id": "subnet-0b7c9a53e704e8d4e",
                            "tags.%": "1",
                            "tags.Name": "meetup42-Manager-Linux-1",
                            "tenancy": "default",
                            "user_data": "e42e4509e72b61a47ae49c2e7fc2719135ad7f0f",
                            "volume_tags.%": "0",
                            "vpc_security_group_ids.#": "1",
                            "vpc_security_group_ids.3061963524": "sg-072f00ae148a08b13"
                        },
                        "meta": {
                            "e2bfb730-ecaa-11e6-8f88-34363bc7c4c0": {
                                "create": 600000000000,
                                "delete": 1200000000000,
                                "update": 600000000000
                            },
                            "schema_version": "1"
                        },
                        "tainted": false
                    },
                    "deposed": [],
                    "provider": "provider.aws"
                },
                "aws_instance.ucp_worker_dtr": {
                    "type": "aws_instance",
                    "depends_on": [
                        "aws_iam_instance_profile.dtr_instance_profile",
                        "aws_security_group.ddc",
                        "aws_subnet.SubnetSwarm.*"
                    ],
                    "primary": {
                        "id": "i-0b7d918dcdb5d67b5",
                        "attributes": {
                            "ami": "ami-0d063c6b",
                            "arn": "arn:aws:ec2:eu-west-1:343329120365:instance/i-0b7d918dcdb5d67b5",
                            "associate_public_ip_address": "true",
                            "availability_zone": "eu-west-1a",
                            "cpu_core_count": "2",
                            "cpu_threads_per_core": "1",
                            "credit_specification.#": "1",
                            "credit_specification.0.cpu_credits": "standard",
                            "disable_api_termination": "false",
                            "ebs_block_device.#": "1",
                            "ebs_block_device.4023988449.delete_on_termination": "true",
                            "ebs_block_device.4023988449.device_name": "/dev/xvdf",
                            "ebs_block_device.4023988449.encrypted": "false",
                            "ebs_block_device.4023988449.iops": "100",
                            "ebs_block_device.4023988449.snapshot_id": "",
                            "ebs_block_device.4023988449.volume_id": "vol-04a4a50707c38fbbb",
                            "ebs_block_device.4023988449.volume_size": "8",
                            "ebs_block_device.4023988449.volume_type": "gp2",
                            "ebs_optimized": "false",
                            "ephemeral_block_device.#": "0",
                            "get_password_data": "false",
                            "iam_instance_profile": "meetup42_dtr_instance_profile",
                            "id": "i-0b7d918dcdb5d67b5",
                            "instance_state": "running",
                            "instance_type": "t2.medium",
                            "ipv6_addresses.#": "0",
                            "key_name": "ydaniel",
                            "monitoring": "false",
                            "network_interface.#": "0",
                            "network_interface_id": "eni-016a0be223be620d8",
                            "password_data": "",
                            "placement_group": "",
                            "primary_network_interface_id": "eni-016a0be223be620d8",
                            "private_dns": "ip-172-30-0-84.eu-west-1.compute.internal",
                            "private_ip": "172.30.0.84",
                            "public_dns": "ec2-34-240-198-192.eu-west-1.compute.amazonaws.com",
                            "public_ip": "34.240.198.192",
                            "root_block_device.#": "1",
                            "root_block_device.0.delete_on_termination": "true",
                            "root_block_device.0.iops": "100",
                            "root_block_device.0.volume_id": "vol-01df163727b56bb61",
                            "root_block_device.0.volume_size": "8",
                            "root_block_device.0.volume_type": "gp2",
                            "security_groups.#": "0",
                            "source_dest_check": "true",
                            "subnet_id": "subnet-0b7c9a53e704e8d4e",
                            "tags.%": "1",
                            "tags.Name": "meetup42-Worker-DTR-1",
                            "tenancy": "default",
                            "user_data": "e42e4509e72b61a47ae49c2e7fc2719135ad7f0f",
                            "volume_tags.%": "0",
                            "vpc_security_group_ids.#": "1",
                            "vpc_security_group_ids.3061963524": "sg-072f00ae148a08b13"
                        },
                        "meta": {
                            "e2bfb730-ecaa-11e6-8f88-34363bc7c4c0": {
                                "create": 600000000000,
                                "delete": 1200000000000,
                                "update": 600000000000
                            },
                            "schema_version": "1"
                        },
                        "tainted": false
                    },
                    "deposed": [],
                    "provider": "provider.aws"
                },
                "aws_instance.ucp_worker_linux": {
                    "type": "aws_instance",
                    "depends_on": [
                        "aws_iam_instance_profile.dtr_instance_profile",
                        "aws_security_group.ddc",
                        "aws_subnet.SubnetSwarm.*"
                    ],
                    "primary": {
                        "id": "i-091303e3b6417ad57",
                        "attributes": {
                            "ami": "ami-0d063c6b",
                            "arn": "arn:aws:ec2:eu-west-1:343329120365:instance/i-091303e3b6417ad57",
                            "associate_public_ip_address": "true",
                            "availability_zone": "eu-west-1a",
                            "cpu_core_count": "2",
                            "cpu_threads_per_core": "1",
                            "credit_specification.#": "1",
                            "credit_specification.0.cpu_credits": "standard",
                            "disable_api_termination": "false",
                            "ebs_block_device.#": "1",
                            "ebs_block_device.4023988449.delete_on_termination": "true",
                            "ebs_block_device.4023988449.device_name": "/dev/xvdf",
                            "ebs_block_device.4023988449.encrypted": "false",
                            "ebs_block_device.4023988449.iops": "100",
                            "ebs_block_device.4023988449.snapshot_id": "",
                            "ebs_block_device.4023988449.volume_id": "vol-0a2a111072bb02fb4",
                            "ebs_block_device.4023988449.volume_size": "8",
                            "ebs_block_device.4023988449.volume_type": "gp2",
                            "ebs_optimized": "false",
                            "ephemeral_block_device.#": "0",
                            "get_password_data": "false",
                            "iam_instance_profile": "meetup42_dtr_instance_profile",
                            "id": "i-091303e3b6417ad57",
                            "instance_state": "running",
                            "instance_type": "t2.medium",
                            "ipv6_addresses.#": "0",
                            "key_name": "ydaniel",
                            "monitoring": "false",
                            "network_interface.#": "0",
                            "network_interface_id": "eni-0d3c4b9d916ea5866",
                            "password_data": "",
                            "placement_group": "",
                            "primary_network_interface_id": "eni-0d3c4b9d916ea5866",
                            "private_dns": "ip-172-30-0-156.eu-west-1.compute.internal",
                            "private_ip": "172.30.0.156",
                            "public_dns": "ec2-34-255-86-85.eu-west-1.compute.amazonaws.com",
                            "public_ip": "34.255.86.85",
                            "root_block_device.#": "1",
                            "root_block_device.0.delete_on_termination": "true",
                            "root_block_device.0.iops": "100",
                            "root_block_device.0.volume_id": "vol-0e9fbb932b4cf1f0b",
                            "root_block_device.0.volume_size": "8",
                            "root_block_device.0.volume_type": "gp2",
                            "security_groups.#": "0",
                            "source_dest_check": "true",
                            "subnet_id": "subnet-0b7c9a53e704e8d4e",
                            "tags.%": "1",
                            "tags.Name": "meetup42-Worker-Linux-1",
                            "tenancy": "default",
                            "user_data": "e42e4509e72b61a47ae49c2e7fc2719135ad7f0f",
                            "volume_tags.%": "0",
                            "vpc_security_group_ids.#": "1",
                            "vpc_security_group_ids.3061963524": "sg-072f00ae148a08b13"
                        },
                        "meta": {
                            "e2bfb730-ecaa-11e6-8f88-34363bc7c4c0": {
                                "create": 600000000000,
                                "delete": 1200000000000,
                                "update": 600000000000
                            },
                            "schema_version": "1"
                        },
                        "tainted": false
                    },
                    "deposed": [],
                    "provider": "provider.aws"
                },
                "aws_internet_gateway.igw": {
                    "type": "aws_internet_gateway",
                    "depends_on": [
                        "aws_vpc.docker"
                    ],
                    "primary": {
                        "id": "igw-03bd114f19f6e0d74",
                        "attributes": {
                            "id": "igw-03bd114f19f6e0d74",
                            "tags.%": "1",
                            "tags.Name": "meetup42-igw",
                            "vpc_id": "vpc-0dc79fcbf4b6a3cc8"
                        },
                        "meta": {},
                        "tainted": false
                    },
                    "deposed": [],
                    "provider": "provider.aws"
                },
                "aws_main_route_table_association.main_route_table": {
                    "type": "aws_main_route_table_association",
                    "depends_on": [
                        "aws_route_table.public_route",
                        "aws_vpc.docker"
                    ],
                    "primary": {
                        "id": "rtbassoc-032b72a9ac4b111e3",
                        "attributes": {
                            "id": "rtbassoc-032b72a9ac4b111e3",
                            "original_route_table_id": "rtb-09619287cdf34c107",
                            "route_table_id": "rtb-034a52ab809b3b986",
                            "vpc_id": "vpc-0dc79fcbf4b6a3cc8"
                        },
                        "meta": {},
                        "tainted": false
                    },
                    "deposed": [],
                    "provider": "provider.aws"
                },
                "aws_nat_gateway.natgw": {
                    "type": "aws_nat_gateway",
                    "depends_on": [
                        "aws_eip.natgw",
                        "aws_internet_gateway.igw",
                        "aws_subnet.SubnetPUB"
                    ],
                    "primary": {
                        "id": "nat-0cc5fb2971f724d02",
                        "attributes": {
                            "allocation_id": "eipalloc-0780167df45f34574",
                            "id": "nat-0cc5fb2971f724d02",
                            "network_interface_id": "eni-08e6ac210fd9dc3c2",
                            "private_ip": "172.30.16.87",
                            "public_ip": "63.32.36.25",
                            "subnet_id": "subnet-0b503666cbf103867",
                            "tags.%": "1",
                            "tags.Name": "meetup42-natgw"
                        },
                        "meta": {},
                        "tainted": false
                    },
                    "deposed": [],
                    "provider": "provider.aws"
                },
                "aws_route_table.private_route": {
                    "type": "aws_route_table",
                    "depends_on": [
                        "aws_nat_gateway.natgw",
                        "aws_vpc.docker"
                    ],
                    "primary": {
                        "id": "rtb-0d20c5a383049ba54",
                        "attributes": {
                            "id": "rtb-0d20c5a383049ba54",
                            "propagating_vgws.#": "0",
                            "route.#": "1",
                            "route.599978867.cidr_block": "0.0.0.0/0",
                            "route.599978867.egress_only_gateway_id": "",
                            "route.599978867.gateway_id": "",
                            "route.599978867.instance_id": "",
                            "route.599978867.ipv6_cidr_block": "",
                            "route.599978867.nat_gateway_id": "nat-0cc5fb2971f724d02",
                            "route.599978867.network_interface_id": "",
                            "route.599978867.vpc_peering_connection_id": "",
                            "tags.%": "1",
                            "tags.Name": "meetup42-priv-route",
                            "vpc_id": "vpc-0dc79fcbf4b6a3cc8"
                        },
                        "meta": {},
                        "tainted": false
                    },
                    "deposed": [],
                    "provider": "provider.aws"
                },
                "aws_route_table.public_route": {
                    "type": "aws_route_table",
                    "depends_on": [
                        "aws_internet_gateway.igw",
                        "aws_vpc.docker"
                    ],
                    "primary": {
                        "id": "rtb-034a52ab809b3b986",
                        "attributes": {
                            "id": "rtb-034a52ab809b3b986",
                            "propagating_vgws.#": "0",
                            "route.#": "1",
                            "route.3638455271.cidr_block": "0.0.0.0/0",
                            "route.3638455271.egress_only_gateway_id": "",
                            "route.3638455271.gateway_id": "igw-03bd114f19f6e0d74",
                            "route.3638455271.instance_id": "",
                            "route.3638455271.ipv6_cidr_block": "",
                            "route.3638455271.nat_gateway_id": "",
                            "route.3638455271.network_interface_id": "",
                            "route.3638455271.vpc_peering_connection_id": "",
                            "tags.%": "1",
                            "tags.Name": "meetup42-pub-route",
                            "vpc_id": "vpc-0dc79fcbf4b6a3cc8"
                        },
                        "meta": {},
                        "tainted": false
                    },
                    "deposed": [],
                    "provider": "provider.aws"
                },
                "aws_route_table_association.rta_priv_subnetdtr.0": {
                    "type": "aws_route_table_association",
                    "depends_on": [
                        "aws_route_table.private_route",
                        "aws_subnet.SubnetDTR.*",
                        "data.aws_availability_zones.available"
                    ],
                    "primary": {
                        "id": "rtbassoc-0ec4500400dd35129",
                        "attributes": {
                            "id": "rtbassoc-0ec4500400dd35129",
                            "route_table_id": "rtb-0d20c5a383049ba54",
                            "subnet_id": "subnet-0298025cecc2ecbb9"
                        },
                        "meta": {},
                        "tainted": false
                    },
                    "deposed": [],
                    "provider": "provider.aws"
                },
                "aws_route_table_association.rta_priv_subnetdtr.1": {
                    "type": "aws_route_table_association",
                    "depends_on": [
                        "aws_route_table.private_route",
                        "aws_subnet.SubnetDTR.*",
                        "data.aws_availability_zones.available"
                    ],
                    "primary": {
                        "id": "rtbassoc-0d63ac1d2b8da39b7",
                        "attributes": {
                            "id": "rtbassoc-0d63ac1d2b8da39b7",
                            "route_table_id": "rtb-0d20c5a383049ba54",
                            "subnet_id": "subnet-05d1499b89a6c2aa6"
                        },
                        "meta": {},
                        "tainted": false
                    },
                    "deposed": [],
                    "provider": "provider.aws"
                },
                "aws_route_table_association.rta_priv_subnetdtr.2": {
                    "type": "aws_route_table_association",
                    "depends_on": [
                        "aws_route_table.private_route",
                        "aws_subnet.SubnetDTR.*",
                        "data.aws_availability_zones.available"
                    ],
                    "primary": {
                        "id": "rtbassoc-0735afced02fd29da",
                        "attributes": {
                            "id": "rtbassoc-0735afced02fd29da",
                            "route_table_id": "rtb-0d20c5a383049ba54",
                            "subnet_id": "subnet-018d7a90eba47b059"
                        },
                        "meta": {},
                        "tainted": false
                    },
                    "deposed": [],
                    "provider": "provider.aws"
                },
                "aws_route_table_association.rta_priv_subnetexternal.0": {
                    "type": "aws_route_table_association",
                    "depends_on": [
                        "aws_route_table.private_route",
                        "aws_subnet.SubnetExternal.*",
                        "data.aws_availability_zones.available"
                    ],
                    "primary": {
                        "id": "rtbassoc-0d08dd522eeb72747",
                        "attributes": {
                            "id": "rtbassoc-0d08dd522eeb72747",
                            "route_table_id": "rtb-0d20c5a383049ba54",
                            "subnet_id": "subnet-099ce2b3a2f5f2fee"
                        },
                        "meta": {},
                        "tainted": false
                    },
                    "deposed": [],
                    "provider": "provider.aws"
                },
                "aws_route_table_association.rta_priv_subnetexternal.1": {
                    "type": "aws_route_table_association",
                    "depends_on": [
                        "aws_route_table.private_route",
                        "aws_subnet.SubnetExternal.*",
                        "data.aws_availability_zones.available"
                    ],
                    "primary": {
                        "id": "rtbassoc-0ef65b96d0224990c",
                        "attributes": {
                            "id": "rtbassoc-0ef65b96d0224990c",
                            "route_table_id": "rtb-0d20c5a383049ba54",
                            "subnet_id": "subnet-005b59838020c4168"
                        },
                        "meta": {},
                        "tainted": false
                    },
                    "deposed": [],
                    "provider": "provider.aws"
                },
                "aws_route_table_association.rta_priv_subnetexternal.2": {
                    "type": "aws_route_table_association",
                    "depends_on": [
                        "aws_route_table.private_route",
                        "aws_subnet.SubnetExternal.*",
                        "data.aws_availability_zones.available"
                    ],
                    "primary": {
                        "id": "rtbassoc-0d1f0cef5c9bb1f1d",
                        "attributes": {
                            "id": "rtbassoc-0d1f0cef5c9bb1f1d",
                            "route_table_id": "rtb-0d20c5a383049ba54",
                            "subnet_id": "subnet-04e04ba4c0b1231d1"
                        },
                        "meta": {},
                        "tainted": false
                    },
                    "deposed": [],
                    "provider": "provider.aws"
                },
                "aws_route_table_association.rta_priv_subnetswarm.0": {
                    "type": "aws_route_table_association",
                    "depends_on": [
                        "aws_route_table.private_route",
                        "aws_subnet.SubnetSwarm.*",
                        "data.aws_availability_zones.available"
                    ],
                    "primary": {
                        "id": "rtbassoc-055083d346502a52b",
                        "attributes": {
                            "id": "rtbassoc-055083d346502a52b",
                            "route_table_id": "rtb-0d20c5a383049ba54",
                            "subnet_id": "subnet-0b7c9a53e704e8d4e"
                        },
                        "meta": {},
                        "tainted": false
                    },
                    "deposed": [],
                    "provider": "provider.aws"
                },
                "aws_route_table_association.rta_priv_subnetswarm.1": {
                    "type": "aws_route_table_association",
                    "depends_on": [
                        "aws_route_table.private_route",
                        "aws_subnet.SubnetSwarm.*",
                        "data.aws_availability_zones.available"
                    ],
                    "primary": {
                        "id": "rtbassoc-013e4f24d1a92eab8",
                        "attributes": {
                            "id": "rtbassoc-013e4f24d1a92eab8",
                            "route_table_id": "rtb-0d20c5a383049ba54",
                            "subnet_id": "subnet-0911e64c32615199e"
                        },
                        "meta": {},
                        "tainted": false
                    },
                    "deposed": [],
                    "provider": "provider.aws"
                },
                "aws_route_table_association.rta_priv_subnetswarm.2": {
                    "type": "aws_route_table_association",
                    "depends_on": [
                        "aws_route_table.private_route",
                        "aws_subnet.SubnetSwarm.*",
                        "data.aws_availability_zones.available"
                    ],
                    "primary": {
                        "id": "rtbassoc-0c1039219228a18f8",
                        "attributes": {
                            "id": "rtbassoc-0c1039219228a18f8",
                            "route_table_id": "rtb-0d20c5a383049ba54",
                            "subnet_id": "subnet-03ab0fd995ac5c6ab"
                        },
                        "meta": {},
                        "tainted": false
                    },
                    "deposed": [],
                    "provider": "provider.aws"
                },
                "aws_route_table_association.rta_priv_subnetucp.0": {
                    "type": "aws_route_table_association",
                    "depends_on": [
                        "aws_route_table.private_route",
                        "aws_subnet.SubnetUCP.*",
                        "data.aws_availability_zones.available"
                    ],
                    "primary": {
                        "id": "rtbassoc-09a2deebb64296587",
                        "attributes": {
                            "id": "rtbassoc-09a2deebb64296587",
                            "route_table_id": "rtb-0d20c5a383049ba54",
                            "subnet_id": "subnet-01f2ada10f21b8a16"
                        },
                        "meta": {},
                        "tainted": false
                    },
                    "deposed": [],
                    "provider": "provider.aws"
                },
                "aws_route_table_association.rta_priv_subnetucp.1": {
                    "type": "aws_route_table_association",
                    "depends_on": [
                        "aws_route_table.private_route",
                        "aws_subnet.SubnetUCP.*",
                        "data.aws_availability_zones.available"
                    ],
                    "primary": {
                        "id": "rtbassoc-0f95c2c803e6ad8c4",
                        "attributes": {
                            "id": "rtbassoc-0f95c2c803e6ad8c4",
                            "route_table_id": "rtb-0d20c5a383049ba54",
                            "subnet_id": "subnet-0de09dfbd1b46cf44"
                        },
                        "meta": {},
                        "tainted": false
                    },
                    "deposed": [],
                    "provider": "provider.aws"
                },
                "aws_route_table_association.rta_priv_subnetucp.2": {
                    "type": "aws_route_table_association",
                    "depends_on": [
                        "aws_route_table.private_route",
                        "aws_subnet.SubnetUCP.*",
                        "data.aws_availability_zones.available"
                    ],
                    "primary": {
                        "id": "rtbassoc-00ca0bd9225cbe933",
                        "attributes": {
                            "id": "rtbassoc-00ca0bd9225cbe933",
                            "route_table_id": "rtb-0d20c5a383049ba54",
                            "subnet_id": "subnet-021dfc7bacbc40d27"
                        },
                        "meta": {},
                        "tainted": false
                    },
                    "deposed": [],
                    "provider": "provider.aws"
                },
                "aws_route_table_association.rta_pub_subnetpub": {
                    "type": "aws_route_table_association",
                    "depends_on": [
                        "aws_route_table.public_route",
                        "aws_subnet.SubnetPUB"
                    ],
                    "primary": {
                        "id": "rtbassoc-0a6c24858df5f6163",
                        "attributes": {
                            "id": "rtbassoc-0a6c24858df5f6163",
                            "route_table_id": "rtb-034a52ab809b3b986",
                            "subnet_id": "subnet-0b503666cbf103867"
                        },
                        "meta": {},
                        "tainted": false
                    },
                    "deposed": [],
                    "provider": "provider.aws"
                },
                "aws_s3_bucket.access-logs_storage_bucket": {
                    "type": "aws_s3_bucket",
                    "depends_on": [],
                    "primary": {
                        "id": "access-logs20181029150205312800000002",
                        "attributes": {
                            "acceleration_status": "",
                            "acl": "private",
                            "arn": "arn:aws:s3:::access-logs20181029150205312800000002",
                            "bucket": "access-logs20181029150205312800000002",
                            "bucket_domain_name": "access-logs20181029150205312800000002.s3.amazonaws.com",
                            "bucket_prefix": "access-logs",
                            "bucket_regional_domain_name": "access-logs20181029150205312800000002.s3.eu-west-1.amazonaws.com",
                            "cors_rule.#": "0",
                            "force_destroy": "false",
                            "hosted_zone_id": "Z1BKCTXD74EZPE",
                            "id": "access-logs20181029150205312800000002",
                            "lifecycle_rule.#": "0",
                            "logging.#": "0",
                            "region": "eu-west-1",
                            "replication_configuration.#": "0",
                            "request_payer": "BucketOwner",
                            "server_side_encryption_configuration.#": "0",
                            "tags.%": "2",
                            "tags.Environment": "meetup42",
                            "tags.Name": "meetup42-access-logs-bucket",
                            "versioning.#": "1",
                            "versioning.0.enabled": "false",
                            "versioning.0.mfa_delete": "false",
                            "website.#": "0"
                        },
                        "meta": {},
                        "tainted": false
                    },
                    "deposed": [],
                    "provider": "provider.aws"
                },
                "aws_s3_bucket.dtr_storage_bucket": {
                    "type": "aws_s3_bucket",
                    "depends_on": [],
                    "primary": {
                        "id": "dtr20181029150205312700000001",
                        "attributes": {
                            "acceleration_status": "",
                            "acl": "private",
                            "arn": "arn:aws:s3:::dtr20181029150205312700000001",
                            "bucket": "dtr20181029150205312700000001",
                            "bucket_domain_name": "dtr20181029150205312700000001.s3.amazonaws.com",
                            "bucket_prefix": "dtr",
                            "bucket_regional_domain_name": "dtr20181029150205312700000001.s3.eu-west-1.amazonaws.com",
                            "cors_rule.#": "0",
                            "force_destroy": "false",
                            "hosted_zone_id": "Z1BKCTXD74EZPE",
                            "id": "dtr20181029150205312700000001",
                            "lifecycle_rule.#": "0",
                            "logging.#": "0",
                            "region": "eu-west-1",
                            "replication_configuration.#": "0",
                            "request_payer": "BucketOwner",
                            "server_side_encryption_configuration.#": "0",
                            "tags.%": "2",
                            "tags.Environment": "meetup42",
                            "tags.Name": "meetup42-dtr-storage",
                            "versioning.#": "1",
                            "versioning.0.enabled": "false",
                            "versioning.0.mfa_delete": "false",
                            "website.#": "0"
                        },
                        "meta": {},
                        "tainted": false
                    },
                    "deposed": [],
                    "provider": "provider.aws"
                },
                "aws_security_group.apps": {
                    "type": "aws_security_group",
                    "depends_on": [
                        "aws_vpc.docker"
                    ],
                    "primary": {
                        "id": "sg-0c60d2948934be5b8",
                        "attributes": {
                            "arn": "arn:aws:ec2:eu-west-1:343329120365:security-group/sg-0c60d2948934be5b8",
                            "description": "Default Security Group for Docker EE applications",
                            "egress.#": "1",
                            "egress.482069346.cidr_blocks.#": "1",
                            "egress.482069346.cidr_blocks.0": "0.0.0.0/0",
                            "egress.482069346.description": "",
                            "egress.482069346.from_port": "0",
                            "egress.482069346.ipv6_cidr_blocks.#": "0",
                            "egress.482069346.prefix_list_ids.#": "0",
                            "egress.482069346.protocol": "-1",
                            "egress.482069346.security_groups.#": "0",
                            "egress.482069346.self": "false",
                            "egress.482069346.to_port": "0",
                            "id": "sg-0c60d2948934be5b8",
                            "ingress.#": "2",
                            "ingress.2617001939.cidr_blocks.#": "1",
                            "ingress.2617001939.cidr_blocks.0": "0.0.0.0/0",
                            "ingress.2617001939.description": "",
                            "ingress.2617001939.from_port": "443",
                            "ingress.2617001939.ipv6_cidr_blocks.#": "0",
                            "ingress.2617001939.prefix_list_ids.#": "0",
                            "ingress.2617001939.protocol": "tcp",
                            "ingress.2617001939.security_groups.#": "0",
                            "ingress.2617001939.self": "false",
                            "ingress.2617001939.to_port": "443",
                            "ingress.516175195.cidr_blocks.#": "1",
                            "ingress.516175195.cidr_blocks.0": "0.0.0.0/0",
                            "ingress.516175195.description": "",
                            "ingress.516175195.from_port": "8080",
                            "ingress.516175195.ipv6_cidr_blocks.#": "0",
                            "ingress.516175195.prefix_list_ids.#": "0",
                            "ingress.516175195.protocol": "tcp",
                            "ingress.516175195.security_groups.#": "0",
                            "ingress.516175195.self": "false",
                            "ingress.516175195.to_port": "8080",
                            "name": "meetup42_apps-default",
                            "owner_id": "343329120365",
                            "revoke_rules_on_delete": "false",
                            "tags.%": "1",
                            "tags.Name": "meetup42-apps-default-sg",
                            "vpc_id": "vpc-0dc79fcbf4b6a3cc8"
                        },
                        "meta": {
                            "e2bfb730-ecaa-11e6-8f88-34363bc7c4c0": {
                                "create": 600000000000,
                                "delete": 3600000000000
                            },
                            "schema_version": "1"
                        },
                        "tainted": false
                    },
                    "deposed": [],
                    "provider": "provider.aws"
                },
                "aws_security_group.ddc": {
                    "type": "aws_security_group",
                    "depends_on": [
                        "aws_vpc.docker"
                    ],
                    "primary": {
                        "id": "sg-072f00ae148a08b13",
                        "attributes": {
                            "arn": "arn:aws:ec2:eu-west-1:343329120365:security-group/sg-072f00ae148a08b13",
                            "description": "Default Security Group for Docker EE",
                            "egress.#": "1",
                            "egress.482069346.cidr_blocks.#": "1",
                            "egress.482069346.cidr_blocks.0": "0.0.0.0/0",
                            "egress.482069346.description": "",
                            "egress.482069346.from_port": "0",
                            "egress.482069346.ipv6_cidr_blocks.#": "0",
                            "egress.482069346.prefix_list_ids.#": "0",
                            "egress.482069346.protocol": "-1",
                            "egress.482069346.security_groups.#": "0",
                            "egress.482069346.self": "false",
                            "egress.482069346.to_port": "0",
                            "id": "sg-072f00ae148a08b13",
                            "ingress.#": "9",
                            "ingress.1138479083.cidr_blocks.#": "1",
                            "ingress.1138479083.cidr_blocks.0": "0.0.0.0/0",
                            "ingress.1138479083.description": "",
                            "ingress.1138479083.from_port": "5985",
                            "ingress.1138479083.ipv6_cidr_blocks.#": "0",
                            "ingress.1138479083.prefix_list_ids.#": "0",
                            "ingress.1138479083.protocol": "tcp",
                            "ingress.1138479083.security_groups.#": "0",
                            "ingress.1138479083.self": "false",
                            "ingress.1138479083.to_port": "5985",
                            "ingress.2223400681.cidr_blocks.#": "1",
                            "ingress.2223400681.cidr_blocks.0": "0.0.0.0/0",
                            "ingress.2223400681.description": "",
                            "ingress.2223400681.from_port": "3389",
                            "ingress.2223400681.ipv6_cidr_blocks.#": "0",
                            "ingress.2223400681.prefix_list_ids.#": "0",
                            "ingress.2223400681.protocol": "tcp",
                            "ingress.2223400681.security_groups.#": "0",
                            "ingress.2223400681.self": "false",
                            "ingress.2223400681.to_port": "3389",
                            "ingress.2541437006.cidr_blocks.#": "1",
                            "ingress.2541437006.cidr_blocks.0": "0.0.0.0/0",
                            "ingress.2541437006.description": "",
                            "ingress.2541437006.from_port": "22",
                            "ingress.2541437006.ipv6_cidr_blocks.#": "0",
                            "ingress.2541437006.prefix_list_ids.#": "0",
                            "ingress.2541437006.protocol": "tcp",
                            "ingress.2541437006.security_groups.#": "0",
                            "ingress.2541437006.self": "false",
                            "ingress.2541437006.to_port": "22",
                            "ingress.3375845224.cidr_blocks.#": "1",
                            "ingress.3375845224.cidr_blocks.0": "0.0.0.0/0",
                            "ingress.3375845224.description": "",
                            "ingress.3375845224.from_port": "5986",
                            "ingress.3375845224.ipv6_cidr_blocks.#": "0",
                            "ingress.3375845224.prefix_list_ids.#": "0",
                            "ingress.3375845224.protocol": "tcp",
                            "ingress.3375845224.security_groups.#": "0",
                            "ingress.3375845224.self": "false",
                            "ingress.3375845224.to_port": "5986",
                            "ingress.3644727299.cidr_blocks.#": "1",
                            "ingress.3644727299.cidr_blocks.0": "172.30.0.0/16",
                            "ingress.3644727299.description": "",
                            "ingress.3644727299.from_port": "6443",
                            "ingress.3644727299.ipv6_cidr_blocks.#": "0",
                            "ingress.3644727299.prefix_list_ids.#": "0",
                            "ingress.3644727299.protocol": "tcp",
                            "ingress.3644727299.security_groups.#": "0",
                            "ingress.3644727299.self": "false",
                            "ingress.3644727299.to_port": "6443",
                            "ingress.3956752459.cidr_blocks.#": "1",
                            "ingress.3956752459.cidr_blocks.0": "172.30.0.0/16",
                            "ingress.3956752459.description": "",
                            "ingress.3956752459.from_port": "2049",
                            "ingress.3956752459.ipv6_cidr_blocks.#": "0",
                            "ingress.3956752459.prefix_list_ids.#": "0",
                            "ingress.3956752459.protocol": "tcp",
                            "ingress.3956752459.security_groups.#": "0",
                            "ingress.3956752459.self": "false",
                            "ingress.3956752459.to_port": "2049",
                            "ingress.474725826.cidr_blocks.#": "1",
                            "ingress.474725826.cidr_blocks.0": "172.30.0.0/16",
                            "ingress.474725826.description": "",
                            "ingress.474725826.from_port": "2049",
                            "ingress.474725826.ipv6_cidr_blocks.#": "0",
                            "ingress.474725826.prefix_list_ids.#": "0",
                            "ingress.474725826.protocol": "udp",
                            "ingress.474725826.security_groups.#": "0",
                            "ingress.474725826.self": "false",
                            "ingress.474725826.to_port": "2049",
                            "ingress.753360330.cidr_blocks.#": "0",
                            "ingress.753360330.description": "",
                            "ingress.753360330.from_port": "0",
                            "ingress.753360330.ipv6_cidr_blocks.#": "0",
                            "ingress.753360330.prefix_list_ids.#": "0",
                            "ingress.753360330.protocol": "-1",
                            "ingress.753360330.security_groups.#": "0",
                            "ingress.753360330.self": "true",
                            "ingress.753360330.to_port": "0",
                            "ingress.973555009.cidr_blocks.#": "1",
                            "ingress.973555009.cidr_blocks.0": "172.30.0.0/16",
                            "ingress.973555009.description": "",
                            "ingress.973555009.from_port": "443",
                            "ingress.973555009.ipv6_cidr_blocks.#": "0",
                            "ingress.973555009.prefix_list_ids.#": "0",
                            "ingress.973555009.protocol": "tcp",
                            "ingress.973555009.security_groups.#": "0",
                            "ingress.973555009.self": "false",
                            "ingress.973555009.to_port": "443",
                            "name": "meetup42_ddc-default",
                            "owner_id": "343329120365",
                            "revoke_rules_on_delete": "false",
                            "tags.%": "1",
                            "tags.Name": "meetup42-ddc-default-sg",
                            "vpc_id": "vpc-0dc79fcbf4b6a3cc8"
                        },
                        "meta": {
                            "e2bfb730-ecaa-11e6-8f88-34363bc7c4c0": {
                                "create": 600000000000,
                                "delete": 3600000000000
                            },
                            "schema_version": "1"
                        },
                        "tainted": false
                    },
                    "deposed": [],
                    "provider": "provider.aws"
                },
                "aws_security_group.dtr": {
                    "type": "aws_security_group",
                    "depends_on": [
                        "aws_vpc.docker"
                    ],
                    "primary": {
                        "id": "sg-0926556556e7eb0af",
                        "attributes": {
                            "arn": "arn:aws:ec2:eu-west-1:343329120365:security-group/sg-0926556556e7eb0af",
                            "description": "Default Security Group for Docker EE DTR ELB",
                            "egress.#": "1",
                            "egress.482069346.cidr_blocks.#": "1",
                            "egress.482069346.cidr_blocks.0": "0.0.0.0/0",
                            "egress.482069346.description": "",
                            "egress.482069346.from_port": "0",
                            "egress.482069346.ipv6_cidr_blocks.#": "0",
                            "egress.482069346.prefix_list_ids.#": "0",
                            "egress.482069346.protocol": "-1",
                            "egress.482069346.security_groups.#": "0",
                            "egress.482069346.self": "false",
                            "egress.482069346.to_port": "0",
                            "id": "sg-0926556556e7eb0af",
                            "ingress.#": "2",
                            "ingress.2214680975.cidr_blocks.#": "1",
                            "ingress.2214680975.cidr_blocks.0": "0.0.0.0/0",
                            "ingress.2214680975.description": "",
                            "ingress.2214680975.from_port": "80",
                            "ingress.2214680975.ipv6_cidr_blocks.#": "0",
                            "ingress.2214680975.prefix_list_ids.#": "0",
                            "ingress.2214680975.protocol": "tcp",
                            "ingress.2214680975.security_groups.#": "0",
                            "ingress.2214680975.self": "false",
                            "ingress.2214680975.to_port": "80",
                            "ingress.2617001939.cidr_blocks.#": "1",
                            "ingress.2617001939.cidr_blocks.0": "0.0.0.0/0",
                            "ingress.2617001939.description": "",
                            "ingress.2617001939.from_port": "443",
                            "ingress.2617001939.ipv6_cidr_blocks.#": "0",
                            "ingress.2617001939.prefix_list_ids.#": "0",
                            "ingress.2617001939.protocol": "tcp",
                            "ingress.2617001939.security_groups.#": "0",
                            "ingress.2617001939.self": "false",
                            "ingress.2617001939.to_port": "443",
                            "name": "meetup42_dtr-default",
                            "owner_id": "343329120365",
                            "revoke_rules_on_delete": "false",
                            "tags.%": "1",
                            "tags.Name": "meetup42-dtr-default-sg",
                            "vpc_id": "vpc-0dc79fcbf4b6a3cc8"
                        },
                        "meta": {
                            "e2bfb730-ecaa-11e6-8f88-34363bc7c4c0": {
                                "create": 600000000000,
                                "delete": 3600000000000
                            },
                            "schema_version": "1"
                        },
                        "tainted": false
                    },
                    "deposed": [],
                    "provider": "provider.aws"
                },
                "aws_security_group.elb": {
                    "type": "aws_security_group",
                    "depends_on": [
                        "aws_vpc.docker"
                    ],
                    "primary": {
                        "id": "sg-00b56f8ab70a552f6",
                        "attributes": {
                            "arn": "arn:aws:ec2:eu-west-1:343329120365:security-group/sg-00b56f8ab70a552f6",
                            "description": "Default Security Group for Docker EE ELBs",
                            "egress.#": "1",
                            "egress.482069346.cidr_blocks.#": "1",
                            "egress.482069346.cidr_blocks.0": "0.0.0.0/0",
                            "egress.482069346.description": "",
                            "egress.482069346.from_port": "0",
                            "egress.482069346.ipv6_cidr_blocks.#": "0",
                            "egress.482069346.prefix_list_ids.#": "0",
                            "egress.482069346.protocol": "-1",
                            "egress.482069346.security_groups.#": "0",
                            "egress.482069346.self": "false",
                            "egress.482069346.to_port": "0",
                            "id": "sg-00b56f8ab70a552f6",
                            "ingress.#": "2",
                            "ingress.1463360607.cidr_blocks.#": "1",
                            "ingress.1463360607.cidr_blocks.0": "0.0.0.0/0",
                            "ingress.1463360607.description": "",
                            "ingress.1463360607.from_port": "6443",
                            "ingress.1463360607.ipv6_cidr_blocks.#": "0",
                            "ingress.1463360607.prefix_list_ids.#": "0",
                            "ingress.1463360607.protocol": "tcp",
                            "ingress.1463360607.security_groups.#": "0",
                            "ingress.1463360607.self": "false",
                            "ingress.1463360607.to_port": "6443",
                            "ingress.2617001939.cidr_blocks.#": "1",
                            "ingress.2617001939.cidr_blocks.0": "0.0.0.0/0",
                            "ingress.2617001939.description": "",
                            "ingress.2617001939.from_port": "443",
                            "ingress.2617001939.ipv6_cidr_blocks.#": "0",
                            "ingress.2617001939.prefix_list_ids.#": "0",
                            "ingress.2617001939.protocol": "tcp",
                            "ingress.2617001939.security_groups.#": "0",
                            "ingress.2617001939.self": "false",
                            "ingress.2617001939.to_port": "443",
                            "name": "meetup42_elb-default",
                            "owner_id": "343329120365",
                            "revoke_rules_on_delete": "false",
                            "tags.%": "1",
                            "tags.Name": "meetup42-elb-default-sg",
                            "vpc_id": "vpc-0dc79fcbf4b6a3cc8"
                        },
                        "meta": {
                            "e2bfb730-ecaa-11e6-8f88-34363bc7c4c0": {
                                "create": 600000000000,
                                "delete": 3600000000000
                            },
                            "schema_version": "1"
                        },
                        "tainted": false
                    },
                    "deposed": [],
                    "provider": "provider.aws"
                },
                "aws_subnet.SubnetDTR.0": {
                    "type": "aws_subnet",
                    "depends_on": [
                        "aws_vpc.docker",
                        "data.aws_availability_zones.available"
                    ],
                    "primary": {
                        "id": "subnet-0298025cecc2ecbb9",
                        "attributes": {
                            "arn": "arn:aws:ec2:eu-west-1:343329120365:subnet/subnet-0298025cecc2ecbb9",
                            "assign_ipv6_address_on_creation": "false",
                            "availability_zone": "eu-west-1a",
                            "cidr_block": "172.30.8.0/24",
                            "id": "subnet-0298025cecc2ecbb9",
                            "map_public_ip_on_launch": "true",
                            "tags.%": "1",
                            "tags.Name": "meetup42-SubnetDTR-1",
                            "vpc_id": "vpc-0dc79fcbf4b6a3cc8"
                        },
                        "meta": {
                            "e2bfb730-ecaa-11e6-8f88-34363bc7c4c0": {
                                "create": 600000000000,
                                "delete": 600000000000
                            },
                            "schema_version": "1"
                        },
                        "tainted": false
                    },
                    "deposed": [],
                    "provider": "provider.aws"
                },
                "aws_subnet.SubnetDTR.1": {
                    "type": "aws_subnet",
                    "depends_on": [
                        "aws_vpc.docker",
                        "data.aws_availability_zones.available"
                    ],
                    "primary": {
                        "id": "subnet-05d1499b89a6c2aa6",
                        "attributes": {
                            "arn": "arn:aws:ec2:eu-west-1:343329120365:subnet/subnet-05d1499b89a6c2aa6",
                            "assign_ipv6_address_on_creation": "false",
                            "availability_zone": "eu-west-1b",
                            "cidr_block": "172.30.9.0/24",
                            "id": "subnet-05d1499b89a6c2aa6",
                            "map_public_ip_on_launch": "true",
                            "tags.%": "1",
                            "tags.Name": "meetup42-SubnetDTR-2",
                            "vpc_id": "vpc-0dc79fcbf4b6a3cc8"
                        },
                        "meta": {
                            "e2bfb730-ecaa-11e6-8f88-34363bc7c4c0": {
                                "create": 600000000000,
                                "delete": 600000000000
                            },
                            "schema_version": "1"
                        },
                        "tainted": false
                    },
                    "deposed": [],
                    "provider": "provider.aws"
                },
                "aws_subnet.SubnetDTR.2": {
                    "type": "aws_subnet",
                    "depends_on": [
                        "aws_vpc.docker",
                        "data.aws_availability_zones.available"
                    ],
                    "primary": {
                        "id": "subnet-018d7a90eba47b059",
                        "attributes": {
                            "arn": "arn:aws:ec2:eu-west-1:343329120365:subnet/subnet-018d7a90eba47b059",
                            "assign_ipv6_address_on_creation": "false",
                            "availability_zone": "eu-west-1c",
                            "cidr_block": "172.30.10.0/24",
                            "id": "subnet-018d7a90eba47b059",
                            "map_public_ip_on_launch": "true",
                            "tags.%": "1",
                            "tags.Name": "meetup42-SubnetDTR-3",
                            "vpc_id": "vpc-0dc79fcbf4b6a3cc8"
                        },
                        "meta": {
                            "e2bfb730-ecaa-11e6-8f88-34363bc7c4c0": {
                                "create": 600000000000,
                                "delete": 600000000000
                            },
                            "schema_version": "1"
                        },
                        "tainted": false
                    },
                    "deposed": [],
                    "provider": "provider.aws"
                },
                "aws_subnet.SubnetExternal.0": {
                    "type": "aws_subnet",
                    "depends_on": [
                        "aws_vpc.docker",
                        "data.aws_availability_zones.available"
                    ],
                    "primary": {
                        "id": "subnet-099ce2b3a2f5f2fee",
                        "attributes": {
                            "arn": "arn:aws:ec2:eu-west-1:343329120365:subnet/subnet-099ce2b3a2f5f2fee",
                            "assign_ipv6_address_on_creation": "false",
                            "availability_zone": "eu-west-1a",
                            "cidr_block": "172.30.12.0/24",
                            "id": "subnet-099ce2b3a2f5f2fee",
                            "map_public_ip_on_launch": "true",
                            "tags.%": "1",
                            "tags.Name": "meetup42-SubnetExternal-1",
                            "vpc_id": "vpc-0dc79fcbf4b6a3cc8"
                        },
                        "meta": {
                            "e2bfb730-ecaa-11e6-8f88-34363bc7c4c0": {
                                "create": 600000000000,
                                "delete": 600000000000
                            },
                            "schema_version": "1"
                        },
                        "tainted": false
                    },
                    "deposed": [],
                    "provider": "provider.aws"
                },
                "aws_subnet.SubnetExternal.1": {
                    "type": "aws_subnet",
                    "depends_on": [
                        "aws_vpc.docker",
                        "data.aws_availability_zones.available"
                    ],
                    "primary": {
                        "id": "subnet-005b59838020c4168",
                        "attributes": {
                            "arn": "arn:aws:ec2:eu-west-1:343329120365:subnet/subnet-005b59838020c4168",
                            "assign_ipv6_address_on_creation": "false",
                            "availability_zone": "eu-west-1b",
                            "cidr_block": "172.30.13.0/24",
                            "id": "subnet-005b59838020c4168",
                            "map_public_ip_on_launch": "true",
                            "tags.%": "1",
                            "tags.Name": "meetup42-SubnetExternal-2",
                            "vpc_id": "vpc-0dc79fcbf4b6a3cc8"
                        },
                        "meta": {
                            "e2bfb730-ecaa-11e6-8f88-34363bc7c4c0": {
                                "create": 600000000000,
                                "delete": 600000000000
                            },
                            "schema_version": "1"
                        },
                        "tainted": false
                    },
                    "deposed": [],
                    "provider": "provider.aws"
                },
                "aws_subnet.SubnetExternal.2": {
                    "type": "aws_subnet",
                    "depends_on": [
                        "aws_vpc.docker",
                        "data.aws_availability_zones.available"
                    ],
                    "primary": {
                        "id": "subnet-04e04ba4c0b1231d1",
                        "attributes": {
                            "arn": "arn:aws:ec2:eu-west-1:343329120365:subnet/subnet-04e04ba4c0b1231d1",
                            "assign_ipv6_address_on_creation": "false",
                            "availability_zone": "eu-west-1c",
                            "cidr_block": "172.30.14.0/24",
                            "id": "subnet-04e04ba4c0b1231d1",
                            "map_public_ip_on_launch": "true",
                            "tags.%": "1",
                            "tags.Name": "meetup42-SubnetExternal-3",
                            "vpc_id": "vpc-0dc79fcbf4b6a3cc8"
                        },
                        "meta": {
                            "e2bfb730-ecaa-11e6-8f88-34363bc7c4c0": {
                                "create": 600000000000,
                                "delete": 600000000000
                            },
                            "schema_version": "1"
                        },
                        "tainted": false
                    },
                    "deposed": [],
                    "provider": "provider.aws"
                },
                "aws_subnet.SubnetPUB": {
                    "type": "aws_subnet",
                    "depends_on": [
                        "aws_vpc.docker"
                    ],
                    "primary": {
                        "id": "subnet-0b503666cbf103867",
                        "attributes": {
                            "arn": "arn:aws:ec2:eu-west-1:343329120365:subnet/subnet-0b503666cbf103867",
                            "assign_ipv6_address_on_creation": "false",
                            "availability_zone": "eu-west-1c",
                            "cidr_block": "172.30.16.0/25",
                            "id": "subnet-0b503666cbf103867",
                            "map_public_ip_on_launch": "true",
                            "tags.%": "1",
                            "tags.Name": "meetup42-SubnetPUB",
                            "vpc_id": "vpc-0dc79fcbf4b6a3cc8"
                        },
                        "meta": {
                            "e2bfb730-ecaa-11e6-8f88-34363bc7c4c0": {
                                "create": 600000000000,
                                "delete": 600000000000
                            },
                            "schema_version": "1"
                        },
                        "tainted": false
                    },
                    "deposed": [],
                    "provider": "provider.aws"
                },
                "aws_subnet.SubnetSwarm.0": {
                    "type": "aws_subnet",
                    "depends_on": [
                        "aws_vpc.docker",
                        "data.aws_availability_zones.available"
                    ],
                    "primary": {
                        "id": "subnet-0b7c9a53e704e8d4e",
                        "attributes": {
                            "arn": "arn:aws:ec2:eu-west-1:343329120365:subnet/subnet-0b7c9a53e704e8d4e",
                            "assign_ipv6_address_on_creation": "false",
                            "availability_zone": "eu-west-1a",
                            "cidr_block": "172.30.0.0/24",
                            "id": "subnet-0b7c9a53e704e8d4e",
                            "map_public_ip_on_launch": "true",
                            "tags.%": "1",
                            "tags.Name": "meetup42-SubnetSwarm-1",
                            "vpc_id": "vpc-0dc79fcbf4b6a3cc8"
                        },
                        "meta": {
                            "e2bfb730-ecaa-11e6-8f88-34363bc7c4c0": {
                                "create": 600000000000,
                                "delete": 600000000000
                            },
                            "schema_version": "1"
                        },
                        "tainted": false
                    },
                    "deposed": [],
                    "provider": "provider.aws"
                },
                "aws_subnet.SubnetSwarm.1": {
                    "type": "aws_subnet",
                    "depends_on": [
                        "aws_vpc.docker",
                        "data.aws_availability_zones.available"
                    ],
                    "primary": {
                        "id": "subnet-0911e64c32615199e",
                        "attributes": {
                            "arn": "arn:aws:ec2:eu-west-1:343329120365:subnet/subnet-0911e64c32615199e",
                            "assign_ipv6_address_on_creation": "false",
                            "availability_zone": "eu-west-1b",
                            "cidr_block": "172.30.1.0/24",
                            "id": "subnet-0911e64c32615199e",
                            "map_public_ip_on_launch": "true",
                            "tags.%": "1",
                            "tags.Name": "meetup42-SubnetSwarm-2",
                            "vpc_id": "vpc-0dc79fcbf4b6a3cc8"
                        },
                        "meta": {
                            "e2bfb730-ecaa-11e6-8f88-34363bc7c4c0": {
                                "create": 600000000000,
                                "delete": 600000000000
                            },
                            "schema_version": "1"
                        },
                        "tainted": false
                    },
                    "deposed": [],
                    "provider": "provider.aws"
                },
                "aws_subnet.SubnetSwarm.2": {
                    "type": "aws_subnet",
                    "depends_on": [
                        "aws_vpc.docker",
                        "data.aws_availability_zones.available"
                    ],
                    "primary": {
                        "id": "subnet-03ab0fd995ac5c6ab",
                        "attributes": {
                            "arn": "arn:aws:ec2:eu-west-1:343329120365:subnet/subnet-03ab0fd995ac5c6ab",
                            "assign_ipv6_address_on_creation": "false",
                            "availability_zone": "eu-west-1c",
                            "cidr_block": "172.30.2.0/24",
                            "id": "subnet-03ab0fd995ac5c6ab",
                            "map_public_ip_on_launch": "true",
                            "tags.%": "1",
                            "tags.Name": "meetup42-SubnetSwarm-3",
                            "vpc_id": "vpc-0dc79fcbf4b6a3cc8"
                        },
                        "meta": {
                            "e2bfb730-ecaa-11e6-8f88-34363bc7c4c0": {
                                "create": 600000000000,
                                "delete": 600000000000
                            },
                            "schema_version": "1"
                        },
                        "tainted": false
                    },
                    "deposed": [],
                    "provider": "provider.aws"
                },
                "aws_subnet.SubnetUCP.0": {
                    "type": "aws_subnet",
                    "depends_on": [
                        "aws_vpc.docker",
                        "data.aws_availability_zones.available"
                    ],
                    "primary": {
                        "id": "subnet-01f2ada10f21b8a16",
                        "attributes": {
                            "arn": "arn:aws:ec2:eu-west-1:343329120365:subnet/subnet-01f2ada10f21b8a16",
                            "assign_ipv6_address_on_creation": "false",
                            "availability_zone": "eu-west-1a",
                            "cidr_block": "172.30.4.0/24",
                            "id": "subnet-01f2ada10f21b8a16",
                            "map_public_ip_on_launch": "true",
                            "tags.%": "1",
                            "tags.Name": "meetup42-SubnetUCP-1",
                            "vpc_id": "vpc-0dc79fcbf4b6a3cc8"
                        },
                        "meta": {
                            "e2bfb730-ecaa-11e6-8f88-34363bc7c4c0": {
                                "create": 600000000000,
                                "delete": 600000000000
                            },
                            "schema_version": "1"
                        },
                        "tainted": false
                    },
                    "deposed": [],
                    "provider": "provider.aws"
                },
                "aws_subnet.SubnetUCP.1": {
                    "type": "aws_subnet",
                    "depends_on": [
                        "aws_vpc.docker",
                        "data.aws_availability_zones.available"
                    ],
                    "primary": {
                        "id": "subnet-0de09dfbd1b46cf44",
                        "attributes": {
                            "arn": "arn:aws:ec2:eu-west-1:343329120365:subnet/subnet-0de09dfbd1b46cf44",
                            "assign_ipv6_address_on_creation": "false",
                            "availability_zone": "eu-west-1b",
                            "cidr_block": "172.30.5.0/24",
                            "id": "subnet-0de09dfbd1b46cf44",
                            "map_public_ip_on_launch": "true",
                            "tags.%": "1",
                            "tags.Name": "meetup42-SubnetUCP-2",
                            "vpc_id": "vpc-0dc79fcbf4b6a3cc8"
                        },
                        "meta": {
                            "e2bfb730-ecaa-11e6-8f88-34363bc7c4c0": {
                                "create": 600000000000,
                                "delete": 600000000000
                            },
                            "schema_version": "1"
                        },
                        "tainted": false
                    },
                    "deposed": [],
                    "provider": "provider.aws"
                },
                "aws_subnet.SubnetUCP.2": {
                    "type": "aws_subnet",
                    "depends_on": [
                        "aws_vpc.docker",
                        "data.aws_availability_zones.available"
                    ],
                    "primary": {
                        "id": "subnet-021dfc7bacbc40d27",
                        "attributes": {
                            "arn": "arn:aws:ec2:eu-west-1:343329120365:subnet/subnet-021dfc7bacbc40d27",
                            "assign_ipv6_address_on_creation": "false",
                            "availability_zone": "eu-west-1c",
                            "cidr_block": "172.30.6.0/24",
                            "id": "subnet-021dfc7bacbc40d27",
                            "map_public_ip_on_launch": "true",
                            "tags.%": "1",
                            "tags.Name": "meetup42-SubnetUCP-3",
                            "vpc_id": "vpc-0dc79fcbf4b6a3cc8"
                        },
                        "meta": {
                            "e2bfb730-ecaa-11e6-8f88-34363bc7c4c0": {
                                "create": 600000000000,
                                "delete": 600000000000
                            },
                            "schema_version": "1"
                        },
                        "tainted": false
                    },
                    "deposed": [],
                    "provider": "provider.aws"
                },
                "aws_vpc.docker": {
                    "type": "aws_vpc",
                    "depends_on": [],
                    "primary": {
                        "id": "vpc-0dc79fcbf4b6a3cc8",
                        "attributes": {
                            "arn": "arn:aws:ec2:eu-west-1:343329120365:vpc/vpc-0dc79fcbf4b6a3cc8",
                            "assign_generated_ipv6_cidr_block": "false",
                            "cidr_block": "172.30.0.0/16",
                            "default_network_acl_id": "acl-0ca7f8eecb8a9f9a0",
                            "default_route_table_id": "rtb-09619287cdf34c107",
                            "default_security_group_id": "sg-0a1ee0353724a40bb",
                            "dhcp_options_id": "dopt-cc4ea7a9",
                            "enable_classiclink": "false",
                            "enable_classiclink_dns_support": "false",
                            "enable_dns_hostnames": "true",
                            "enable_dns_support": "true",
                            "id": "vpc-0dc79fcbf4b6a3cc8",
                            "instance_tenancy": "default",
                            "main_route_table_id": "rtb-09619287cdf34c107",
                            "tags.%": "1",
                            "tags.Name": "meetup42-vpc"
                        },
                        "meta": {
                            "schema_version": "1"
                        },
                        "tainted": false
                    },
                    "deposed": [],
                    "provider": "provider.aws"
                },
                "data.aws_availability_zones.available": {
                    "type": "aws_availability_zones",
                    "depends_on": [],
                    "primary": {
                        "id": "2018-10-29 15:01:50.053814 +0000 UTC",
                        "attributes": {
                            "id": "2018-10-29 15:01:50.053814 +0000 UTC",
                            "names.#": "3",
                            "names.0": "eu-west-1a",
                            "names.1": "eu-west-1b",
                            "names.2": "eu-west-1c"
                        },
                        "meta": {},
                        "tainted": false
                    },
                    "deposed": [],
                    "provider": "provider.aws"
                },
                "data.template_file.extra_opts": {
                    "type": "template_file",
                    "depends_on": [
                        "aws_s3_bucket.dtr_storage_bucket",
                        "local.aws_efs_gp",
                        "local.ucp_admin_password",
                        "random_string.aws_stack_id"
                    ],
                    "primary": {
                        "id": "2f268d856a28687b4a42618b626c0c9602deb6c2e7488e78aa4fdd93bb2e2daf",
                        "attributes": {
                            "id": "2f268d856a28687b4a42618b626c0c9602deb6c2e7488e78aa4fdd93bb2e2daf",
                            "rendered": "aws_region=eu-west-1\naws_dtr_storage_bucket=dtr20181029150205312700000001\n\ndocker_ucp_license_path=\ndocker_ucp_admin_password=admin\n\ncloudstor_plugin_options=\"CLOUD_PLATFORM=AWS EFS_ID_REGULAR= EFS_SUPPORTED=0 AWS_STACK_ID=Ch6G8MkXH3UElc6E AWS_REGION=eu-west-1\"\n\ndocker_storage_volume=\"/dev/xvdf\"\n",
                            "template": "aws_region=${region}\naws_dtr_storage_bucket=${dtr_storage_bucket}\n\ndocker_ucp_license_path=${ucp_license_path}\ndocker_ucp_admin_password=${ucp_admin_password}\n\ncloudstor_plugin_options=\"CLOUD_PLATFORM=AWS EFS_ID_REGULAR=${efs_gp} EFS_SUPPORTED=${efs_supported} AWS_STACK_ID=${stack_id} AWS_REGION=${region}\"\n\ndocker_storage_volume=\"/dev/xvdf\"\n",
                            "vars.%": "7",
                            "vars.dtr_storage_bucket": "dtr20181029150205312700000001",
                            "vars.efs_gp": "",
                            "vars.efs_supported": "0",
                            "vars.region": "eu-west-1",
                            "vars.stack_id": "Ch6G8MkXH3UElc6E",
                            "vars.ucp_admin_password": "admin",
                            "vars.ucp_license_path": ""
                        },
                        "meta": {},
                        "tainted": false
                    },
                    "deposed": [],
                    "provider": "provider.template"
                },
                "random_string.aws_stack_id": {
                    "type": "random_string",
                    "depends_on": [],
                    "primary": {
                        "id": "none",
                        "attributes": {
                            "id": "none",
                            "length": "16",
                            "lower": "true",
                            "min_lower": "0",
                            "min_numeric": "0",
                            "min_special": "0",
                            "min_upper": "0",
                            "number": "true",
                            "result": "Ch6G8MkXH3UElc6E",
                            "special": "false",
                            "upper": "true"
                        },
                        "meta": {
                            "schema_version": "1"
                        },
                        "tainted": false
                    },
                    "deposed": [],
                    "provider": "provider.random"
                },
                "random_string.ucp_password": {
                    "type": "random_string",
                    "depends_on": [],
                    "primary": {
                        "id": "none",
                        "attributes": {
                            "id": "none",
                            "keepers.%": "1",
                            "keepers.deployment": "meetup42",
                            "length": "12",
                            "lower": "true",
                            "min_lower": "0",
                            "min_numeric": "0",
                            "min_special": "0",
                            "min_upper": "0",
                            "number": "true",
                            "result": "CeVOOpzsOQI5",
                            "special": "false",
                            "upper": "true"
                        },
                        "meta": {
                            "schema_version": "1"
                        },
                        "tainted": false
                    },
                    "deposed": [],
                    "provider": "provider.random"
                },
                "random_string.windows_password": {
                    "type": "random_string",
                    "depends_on": [],
                    "primary": {
                        "id": "none",
                        "attributes": {
                            "id": "none",
                            "keepers.%": "1",
                            "keepers.deployment": "meetup42",
                            "length": "16",
                            "lower": "true",
                            "min_lower": "0",
                            "min_numeric": "0",
                            "min_special": "0",
                            "min_upper": "0",
                            "number": "true",
                            "result": "UrxBfOoXR4zos3mp",
                            "special": "false",
                            "upper": "true"
                        },
                        "meta": {
                            "schema_version": "1"
                        },
                        "tainted": false
                    },
                    "deposed": [],
                    "provider": "provider.random"
                }
            },
            "depends_on": []
        },
        {
            "path": [
                "root",
                "inventory"
            ],
            "outputs": {
                "hosts_content": {
                    "sensitive": false,
                    "type": "string",
                    "value": "# This hostfile has been generated by terraform.\n\n[linux-ucp-manager-primary]\ni-01876970f7715373f ansible_user=centos ansible_host=172.30.0.83\n\n[linux-ucp-manager-replicas]\n\n\n[linux-dtr-worker-primary]\ni-0b7d918dcdb5d67b5 ansible_user=centos ansible_host=172.30.0.84\n\n[linux-dtr-worker-replicas]\n\n\n[linux-workers]\ni-091303e3b6417ad57 ansible_user=centos ansible_host=172.30.0.156\n\n[windows-workers]\n\n\n[linux-databases]\n\n\n[linux-build-servers]\n\n\n[windows-databases]\n\n\n[windows-build-servers]\n\n\n[all:vars]\ninfra_stack=aws\ndocker_ucp_lb=meetup42-ucp-elb-683820464.eu-west-1.elb.amazonaws.com\ndocker_dtr_lb=meetup42-dtr-elb-717066795.eu-west-1.elb.amazonaws.com\naws_region=eu-west-1\naws_dtr_storage_bucket=dtr20181029150205312700000001\n\ndocker_ucp_license_path=\ndocker_ucp_admin_password=admin\n\ncloudstor_plugin_options=\"CLOUD_PLATFORM=AWS EFS_ID_REGULAR= EFS_SUPPORTED=0 AWS_STACK_ID=Ch6G8MkXH3UElc6E AWS_REGION=eu-west-1\"\n\ndocker_storage_volume=\"/dev/xvdf\"\n\n\n[ucp-load-balancer]\n\n\n[dtr-load-balancer]\n\n"
                },
                "hosts_file": {
                    "sensitive": false,
                    "type": "string",
                    "value": "Ansible hosts file location: ./inventory/1.hosts"
                }
            },
            "resources": {
                "data.template_file.inventory": {
                    "type": "template_file",
                    "depends_on": [
                        "local.linux_dtr_worker_primary_ip",
                        "local.linux_dtr_worker_primary_name",
                        "local.linux_dtr_worker_replica_ips",
                        "local.linux_dtr_worker_replica_names",
                        "local.linux_ucp_manager_primary_ip",
                        "local.linux_ucp_manager_primary_name",
                        "local.linux_ucp_manager_replica_ips",
                        "local.linux_ucp_manager_replica_names",
                        "local.load_balancers"
                    ],
                    "primary": {
                        "id": "a327e8ac195846b01497c896c48d654233ad78b95855a78d0302f8d801b3e6b7",
                        "attributes": {
                            "id": "a327e8ac195846b01497c896c48d654233ad78b95855a78d0302f8d801b3e6b7",
                            "rendered": "# This hostfile has been generated by terraform.\n\n[linux-ucp-manager-primary]\ni-01876970f7715373f ansible_user=centos ansible_host=172.30.0.83\n\n[linux-ucp-manager-replicas]\n\n\n[linux-dtr-worker-primary]\ni-0b7d918dcdb5d67b5 ansible_user=centos ansible_host=172.30.0.84\n\n[linux-dtr-worker-replicas]\n\n\n[linux-workers]\ni-091303e3b6417ad57 ansible_user=centos ansible_host=172.30.0.156\n\n[windows-workers]\n\n\n[linux-databases]\n\n\n[linux-build-servers]\n\n\n[windows-databases]\n\n\n[windows-build-servers]\n\n\n[all:vars]\ninfra_stack=aws\ndocker_ucp_lb=meetup42-ucp-elb-683820464.eu-west-1.elb.amazonaws.com\ndocker_dtr_lb=meetup42-dtr-elb-717066795.eu-west-1.elb.amazonaws.com\naws_region=eu-west-1\naws_dtr_storage_bucket=dtr20181029150205312700000001\n\ndocker_ucp_license_path=\ndocker_ucp_admin_password=admin\n\ncloudstor_plugin_options=\"CLOUD_PLATFORM=AWS EFS_ID_REGULAR= EFS_SUPPORTED=0 AWS_STACK_ID=Ch6G8MkXH3UElc6E AWS_REGION=eu-west-1\"\n\ndocker_storage_volume=\"/dev/xvdf\"\n\n\n[ucp-load-balancer]\n\n\n[dtr-load-balancer]\n\n",
                            "template": "# This hostfile has been generated by terraform.\n\n[linux-ucp-manager-primary]\n${linux_manager_primary}\n\n[linux-ucp-manager-replicas]\n${linux_manager_replicas}\n\n[linux-dtr-worker-primary]\n${linux_dtr_primary}\n\n[linux-dtr-worker-replicas]\n${linux_dtr_replicas}\n\n[linux-workers]\n${linux_workers}\n\n[windows-workers]\n${windows_workers}\n\n[linux-databases]\n${linux_databases}\n\n[linux-build-servers]\n${linux_build}\n\n[windows-databases]\n${windows_databases}\n\n[windows-build-servers]\n${windows_build}\n\n[all:vars]\ninfra_stack=${infra_stack}\n${load_balancers}\n${extra_vars}\n\n[ucp-load-balancer]\n${linux_ucp_lbs}\n\n[dtr-load-balancer]\n${linux_dtr_lbs}\n",
                            "vars.%": "15",
                            "vars.extra_vars": "aws_region=eu-west-1\naws_dtr_storage_bucket=dtr20181029150205312700000001\n\ndocker_ucp_license_path=\ndocker_ucp_admin_password=admin\n\ncloudstor_plugin_options=\"CLOUD_PLATFORM=AWS EFS_ID_REGULAR= EFS_SUPPORTED=0 AWS_STACK_ID=Ch6G8MkXH3UElc6E AWS_REGION=eu-west-1\"\n\ndocker_storage_volume=\"/dev/xvdf\"\n",
                            "vars.infra_stack": "aws",
                            "vars.linux_build": "",
                            "vars.linux_databases": "",
                            "vars.linux_dtr_lbs": "",
                            "vars.linux_dtr_primary": "i-0b7d918dcdb5d67b5 ansible_user=centos ansible_host=172.30.0.84",
                            "vars.linux_dtr_replicas": "",
                            "vars.linux_manager_primary": "i-01876970f7715373f ansible_user=centos ansible_host=172.30.0.83",
                            "vars.linux_manager_replicas": "",
                            "vars.linux_ucp_lbs": "",
                            "vars.linux_workers": "i-091303e3b6417ad57 ansible_user=centos ansible_host=172.30.0.156",
                            "vars.load_balancers": "docker_ucp_lb=meetup42-ucp-elb-683820464.eu-west-1.elb.amazonaws.com\ndocker_dtr_lb=meetup42-dtr-elb-717066795.eu-west-1.elb.amazonaws.com",
                            "vars.windows_build": "",
                            "vars.windows_databases": "",
                            "vars.windows_workers": ""
                        },
                        "meta": {},
                        "tainted": false
                    },
                    "deposed": [],
                    "provider": "module.inventory.provider.template"
                },
                "local_file.ansible_inventory": {
                    "type": "local_file",
                    "depends_on": [
                        "data.template_file.inventory"
                    ],
                    "primary": {
                        "id": "bd25111bf4032f6873c04246c61cd73f073e823d",
                        "attributes": {
                            "content": "# This hostfile has been generated by terraform.\n\n[linux-ucp-manager-primary]\ni-01876970f7715373f ansible_user=centos ansible_host=172.30.0.83\n\n[linux-ucp-manager-replicas]\n\n\n[linux-dtr-worker-primary]\ni-0b7d918dcdb5d67b5 ansible_user=centos ansible_host=172.30.0.84\n\n[linux-dtr-worker-replicas]\n\n\n[linux-workers]\ni-091303e3b6417ad57 ansible_user=centos ansible_host=172.30.0.156\n\n[windows-workers]\n\n\n[linux-databases]\n\n\n[linux-build-servers]\n\n\n[windows-databases]\n\n\n[windows-build-servers]\n\n\n[all:vars]\ninfra_stack=aws\ndocker_ucp_lb=meetup42-ucp-elb-683820464.eu-west-1.elb.amazonaws.com\ndocker_dtr_lb=meetup42-dtr-elb-717066795.eu-west-1.elb.amazonaws.com\naws_region=eu-west-1\naws_dtr_storage_bucket=dtr20181029150205312700000001\n\ndocker_ucp_license_path=\ndocker_ucp_admin_password=admin\n\ncloudstor_plugin_options=\"CLOUD_PLATFORM=AWS EFS_ID_REGULAR= EFS_SUPPORTED=0 AWS_STACK_ID=Ch6G8MkXH3UElc6E AWS_REGION=eu-west-1\"\n\ndocker_storage_volume=\"/dev/xvdf\"\n\n\n[ucp-load-balancer]\n\n\n[dtr-load-balancer]\n\n",
                            "filename": "./inventory/1.hosts",
                            "id": "bd25111bf4032f6873c04246c61cd73f073e823d"
                        },
                        "meta": {},
                        "tainted": false
                    },
                    "deposed": [],
                    "provider": "module.inventory.provider.local"
                }
            },
            "depends_on": []
        }
    ]
}
